
Microsoft Visual Studio Solution File, Format Version 12.00
# Visual Studio Version 17
VisualStudioVersion = 17.1.32210.238
MinimumVisualStudioVersion = 10.0.40219.1
Project("{8BC9CEB8-8B4A-11D0-8D11-00A0C91BC942}") = "Usagi", "Library\Usagi\Usagi.vcxproj", "{F9061C06-BCE6-416B-9AEB-31351810B7BA}"
EndProject
Project("{2150E333-8FDC-42A3-9474-1A3956D46DE8}") = "Usagi Components", "Usagi Components", "{9559A8F8-B193-446D-AB8C-B58EF35F5471}"
EndProject
Project("{2150E333-8FDC-42A3-9474-1A3956D46DE8}") = "Usagi Modules", "Usagi Modules", "{DBE5D443-8D6F-4F18-A8A9-241081973759}"
	ProjectSection(SolutionItems) = preProject
		Library\Usagi\Usagi.natvis = Library\Usagi\Usagi.natvis
	EndProjectSection
EndProject
Project("{2150E333-8FDC-42A3-9474-1A3956D46DE8}") = "Usagi Core", "Usagi Core", "{7A81D063-1E2A-4FCB-99ED-0CEA3A560A18}"
EndProject
Project("{2150E333-8FDC-42A3-9474-1A3956D46DE8}") = "Demo Projects", "Demo Projects", "{AF06B800-9AF4-4394-9AF1-159D9780A1F9}"
EndProject
Project("{2150E333-8FDC-42A3-9474-1A3956D46DE8}") = "Tests", "Tests", "{B72323FA-DADE-40B0-9BE8-37F7469DE8E1}"
EndProject
Project("{2150E333-8FDC-42A3-9474-1A3956D46DE8}") = "Game Projects", "Game Projects", "{035FC5B9-C2D6-4678-A46A-6D60B97E6BE2}"
EndProject
Project("{8BC9CEB8-8B4A-11D0-8D11-00A0C91BC942}") = "DemoEcsFireworks", "Demos\DemoEcsFireworks\DemoEcsFireworks.vcxproj", "{E5156A69-E62C-48B3-BCAF-28C58A8F4D0A}"
EndProject
Project("{2150E333-8FDC-42A3-9474-1A3956D46DE8}") = "Platforms", "Platforms", "{305267B2-9771-491E-9BAF-28199ADC0C0D}"
EndProject
Project("{8BC9CEB8-8B4A-11D0-8D11-00A0C91BC942}") = "WinCommon", "Modules\Usagi\Modules\Platforms\WinCommon\WinCommon.vcxproj", "{CD325DEF-B361-4CC5-87AC-BF51588DBF2D}"
EndProject
Project("{2150E333-8FDC-42A3-9474-1A3956D46DE8}") = "Common", "Common", "{9EC6E5B0-35C0-4893-8596-B6B51F34D86F}"
EndProject
Project("{8BC9CEB8-8B4A-11D0-8D11-00A0C91BC942}") = "Math", "Modules\Usagi\Modules\Common\Math\Math.vcxproj", "{D4E79012-D153-40C0-B62D-FC9B31495442}"
EndProject
Project("{8BC9CEB8-8B4A-11D0-8D11-00A0C91BC942}") = "Time", "Modules\Usagi\Modules\Common\Time\Time.vcxproj", "{61C2C8D3-D6D1-4BEA-B122-43142579BA35}"
EndProject
Project("{2150E333-8FDC-42A3-9474-1A3956D46DE8}") = "IO", "IO", "{89525759-D6EE-4F0D-A057-C3E646B562BD}"
EndProject
Project("{8BC9CEB8-8B4A-11D0-8D11-00A0C91BC942}") = "Win10", "Modules\Usagi\Modules\Platforms\Win10\Win10.vcxproj", "{BA6B6731-DFA8-4DA0-B121-D3D8D584B001}"
EndProject
Project("{8BC9CEB8-8B4A-11D0-8D11-00A0C91BC942}") = "Asset", "Modules\Usagi\Modules\Runtime\Asset\Asset.vcxproj", "{8722E8A6-DDC8-4283-8DFF-45CD15E7DC6F}"
EndProject
Project("{8BC9CEB8-8B4A-11D0-8D11-00A0C91BC942}") = "DemoAssetStreaming", "Demos\DemoAssetStreaming\DemoAssetStreaming.vcxproj", "{6B4C9E13-3C5D-41CD-A662-A784AF79F5EE}"
EndProject
Project("{8BC9CEB8-8B4A-11D0-8D11-00A0C91BC942}") = "DemoDummy", "Demos\DemoDummy\DemoDummy.vcxproj", "{5B167DC3-FF65-41DF-80EE-A560886D7FE0}"
EndProject
Project("{8BC9CEB8-8B4A-11D0-8D11-00A0C91BC942}") = "TestAssetStreaming", "Tests\TestAssetStreaming\TestAssetStreaming.vcxproj", "{3F90F3B3-72A5-49CF-BF0B-07487223F574}"
EndProject
Project("{8BC9CEB8-8B4A-11D0-8D11-00A0C91BC942}") = "Mobius", "Projects\Irregulars\Mobius\Mobius.vcxproj", "{4F03F122-0B6A-4C8A-A912-01EE5641D246}"
EndProject
Project("{8BC9CEB8-8B4A-11D0-8D11-00A0C91BC942}") = "DemoGtaSaMapStreaming", "Demos\DemoGtaSaMapStreaming\DemoGtaSaMapStreaming.vcxproj", "{F7A80961-EAB1-4455-B6F2-6C280549E8EE}"
EndProject
Project("{2150E333-8FDC-42A3-9474-1A3956D46DE8}") = "UI Modules", "UI Modules", "{0F6732F7-0DD8-4286-B90C-88F0EE23F5F7}"
EndProject
Project("{8BC9CEB8-8B4A-11D0-8D11-00A0C91BC942}") = "Transform", "Modules\Usagi\Modules\Common\Transform\Transform.vcxproj", "{10D4CDAE-AF65-443B-9B55-B69DF086B883}"
EndProject
Project("{8BC9CEB8-8B4A-11D0-8D11-00A0C91BC942}") = "FontStash", "Modules\Usagi\Modules\UI\FontStash\FontStash.vcxproj", "{C5FCECEA-F915-4F47-A239-43FA19A10A5F}"
EndProject
Project("{8BC9CEB8-8B4A-11D0-8D11-00A0C91BC942}") = "Config", "Modules\Usagi\Modules\Common\Config\Config.vcxproj", "{12AAD8C0-60D9-4F0B-ADEB-33F22FBF64F6}"
EndProject
Project("{8BC9CEB8-8B4A-11D0-8D11-00A0C91BC942}") = "TestModuleConfig", "Tests\TestModuleConfig\TestModuleConfig.vcxproj", "{5E8BCA7F-B6C0-49C5-BE85-C417CE977DE7}"
EndProject
Project("{8BC9CEB8-8B4A-11D0-8D11-00A0C91BC942}") = "Vulkan", "Modules\Usagi\Modules\Platforms\Vulkan\Vulkan.vcxproj", "{E51EE650-B088-4940-BEE6-108C8A0ED508}"
EndProject
Project("{8BC9CEB8-8B4A-11D0-8D11-00A0C91BC942}") = "Windowing", "Modules\Usagi\Modules\IO\Windowing\Windowing.vcxproj", "{BDF27242-7A3C-4DD2-B7C8-62962C96CA08}"
EndProject
Project("{8BC9CEB8-8B4A-11D0-8D11-00A0C91BC942}") = "DemoTextRendering", "Demos\DemoTextRendering\DemoTextRendering.vcxproj", "{2E17D608-0DD9-431F-8BDE-01A282310DB1}"
EndProject
Project("{8BC9CEB8-8B4A-11D0-8D11-00A0C91BC942}") = "Input", "Modules\Usagi\Modules\IO\Input\Input.vcxproj", "{C87B711A-0036-4D0E-AA0B-501677F198FD}"
EndProject
Project("{8BC9CEB8-8B4A-11D0-8D11-00A0C91BC942}") = "DemoWindowInput", "Demos\DemoWindowInput\DemoWindowInput.vcxproj", "{96949645-B59C-40FA-87B1-3573253DABE9}"
EndProject
Project("{8BC9CEB8-8B4A-11D0-8D11-00A0C91BC942}") = "Logging", "Modules\Usagi\Modules\Common\Logging\Logging.vcxproj", "{E13613A3-B719-4BC5-991A-507402D14C25}"
EndProject
Project("{8BC9CEB8-8B4A-11D0-8D11-00A0C91BC942}") = "ExecutorTaskflow", "Modules\Usagi\Modules\Common\ExecutorTaskflow\ExecutorTaskflow.vcxproj", "{3D4E3561-33CD-4642-90B3-066396B7305B}"
EndProject
Project("{8BC9CEB8-8B4A-11D0-8D11-00A0C91BC942}") = "DemoSudokuSolver", "Demos\DemoSudokuSolver\DemoSudokuSolver.vcxproj", "{2D0CB381-DC92-45DB-B74B-B772EBED5E46}"
EndProject
Project("{2150E333-8FDC-42A3-9474-1A3956D46DE8}") = "Research", "Research", "{7EA0ABB3-1ACC-4A0F-9B0D-C5A883D35A7A}"
EndProject
Project("{8BC9CEB8-8B4A-11D0-8D11-00A0C91BC942}") = "TestCpuPipelineBottleneck", "Projects\Research\TestCpuPipelineBottleneck\TestCpuPipelineBottleneck.vcxproj", "{11F17698-27E6-45A3-97F5-5317ECD2301E}"
EndProject
Project("{8BC9CEB8-8B4A-11D0-8D11-00A0C91BC942}") = "TestExecutor", "Tests\TestExecutor\TestExecutor.vcxproj", "{65BB9A32-5BA4-44D6-9CBF-D06A8FDB3E15}"
EndProject
Project("{8BC9CEB8-8B4A-11D0-8D11-00A0C91BC942}") = "VulkanPerfCounter", "Misc\VulkanPerfCounter\VulkanPerfCounter.vcxproj", "{5F518671-FC41-45A5-8784-109A5684FCFE}"
EndProject
Project("{8BC9CEB8-8B4A-11D0-8D11-00A0C91BC942}") = "LabScheduler", "Projects\Research\LabScheduler\LabScheduler.vcxproj", "{F893AD32-FB9E-4947-8185-752666D3FECB}"
EndProject
Project("{8BC9CEB8-8B4A-11D0-8D11-00A0C91BC942}") = "TestUsagiCore", "Tests\TestUsagiCore\TestUsagiCore.vcxproj", "{5A4A3E6D-D824-44CD-8464-CA8FCB8F52F1}"
EndProject
Project("{8BC9CEB8-8B4A-11D0-8D11-00A0C91BC942}") = "Driver", "Modules\Usagi\Modules\Common\Driver\Driver.vcxproj", "{3248DEB0-CA9F-4E30-9396-E6C64DE14AF2}"
EndProject
Project("{8BC9CEB8-8B4A-11D0-8D11-00A0C91BC942}") = "TestDriver", "Tests\TestDriver\TestDriver.vcxproj", "{348BA8EA-703A-493E-ADBF-B56ED44BF5E3}"
EndProject
Project("{8BC9CEB8-8B4A-11D0-8D11-00A0C91BC942}") = "TestScript", "Tests\TestScript\TestScript.vcxproj", "{B574B8B8-31A2-4BB6-BC53-499FC722E51F}"
EndProject
Project("{8BC9CEB8-8B4A-11D0-8D11-00A0C91BC942}") = "TestLabScheduler", "Projects\Research\TestLabScheduler\TestLabScheduler.vcxproj", "{927E88F9-CD0A-4E86-9313-530F77524F06}"
EndProject
Project("{2150E333-8FDC-42A3-9474-1A3956D46DE8}") = "Tools", "Tools", "{D24C674B-5C1F-4685-9D7F-053D83A2212C}"
EndProject
Project("{8BC9CEB8-8B4A-11D0-8D11-00A0C91BC942}") = "Cw", "Misc\Cw\Cw.vcxproj", "{DD3E3D9D-EADE-46C8-ABFE-4B1D81509300}"
EndProject
Project("{8BC9CEB8-8B4A-11D0-8D11-00A0C91BC942}") = "SchedulingLabShell", "Projects\Research\SchedulingLabShell\SchedulingLabShell.vcxproj", "{5AB62736-5409-4565-8F3B-CFADDFCD1FC1}"
EndProject
Project("{2150E333-8FDC-42A3-9474-1A3956D46DE8}") = "Misc", "Misc", "{6E7F6A13-43FE-4F3A-893C-D4E07BD48C6F}"
EndProject
Project("{8BC9CEB8-8B4A-11D0-8D11-00A0C91BC942}") = "GeneticAlgorithm", "Modules\Usagi\Modules\Misc\GeneticAlgorithm\GeneticAlgorithm.vcxproj", "{D2FED5D0-0DA4-48AC-B990-28AB9CB89A04}"
EndProject
Project("{8BC9CEB8-8B4A-11D0-8D11-00A0C91BC942}") = "ExprSchedulingGurobi", "Projects\Research\ExprSchedulingGurobi\ExprSchedulingGurobi.vcxproj", "{54354AEC-3D49-44F1-8CF5-B53C13718659}"
EndProject
Project("{8BC9CEB8-8B4A-11D0-8D11-00A0C91BC942}") = "ExprSchedulingGurobiEnergy", "Projects\Research\ExprSchedulingGurobiEnergy\ExprSchedulingGurobiEnergy.vcxproj", "{490CAFE0-FA5F-47B8-9A77-6CC2D8FB68F0}"
EndProject
Project("{8BC9CEB8-8B4A-11D0-8D11-00A0C91BC942}") = "ExprInstanceSelector", "Projects\Research\ExprInstanceSelector\ExprInstanceSelector.vcxproj", "{39E2D1AD-6C10-4066-8A74-F9DAEA8566B4}"
EndProject
Project("{8BC9CEB8-8B4A-11D0-8D11-00A0C91BC942}") = "Executive", "Modules\Usagi\Modules\Runtime\Executive\Executive.vcxproj", "{345CDBB7-1EC3-4E1C-AD4F-856A774430F5}"
EndProject
Project("{8BC9CEB8-8B4A-11D0-8D11-00A0C91BC942}") = "Graphics", "Modules\Usagi\Modules\IO\Graphics\Graphics.vcxproj", "{5AE8F2DA-6B3E-4492-A009-112A62B056BE}"
EndProject
Project("{8BC9CEB8-8B4A-11D0-8D11-00A0C91BC942}") = "DemoHelloSwapchain", "Demos\DemoHelloSwapchain\DemoHelloSwapchain.vcxproj", "{0A7202F2-BEC1-4B26-9088-9ADD57C9C5D9}"
EndProject
Project("{8BC9CEB8-8B4A-11D0-8D11-00A0C91BC942}") = "Color", "Modules\Usagi\Modules\Common\Color\Color.vcxproj", "{EB6C6B93-5B69-4056-A2ED-829F0F2FC4DE}"
EndProject
Project("{8BC9CEB8-8B4A-11D0-8D11-00A0C91BC942}") = "VulkanWSIWin32", "Modules\Usagi\Modules\Platforms\VulkanWSIWin32\VulkanWSIWin32.vcxproj", "{834D7749-E81F-4BE5-B397-7BF1C7703502}"
EndProject
Project("{8BC9CEB8-8B4A-11D0-8D11-00A0C91BC942}") = "WindowSystemIntegration", "Modules\Usagi\Modules\IO\WindowSystemIntegration\WindowSystemIntegration.vcxproj", "{07B96122-1EB3-49FA-B509-BC227D280CF8}"
EndProject
Project("{8BC9CEB8-8B4A-11D0-8D11-00A0C91BC942}") = "DemoGraphicsInit", "Demos\DemoGraphicsInit\DemoGraphicsInit.vcxproj", "{08E18B5C-14A4-4D4E-996D-1893279566B5}"
EndProject
Project("{8BC9CEB8-8B4A-11D0-8D11-00A0C91BC942}") = "Scripting", "Modules\Usagi\Modules\Gameplay\Scripting\Scripting.vcxproj", "{91A86BC8-9842-421C-B752-9E70F9C8DA62}"
EndProject
Project("{8BC9CEB8-8B4A-11D0-8D11-00A0C91BC942}") = "DemoScripting", "Demos\DemoScripting\DemoScripting.vcxproj", "{632D0B20-BC2A-4186-9285-A2FE3723B83F}"
EndProject
Project("{8BC9CEB8-8B4A-11D0-8D11-00A0C91BC942}") = "ProgramModule", "Modules\Usagi\Modules\Runtime\ProgramModule\ProgramModule.vcxproj", "{E5B7E645-8062-4B01-AF1C-CF462B608A6B}"
EndProject
Project("{2150E333-8FDC-42A3-9474-1A3956D46DE8}") = "Runtime", "Runtime", "{1A003260-AFBF-43CE-931F-97701E3A8388}"
EndProject
Project("{2150E333-8FDC-42A3-9474-1A3956D46DE8}") = "Gameplay", "Gameplay", "{5862D414-5DF1-4915-860C-436FBEADD642}"
EndProject
Project("{2150E333-8FDC-42A3-9474-1A3956D46DE8}") = "Demo (Not Working)", "Demo (Not Working)", "{D34914DD-EA38-420D-8045-DC55A89BD524}"
EndProject
Project("{2150E333-8FDC-42A3-9474-1A3956D46DE8}") = "Asset Handlers", "Asset Handlers", "{4EF5DA70-711B-4818-A091-4758B214B891}"
EndProject
Project("{8BC9CEB8-8B4A-11D0-8D11-00A0C91BC942}") = "SahProgramModule", "Modules\Usagi\Modules\Assets\SahProgramModule\SahProgramModule.vcxproj", "{10C7F91A-9061-4691-A5DE-C115BCC5CF50}"
EndProject
Project("{8BC9CEB8-8B4A-11D0-8D11-00A0C91BC942}") = "DemoTextureRendering", "Demos\DemoTextureRendering\DemoTextureRendering.vcxproj", "{CCD365B3-AED3-408D-A8CE-F44F8C01889B}"
EndProject
Project("{8BC9CEB8-8B4A-11D0-8D11-00A0C91BC942}") = "SahYaml", "Modules\Usagi\Modules\Assets\SahYaml\SahYaml.vcxproj", "{55DCC671-4E2F-4D26-AB85-A99B8ECC57A1}"
EndProject
Project("{8BC9CEB8-8B4A-11D0-8D11-00A0C91BC942}") = "DemoCascadingConfig", "Demos\DemoCascadingConfig\DemoCascadingConfig.vcxproj", "{94D9D3D5-F304-46C7-BFAC-E469126CBE15}"
EndProject
Project("{8BC9CEB8-8B4A-11D0-8D11-00A0C91BC942}") = "DebugConsoleImGui", "Modules\Usagi\Modules\Dev\DebugConsoleImGui\DebugConsoleImGui.vcxproj", "{6F6A195A-927A-4DC2-82CD-80E3B96A8032}"
EndProject
Project("{2150E333-8FDC-42A3-9474-1A3956D46DE8}") = "Dev Utils", "Dev Utils", "{163B0823-FE63-4699-9D36-DAB8B4D644A7}"
EndProject
Project("{8BC9CEB8-8B4A-11D0-8D11-00A0C91BC942}") = "DevConsoleAsync", "Modules\Usagi\Modules\Dev\DevConsoleAsync\DevConsoleAsync.vcxproj", "{2D4BF581-D024-4941-9E18-BEDFB682DCCF}"
EndProject
Project("{8BC9CEB8-8B4A-11D0-8D11-00A0C91BC942}") = "HeapManager", "Modules\Usagi\Modules\Runtime\HeapManager\HeapManager.vcxproj", "{DD541748-D082-4558-B456-C47F9D893211}"
EndProject
Project("{8BC9CEB8-8B4A-11D0-8D11-00A0C91BC942}") = "TestHeapManager", "Tests\TestHeapManager\TestHeapManager.vcxproj", "{2CBFACB3-F586-4B6A-BEDB-C8C35D0D6E21}"
EndProject
Project("{8BC9CEB8-8B4A-11D0-8D11-00A0C91BC942}") = "DemoHeapManager", "Demos\DemoHeapManager\DemoHeapManager.vcxproj", "{0A8F2012-3B44-4A3B-888B-BA7925821A23}"
EndProject
Project("{2150E333-8FDC-42A3-9474-1A3956D46DE8}") = "Resources", "Resources", "{7D193869-364C-44AB-AB26-00CB91F84E80}"
EndProject
Project("{8BC9CEB8-8B4A-11D0-8D11-00A0C91BC942}") = "ResGraphicsVulkan", "Modules\Usagi\Modules\Resources\ResGraphicsVulkan\ResGraphicsVulkan.vcxproj", "{E975BDF3-7AFD-4DA0-8B3E-ADC22C128BFF}"
EndProject
Project("{8BC9CEB8-8B4A-11D0-8D11-00A0C91BC942}") = "ResGraphicsCommon", "Modules\Usagi\Modules\Resources\ResGraphicsCommon\ResGraphicsCommon.vcxproj", "{5AC75A07-FB79-4059-B9BF-0A159A75151F}"
EndProject
Project("{8BC9CEB8-8B4A-11D0-8D11-00A0C91BC942}") = "TestGraphicsVulkan", "Tests\TestGraphicsVulkan\TestGraphicsVulkan.vcxproj", "{C5F4045C-A539-4859-AA55-114E2F668EEC}"
EndProject
Project("{8BC9CEB8-8B4A-11D0-8D11-00A0C91BC942}") = "ResJson", "Modules\Usagi\Modules\Resources\ResJson\ResJson.vcxproj", "{B77582CC-EC91-413A-B942-38E38CC90E16}"
EndProject
Project("{8BC9CEB8-8B4A-11D0-8D11-00A0C91BC942}") = "TestJson", "Tests\TestJson\TestJson.vcxproj", "{E1F721BE-8F56-4911-A279-09F55CDA8226}"
EndProject
Project("{8BC9CEB8-8B4A-11D0-8D11-00A0C91BC942}") = "ResWindowManager", "Modules\Usagi\Modules\Resources\ResWindowManager\ResWindowManager.vcxproj", "{6DDF3320-CE69-436D-83D4-9848964E1EB5}"
EndProject
Project("{8BC9CEB8-8B4A-11D0-8D11-00A0C91BC942}") = "TestWindowing", "Tests\TestWindowing\TestWindowing.vcxproj", "{59105DFD-62C2-49BC-A56B-EC916DFA2A06}"
EndProject
Project("{2150E333-8FDC-42A3-9474-1A3956D46DE8}") = "Targets", "Targets", "{AC9850CF-6153-48B0-A82C-73870CD16ACF}"
EndProject
Project("{8BC9CEB8-8B4A-11D0-8D11-00A0C91BC942}") = "DefaultWin32", "Targets\DefaultWin32\DefaultWin32.vcxproj", "{1A68CE6A-424D-45CB-B459-4D4783563304}"
EndProject
Project("{8BC9CEB8-8B4A-11D0-8D11-00A0C91BC942}") = "DefaultWin32Graphical", "Targets\DefaultWin32Graphical\DefaultWin32Graphical.vcxproj", "{48131C88-22A2-471C-B168-A1CD145AC2EC}"
EndProject
Project("{8BC9CEB8-8B4A-11D0-8D11-00A0C91BC942}") = "DefaultPlatform", "Targets\DefaultPlatform\DefaultPlatform.vcxproj", "{E989BBFC-A4CD-4F94-B15B-EC7B05F80E3F}"
EndProject
Project("{8BC9CEB8-8B4A-11D0-8D11-00A0C91BC942}") = "DefaultGraphical", "Targets\DefaultGraphical\DefaultGraphical.vcxproj", "{37CD9B70-E220-4BCC-AEAC-A5BE994A7B6B}"
EndProject
Project("{8BC9CEB8-8B4A-11D0-8D11-00A0C91BC942}") = "VulkanWSIDefault", "Modules\Usagi\Modules\Platforms\VulkanWSIDefault\VulkanWSIDefault.vcxproj", "{45CEEA35-4C4D-4A76-9845-95028B39A128}"
EndProject
Project("{2150E333-8FDC-42A3-9474-1A3956D46DE8}") = "Graphics", "Graphics", "{DDFE7AB4-93BC-4B92-9024-3AD54AF0E598}"
EndProject
Project("{2150E333-8FDC-42A3-9474-1A3956D46DE8}") = "Vulkan", "Vulkan", "{35BE9336-3A95-4C42-8DB0-4C174352ED54}"
EndProject
Project("{2150E333-8FDC-42A3-9474-1A3956D46DE8}") = "Kernels", "Kernels", "{848C9162-5E35-4C84-8D3C-A7DEFB982E8D}"
EndProject
Project("{2150E333-8FDC-42A3-9474-1A3956D46DE8}") = "Windows", "Windows", "{81396D17-B129-4814-8BF9-1333FF89A651}"
EndProject
Project("{8BC9CEB8-8B4A-11D0-8D11-00A0C91BC942}") = "PlatformIndependent", "Targets\PlatformIndependent\PlatformIndependent.vcxproj", "{93D5C590-A63B-4C06-B328-AB9A98A229DA}"
EndProject
Project("{8BC9CEB8-8B4A-11D0-8D11-00A0C91BC942}") = "DefaultTest", "Targets\DefaultTest\DefaultTest.vcxproj", "{9CFB17F8-CC29-4E3B-8AB6-45DDFF2D1A81}"
EndProject
Project("{8BC9CEB8-8B4A-11D0-8D11-00A0C91BC942}") = "ResVulkanWSI", "Modules\Usagi\Modules\Resources\ResVulkanWSI\ResVulkanWSI.vcxproj", "{720C23E6-A4DB-471C-8F05-D15BDEFB9A81}"
EndProject
Project("{8BC9CEB8-8B4A-11D0-8D11-00A0C91BC942}") = "ResCommonImages", "Modules\Usagi\Modules\Resources\ResCommonImages\ResCommonImages.vcxproj", "{3A3DA748-E7BF-4EA8-B596-A103062A9EC3}"
EndProject
Project("{2150E333-8FDC-42A3-9474-1A3956D46DE8}") = "Content", "Content", "{EFDB1A7F-8A60-4B64-A046-018832A76522}"
EndProject
Project("{8BC9CEB8-8B4A-11D0-8D11-00A0C91BC942}") = "Texture", "Modules\Usagi\Modules\Content\Texture\Texture.vcxproj", "{BFA94277-1B93-480A-B67A-1C84AF619497}"
EndProject
Project("{8BC9CEB8-8B4A-11D0-8D11-00A0C91BC942}") = "ResScratchBuffer", "Modules\Usagi\Modules\Resources\ResScratchBuffer\ResScratchBuffer.vcxproj", "{F325946A-F411-4311-A1FC-6A4E1582B873}"
EndProject
Project("{8BC9CEB8-8B4A-11D0-8D11-00A0C91BC942}") = "TestCommonImages", "Tests\TestCommonImages\TestCommonImages.vcxproj", "{D784C455-E686-4979-A78A-1CD5EB77A1A1}"
EndProject
Project("{8BC9CEB8-8B4A-11D0-8D11-00A0C91BC942}") = "ChessboardTracker", "Projects\ChessboardTracker\ChessboardTracker.vcxproj", "{ADA8F78C-27EA-44A7-9542-94CC73174F8A}"
EndProject
Project("{2150E333-8FDC-42A3-9474-1A3956D46DE8}") = "Algorithms", "Algorithms", "{7568C1EA-98BF-498E-9A56-663469DBDB03}"
EndProject
Project("{2150E333-8FDC-42A3-9474-1A3956D46DE8}") = "Optimization", "Optimization", "{0D30B3EB-77D1-46C8-8CC8-FE31BA87BCA3}"
EndProject
Project("{8BC9CEB8-8B4A-11D0-8D11-00A0C91BC942}") = "Evolutionary", "Modules\Usagi\Modules\Algorithms\Optimization\Evolutionary\Evolutionary.vcxproj", "{D1BA161D-FF04-4ADC-B3A6-F8040AFF04A8}"
EndProject
Project("{8BC9CEB8-8B4A-11D0-8D11-00A0C91BC942}") = "TestEvolutionaryAlgorithms", "Tests\TestEvolutionaryAlgorithms\TestEvolutionaryAlgorithms.vcxproj", "{EAB868BD-19CD-45BE-9F0B-7B73772B1C72}"
EndProject
Project("{2150E333-8FDC-42A3-9474-1A3956D46DE8}") = "Statistics", "Statistics", "{DD302774-DE86-454A-A993-E93CDC80C43E}"
EndProject
Project("{8BC9CEB8-8B4A-11D0-8D11-00A0C91BC942}") = "Sampling", "Modules\Usagi\Modules\Algorithms\Statistics\Sampling\Sampling.vcxproj", "{E235B83C-6BF9-42A3-91EE-C0F5E48FC8CB}"
EndProject
Project("{8BC9CEB8-8B4A-11D0-8D11-00A0C91BC942}") = "Indexing", "Modules\Usagi\Modules\Common\Indexing\Indexing.vcxproj", "{6EE7DDD4-01BF-47F8-8EAB-97A5AF53C65A}"
EndProject
Project("{8BC9CEB8-8B4A-11D0-8D11-00A0C91BC942}") = "TestEntityIndexing", "Tests\TestEntityIndexing\TestEntityIndexing.vcxproj", "{5017C566-F20C-4CC9-B4B5-160E951DAE5E}"
EndProject
Project("{8BC9CEB8-8B4A-11D0-8D11-00A0C91BC942}") = "Functional", "Modules\Usagi\Modules\Common\Functional\Functional.vcxproj", "{7F66387B-3DC4-419B-905B-E7E71F17F289}"
EndProject
Project("{8BC9CEB8-8B4A-11D0-8D11-00A0C91BC942}") = "TestFunctional", "Tests\TestFunctional\TestFunctional.vcxproj", "{450332EC-8439-4C23-8571-954CC67990AB}"
EndProject
Project("{8BC9CEB8-8B4A-11D0-8D11-00A0C91BC942}") = "TestSampling", "Tests\TestSampling\TestSampling.vcxproj", "{20724B0A-A16E-4859-B090-52E3263A58F6}"
EndProject
Project("{8BC9CEB8-8B4A-11D0-8D11-00A0C91BC942}") = "TestECSCommon", "Tests\TestECSCommon\TestECSCommon.vcxproj", "{352A83DC-42AC-4F60-B2AA-DDF94B933CFC}"
EndProject
Project("{8BC9CEB8-8B4A-11D0-8D11-00A0C91BC942}") = "KeyValueStorage", "Modules\Usagi\Modules\Runtime\KeyValueStorage\KeyValueStorage.vcxproj", "{CDA3D414-F300-4761-B4EA-606C93278210}"
EndProject
Project("{8BC9CEB8-8B4A-11D0-8D11-00A0C91BC942}") = "RandomNumbers", "Modules\Usagi\Modules\Algorithms\Statistics\RandomNumbers\RandomNumbers.vcxproj", "{63E2B274-C5D2-4A25-A488-F0571A127D9B}"
EndProject
Project("{8BC9CEB8-8B4A-11D0-8D11-00A0C91BC942}") = "DynamicWorkload", "Modules\Usagi\Modules\Runtime\DynamicWorkload\DynamicWorkload.vcxproj", "{564E4377-AF8F-40AF-BCEC-3F552993928F}"
EndProject
Project("{2150E333-8FDC-42A3-9474-1A3956D46DE8}") = "Database", "Database", "{DC0A1635-6F1A-4CBE-89D4-797F471ABBD3}"
EndProject
Project("{8BC9CEB8-8B4A-11D0-8D11-00A0C91BC942}") = "Migration", "Modules\Usagi\Modules\Database\Migration\Migration.vcxproj", "{67FAD02A-9CE9-4628-92A1-61D3A4C06528}"
EndProject
Project("{8BC9CEB8-8B4A-11D0-8D11-00A0C91BC942}") = "SchedulingWorkload", "Projects\Research\SchedulingWorkload\SchedulingWorkload.vcxproj", "{38C64BB5-EC50-48A7-9008-2323702F7786}"
EndProject
Project("{8BC9CEB8-8B4A-11D0-8D11-00A0C91BC942}") = "Scheduling", "Modules\Usagi\Modules\Algorithms\Optimization\Scheduling\Scheduling.vcxproj", "{F695C6AE-EBF6-4034-8BFB-99036696C974}"
EndProject
Project("{8BC9CEB8-8B4A-11D0-8D11-00A0C91BC942}") = "SchedulerGenetic", "Projects\Research\SchedulerGenetic\SchedulerGenetic.vcxproj", "{A8ED4AC3-0961-48E7-A5D4-A3533FD8519D}"
EndProject
Project("{8BC9CEB8-8B4A-11D0-8D11-00A0C91BC942}") = "TestScheduling", "Tests\TestScheduling\TestScheduling.vcxproj", "{1B91F218-5303-4041-A4AB-5AB20879B165}"
EndProject
Project("{8BC9CEB8-8B4A-11D0-8D11-00A0C91BC942}") = "SchedulerLab", "Projects\Research\SchedulerLab\SchedulerLab.vcxproj", "{BACA0A06-7D6D-44BB-BDFC-6F044E1A3E4A}"
EndProject
Project("{8BC9CEB8-8B4A-11D0-8D11-00A0C91BC942}") = "ResTaskGraphs", "Modules\Usagi\Modules\Resources\ResTaskGraphs\ResTaskGraphs.vcxproj", "{0F771C8B-246E-45FB-8678-5D8035D2478A}"
EndProject
Project("{8BC9CEB8-8B4A-11D0-8D11-00A0C91BC942}") = "TestRuntimeKeyValueStorage", "Tests\TestRuntimeKeyValueStorage\TestRuntimeKeyValueStorage.vcxproj", "{888ED81E-AE91-4EAC-9D57-AFDD84FEB772}"
EndProject
Project("{8BC9CEB8-8B4A-11D0-8D11-00A0C91BC942}") = "EvolutionaryScheduling", "Modules\Usagi\Modules\Algorithms\Optimization\EvolutionaryScheduling\EvolutionaryScheduling.vcxproj", "{655BFD7E-1CC0-4591-B70B-A713E01BDAA5}"
EndProject
Project("{8BC9CEB8-8B4A-11D0-8D11-00A0C91BC942}") = "DemoPathTracer", "Demos\DemoPathTracer\DemoPathTracer.vcxproj", "{540A764D-69FB-47E5-8F35-B0E30A2BC78E}"
EndProject
Project("{8BC9CEB8-8B4A-11D0-8D11-00A0C91BC942}") = "ExprEvolutionaryScheduling", "Projects\Research\ExprEvolutionaryScheduling\ExprEvolutionaryScheduling.vcxproj", "{5D722EDD-0097-412E-A8F4-05A6FE714DE9}"
EndProject
Project("{2150E333-8FDC-42A3-9474-1A3956D46DE8}") = "Schedulers", "Schedulers", "{6A7D04F4-C884-4CE6-8224-7388EB1A0B33}"
EndProject
Project("{8BC9CEB8-8B4A-11D0-8D11-00A0C91BC942}") = "CoreAffinityScheduler", "Modules\Usagi\Modules\Runtime\Schedulers\CoreAffinityScheduler\CoreAffinityScheduler.vcxproj", "{B4C6651A-1341-45D2-9A4F-E24A1F6CF207}"
EndProject
Project("{2150E333-8FDC-42A3-9474-1A3956D46DE8}") = "Projects", "Projects", "{3755F0A6-4AD1-4193-8E1C-F2D077FA55B9}"
EndProject
Project("{2150E333-8FDC-42A3-9474-1A3956D46DE8}") = "Tools", "Tools", "{634B64AA-79D7-4F5D-8E6C-BD9B69B80DD0}"
EndProject
Project("{2150E333-8FDC-42A3-9474-1A3956D46DE8}") = "System", "System", "{5691B541-74B7-4AA2-99FD-A7D1EB4B7AE6}"
EndProject
Project("{2150E333-8FDC-42A3-9474-1A3956D46DE8}") = "Propagation", "Propagation", "{296F5196-985F-4957-B591-8648AB734052}"
EndProject
Project("{8BC9CEB8-8B4A-11D0-8D11-00A0C91BC942}") = "AlgoValuePropagation", "Modules\Usagi\Modules\Algorithms\Algorithms\AlgoValuePropagation\AlgoValuePropagation.vcxproj", "{557782B0-431D-42A4-9EA1-C0C0EBB25C78}"
EndProject
Project("{8BC9CEB8-8B4A-11D0-8D11-00A0C91BC942}") = "DemoImGui", "Demos\DemoImGui\DemoImGui.vcxproj", "{B667D2A2-37E0-4662-BE20-9876158555CD}"
EndProject
Project("{2150E333-8FDC-42A3-9474-1A3956D46DE8}") = "Themes", "Themes", "{02EA681E-C7D8-13C7-8484-4AC65E1B71E8}"
EndProject
Project("{FAE04EC0-301F-11D3-BF4B-00C04F79EFBC}") = "UsagiLight", "Themes\UsagiLight\UsagiLight.csproj", "{7EB9E719-4774-4867-92BA-D4B25D1BDE57}"
EndProject
Global
	GlobalSection(SolutionConfigurationPlatforms) = preSolution
		Debug|Any CPU = Debug|Any CPU
		Debug|x86 = Debug|x86
		Release|Any CPU = Release|Any CPU
		Release|x86 = Release|x86
	EndGlobalSection
	GlobalSection(ProjectConfigurationPlatforms) = postSolution
		{F9061C06-BCE6-416B-9AEB-31351810B7BA}.Debug|Any CPU.ActiveCfg = Debug|x64
		{F9061C06-BCE6-416B-9AEB-31351810B7BA}.Debug|Any CPU.Build.0 = Debug|x64
		{F9061C06-BCE6-416B-9AEB-31351810B7BA}.Debug|x86.ActiveCfg = Debug|x64
		{F9061C06-BCE6-416B-9AEB-31351810B7BA}.Debug|x86.Build.0 = Debug|x64
		{F9061C06-BCE6-416B-9AEB-31351810B7BA}.Release|Any CPU.ActiveCfg = Release|x64
		{F9061C06-BCE6-416B-9AEB-31351810B7BA}.Release|Any CPU.Build.0 = Release|x64
		{F9061C06-BCE6-416B-9AEB-31351810B7BA}.Release|x86.ActiveCfg = Release|x64
		{F9061C06-BCE6-416B-9AEB-31351810B7BA}.Release|x86.Build.0 = Release|x64
		{E5156A69-E62C-48B3-BCAF-28C58A8F4D0A}.Debug|Any CPU.ActiveCfg = Debug|x64
		{E5156A69-E62C-48B3-BCAF-28C58A8F4D0A}.Debug|Any CPU.Build.0 = Debug|x64
		{E5156A69-E62C-48B3-BCAF-28C58A8F4D0A}.Debug|x86.ActiveCfg = Debug|x64
		{E5156A69-E62C-48B3-BCAF-28C58A8F4D0A}.Debug|x86.Build.0 = Debug|x64
		{E5156A69-E62C-48B3-BCAF-28C58A8F4D0A}.Release|Any CPU.ActiveCfg = Release|x64
		{E5156A69-E62C-48B3-BCAF-28C58A8F4D0A}.Release|Any CPU.Build.0 = Release|x64
		{E5156A69-E62C-48B3-BCAF-28C58A8F4D0A}.Release|x86.ActiveCfg = Release|x64
		{E5156A69-E62C-48B3-BCAF-28C58A8F4D0A}.Release|x86.Build.0 = Release|x64
		{CD325DEF-B361-4CC5-87AC-BF51588DBF2D}.Debug|Any CPU.ActiveCfg = Debug|x64
		{CD325DEF-B361-4CC5-87AC-BF51588DBF2D}.Debug|Any CPU.Build.0 = Debug|x64
		{CD325DEF-B361-4CC5-87AC-BF51588DBF2D}.Debug|x86.ActiveCfg = Debug|x64
		{CD325DEF-B361-4CC5-87AC-BF51588DBF2D}.Debug|x86.Build.0 = Debug|x64
		{CD325DEF-B361-4CC5-87AC-BF51588DBF2D}.Release|Any CPU.ActiveCfg = Release|x64
		{CD325DEF-B361-4CC5-87AC-BF51588DBF2D}.Release|Any CPU.Build.0 = Release|x64
		{CD325DEF-B361-4CC5-87AC-BF51588DBF2D}.Release|x86.ActiveCfg = Release|x64
		{CD325DEF-B361-4CC5-87AC-BF51588DBF2D}.Release|x86.Build.0 = Release|x64
		{D4E79012-D153-40C0-B62D-FC9B31495442}.Debug|Any CPU.ActiveCfg = Debug|x64
		{D4E79012-D153-40C0-B62D-FC9B31495442}.Debug|Any CPU.Build.0 = Debug|x64
		{D4E79012-D153-40C0-B62D-FC9B31495442}.Debug|x86.ActiveCfg = Debug|x64
		{D4E79012-D153-40C0-B62D-FC9B31495442}.Debug|x86.Build.0 = Debug|x64
		{D4E79012-D153-40C0-B62D-FC9B31495442}.Release|Any CPU.ActiveCfg = Release|x64
		{D4E79012-D153-40C0-B62D-FC9B31495442}.Release|Any CPU.Build.0 = Release|x64
		{D4E79012-D153-40C0-B62D-FC9B31495442}.Release|x86.ActiveCfg = Release|x64
		{D4E79012-D153-40C0-B62D-FC9B31495442}.Release|x86.Build.0 = Release|x64
		{61C2C8D3-D6D1-4BEA-B122-43142579BA35}.Debug|Any CPU.ActiveCfg = Debug|x64
		{61C2C8D3-D6D1-4BEA-B122-43142579BA35}.Debug|Any CPU.Build.0 = Debug|x64
		{61C2C8D3-D6D1-4BEA-B122-43142579BA35}.Debug|x86.ActiveCfg = Debug|x64
		{61C2C8D3-D6D1-4BEA-B122-43142579BA35}.Debug|x86.Build.0 = Debug|x64
		{61C2C8D3-D6D1-4BEA-B122-43142579BA35}.Release|Any CPU.ActiveCfg = Release|x64
		{61C2C8D3-D6D1-4BEA-B122-43142579BA35}.Release|Any CPU.Build.0 = Release|x64
		{61C2C8D3-D6D1-4BEA-B122-43142579BA35}.Release|x86.ActiveCfg = Release|x64
		{61C2C8D3-D6D1-4BEA-B122-43142579BA35}.Release|x86.Build.0 = Release|x64
		{BA6B6731-DFA8-4DA0-B121-D3D8D584B001}.Debug|Any CPU.ActiveCfg = Debug|x64
		{BA6B6731-DFA8-4DA0-B121-D3D8D584B001}.Debug|Any CPU.Build.0 = Debug|x64
		{BA6B6731-DFA8-4DA0-B121-D3D8D584B001}.Debug|x86.ActiveCfg = Debug|x64
		{BA6B6731-DFA8-4DA0-B121-D3D8D584B001}.Debug|x86.Build.0 = Debug|x64
		{BA6B6731-DFA8-4DA0-B121-D3D8D584B001}.Release|Any CPU.ActiveCfg = Release|x64
		{BA6B6731-DFA8-4DA0-B121-D3D8D584B001}.Release|Any CPU.Build.0 = Release|x64
		{BA6B6731-DFA8-4DA0-B121-D3D8D584B001}.Release|x86.ActiveCfg = Release|x64
		{BA6B6731-DFA8-4DA0-B121-D3D8D584B001}.Release|x86.Build.0 = Release|x64
		{8722E8A6-DDC8-4283-8DFF-45CD15E7DC6F}.Debug|Any CPU.ActiveCfg = Debug|x64
		{8722E8A6-DDC8-4283-8DFF-45CD15E7DC6F}.Debug|Any CPU.Build.0 = Debug|x64
		{8722E8A6-DDC8-4283-8DFF-45CD15E7DC6F}.Debug|x86.ActiveCfg = Debug|x64
		{8722E8A6-DDC8-4283-8DFF-45CD15E7DC6F}.Debug|x86.Build.0 = Debug|x64
		{8722E8A6-DDC8-4283-8DFF-45CD15E7DC6F}.Release|Any CPU.ActiveCfg = Release|x64
		{8722E8A6-DDC8-4283-8DFF-45CD15E7DC6F}.Release|Any CPU.Build.0 = Release|x64
		{8722E8A6-DDC8-4283-8DFF-45CD15E7DC6F}.Release|x86.ActiveCfg = Release|x64
		{8722E8A6-DDC8-4283-8DFF-45CD15E7DC6F}.Release|x86.Build.0 = Release|x64
		{6B4C9E13-3C5D-41CD-A662-A784AF79F5EE}.Debug|Any CPU.ActiveCfg = Debug|x64
		{6B4C9E13-3C5D-41CD-A662-A784AF79F5EE}.Debug|Any CPU.Build.0 = Debug|x64
		{6B4C9E13-3C5D-41CD-A662-A784AF79F5EE}.Debug|x86.ActiveCfg = Debug|x64
		{6B4C9E13-3C5D-41CD-A662-A784AF79F5EE}.Debug|x86.Build.0 = Debug|x64
		{6B4C9E13-3C5D-41CD-A662-A784AF79F5EE}.Release|Any CPU.ActiveCfg = Release|x64
		{6B4C9E13-3C5D-41CD-A662-A784AF79F5EE}.Release|Any CPU.Build.0 = Release|x64
		{6B4C9E13-3C5D-41CD-A662-A784AF79F5EE}.Release|x86.ActiveCfg = Release|x64
		{6B4C9E13-3C5D-41CD-A662-A784AF79F5EE}.Release|x86.Build.0 = Release|x64
		{5B167DC3-FF65-41DF-80EE-A560886D7FE0}.Debug|Any CPU.ActiveCfg = Debug|x64
		{5B167DC3-FF65-41DF-80EE-A560886D7FE0}.Debug|Any CPU.Build.0 = Debug|x64
		{5B167DC3-FF65-41DF-80EE-A560886D7FE0}.Debug|x86.ActiveCfg = Debug|x64
		{5B167DC3-FF65-41DF-80EE-A560886D7FE0}.Debug|x86.Build.0 = Debug|x64
		{5B167DC3-FF65-41DF-80EE-A560886D7FE0}.Release|Any CPU.ActiveCfg = Release|x64
		{5B167DC3-FF65-41DF-80EE-A560886D7FE0}.Release|Any CPU.Build.0 = Release|x64
		{5B167DC3-FF65-41DF-80EE-A560886D7FE0}.Release|x86.ActiveCfg = Release|x64
		{5B167DC3-FF65-41DF-80EE-A560886D7FE0}.Release|x86.Build.0 = Release|x64
		{3F90F3B3-72A5-49CF-BF0B-07487223F574}.Debug|Any CPU.ActiveCfg = Debug|x64
		{3F90F3B3-72A5-49CF-BF0B-07487223F574}.Debug|Any CPU.Build.0 = Debug|x64
		{3F90F3B3-72A5-49CF-BF0B-07487223F574}.Debug|x86.ActiveCfg = Debug|x64
		{3F90F3B3-72A5-49CF-BF0B-07487223F574}.Debug|x86.Build.0 = Debug|x64
		{3F90F3B3-72A5-49CF-BF0B-07487223F574}.Release|Any CPU.ActiveCfg = Release|x64
		{3F90F3B3-72A5-49CF-BF0B-07487223F574}.Release|Any CPU.Build.0 = Release|x64
		{3F90F3B3-72A5-49CF-BF0B-07487223F574}.Release|x86.ActiveCfg = Release|x64
		{3F90F3B3-72A5-49CF-BF0B-07487223F574}.Release|x86.Build.0 = Release|x64
		{4F03F122-0B6A-4C8A-A912-01EE5641D246}.Debug|Any CPU.ActiveCfg = Debug|x64
		{4F03F122-0B6A-4C8A-A912-01EE5641D246}.Debug|Any CPU.Build.0 = Debug|x64
		{4F03F122-0B6A-4C8A-A912-01EE5641D246}.Debug|x86.ActiveCfg = Debug|x64
		{4F03F122-0B6A-4C8A-A912-01EE5641D246}.Debug|x86.Build.0 = Debug|x64
		{4F03F122-0B6A-4C8A-A912-01EE5641D246}.Release|Any CPU.ActiveCfg = Release|x64
		{4F03F122-0B6A-4C8A-A912-01EE5641D246}.Release|Any CPU.Build.0 = Release|x64
		{4F03F122-0B6A-4C8A-A912-01EE5641D246}.Release|x86.ActiveCfg = Release|x64
		{4F03F122-0B6A-4C8A-A912-01EE5641D246}.Release|x86.Build.0 = Release|x64
		{F7A80961-EAB1-4455-B6F2-6C280549E8EE}.Debug|Any CPU.ActiveCfg = Debug|x64
		{F7A80961-EAB1-4455-B6F2-6C280549E8EE}.Debug|x86.ActiveCfg = Debug|x64
		{F7A80961-EAB1-4455-B6F2-6C280549E8EE}.Release|Any CPU.ActiveCfg = Release|x64
		{F7A80961-EAB1-4455-B6F2-6C280549E8EE}.Release|x86.ActiveCfg = Release|x64
		{10D4CDAE-AF65-443B-9B55-B69DF086B883}.Debug|Any CPU.ActiveCfg = Debug|x64
		{10D4CDAE-AF65-443B-9B55-B69DF086B883}.Debug|Any CPU.Build.0 = Debug|x64
		{10D4CDAE-AF65-443B-9B55-B69DF086B883}.Debug|x86.ActiveCfg = Debug|x64
		{10D4CDAE-AF65-443B-9B55-B69DF086B883}.Debug|x86.Build.0 = Debug|x64
		{10D4CDAE-AF65-443B-9B55-B69DF086B883}.Release|Any CPU.ActiveCfg = Release|x64
		{10D4CDAE-AF65-443B-9B55-B69DF086B883}.Release|Any CPU.Build.0 = Release|x64
		{10D4CDAE-AF65-443B-9B55-B69DF086B883}.Release|x86.ActiveCfg = Release|x64
		{10D4CDAE-AF65-443B-9B55-B69DF086B883}.Release|x86.Build.0 = Release|x64
		{C5FCECEA-F915-4F47-A239-43FA19A10A5F}.Debug|Any CPU.ActiveCfg = Debug|x64
		{C5FCECEA-F915-4F47-A239-43FA19A10A5F}.Debug|x86.ActiveCfg = Debug|x64
		{C5FCECEA-F915-4F47-A239-43FA19A10A5F}.Release|Any CPU.ActiveCfg = Release|x64
		{C5FCECEA-F915-4F47-A239-43FA19A10A5F}.Release|x86.ActiveCfg = Release|x64
		{12AAD8C0-60D9-4F0B-ADEB-33F22FBF64F6}.Debug|Any CPU.ActiveCfg = Debug|x64
		{12AAD8C0-60D9-4F0B-ADEB-33F22FBF64F6}.Debug|x86.ActiveCfg = Debug|x64
		{12AAD8C0-60D9-4F0B-ADEB-33F22FBF64F6}.Release|Any CPU.ActiveCfg = Release|x64
		{12AAD8C0-60D9-4F0B-ADEB-33F22FBF64F6}.Release|x86.ActiveCfg = Release|x64
		{5E8BCA7F-B6C0-49C5-BE85-C417CE977DE7}.Debug|Any CPU.ActiveCfg = Debug|x64
		{5E8BCA7F-B6C0-49C5-BE85-C417CE977DE7}.Debug|Any CPU.Build.0 = Debug|x64
		{5E8BCA7F-B6C0-49C5-BE85-C417CE977DE7}.Debug|x86.ActiveCfg = Debug|x64
		{5E8BCA7F-B6C0-49C5-BE85-C417CE977DE7}.Debug|x86.Build.0 = Debug|x64
		{5E8BCA7F-B6C0-49C5-BE85-C417CE977DE7}.Release|Any CPU.ActiveCfg = Release|x64
		{5E8BCA7F-B6C0-49C5-BE85-C417CE977DE7}.Release|Any CPU.Build.0 = Release|x64
		{5E8BCA7F-B6C0-49C5-BE85-C417CE977DE7}.Release|x86.ActiveCfg = Release|x64
		{5E8BCA7F-B6C0-49C5-BE85-C417CE977DE7}.Release|x86.Build.0 = Release|x64
		{E51EE650-B088-4940-BEE6-108C8A0ED508}.Debug|Any CPU.ActiveCfg = Debug|x64
		{E51EE650-B088-4940-BEE6-108C8A0ED508}.Debug|Any CPU.Build.0 = Debug|x64
		{E51EE650-B088-4940-BEE6-108C8A0ED508}.Debug|x86.ActiveCfg = Debug|x64
		{E51EE650-B088-4940-BEE6-108C8A0ED508}.Debug|x86.Build.0 = Debug|x64
		{E51EE650-B088-4940-BEE6-108C8A0ED508}.Release|Any CPU.ActiveCfg = Release|x64
		{E51EE650-B088-4940-BEE6-108C8A0ED508}.Release|Any CPU.Build.0 = Release|x64
		{E51EE650-B088-4940-BEE6-108C8A0ED508}.Release|x86.ActiveCfg = Release|x64
		{E51EE650-B088-4940-BEE6-108C8A0ED508}.Release|x86.Build.0 = Release|x64
		{BDF27242-7A3C-4DD2-B7C8-62962C96CA08}.Debug|Any CPU.ActiveCfg = Debug|x64
		{BDF27242-7A3C-4DD2-B7C8-62962C96CA08}.Debug|Any CPU.Build.0 = Debug|x64
		{BDF27242-7A3C-4DD2-B7C8-62962C96CA08}.Debug|x86.ActiveCfg = Debug|x64
		{BDF27242-7A3C-4DD2-B7C8-62962C96CA08}.Debug|x86.Build.0 = Debug|x64
		{BDF27242-7A3C-4DD2-B7C8-62962C96CA08}.Release|Any CPU.ActiveCfg = Release|x64
		{BDF27242-7A3C-4DD2-B7C8-62962C96CA08}.Release|Any CPU.Build.0 = Release|x64
		{BDF27242-7A3C-4DD2-B7C8-62962C96CA08}.Release|x86.ActiveCfg = Release|x64
		{BDF27242-7A3C-4DD2-B7C8-62962C96CA08}.Release|x86.Build.0 = Release|x64
		{2E17D608-0DD9-431F-8BDE-01A282310DB1}.Debug|Any CPU.ActiveCfg = Debug|x64
		{2E17D608-0DD9-431F-8BDE-01A282310DB1}.Debug|x86.ActiveCfg = Debug|x64
		{2E17D608-0DD9-431F-8BDE-01A282310DB1}.Release|Any CPU.ActiveCfg = Release|x64
		{2E17D608-0DD9-431F-8BDE-01A282310DB1}.Release|x86.ActiveCfg = Release|x64
		{C87B711A-0036-4D0E-AA0B-501677F198FD}.Debug|Any CPU.ActiveCfg = Debug|x64
		{C87B711A-0036-4D0E-AA0B-501677F198FD}.Debug|Any CPU.Build.0 = Debug|x64
		{C87B711A-0036-4D0E-AA0B-501677F198FD}.Debug|x86.ActiveCfg = Debug|x64
		{C87B711A-0036-4D0E-AA0B-501677F198FD}.Debug|x86.Build.0 = Debug|x64
		{C87B711A-0036-4D0E-AA0B-501677F198FD}.Release|Any CPU.ActiveCfg = Release|x64
		{C87B711A-0036-4D0E-AA0B-501677F198FD}.Release|Any CPU.Build.0 = Release|x64
		{C87B711A-0036-4D0E-AA0B-501677F198FD}.Release|x86.ActiveCfg = Release|x64
		{C87B711A-0036-4D0E-AA0B-501677F198FD}.Release|x86.Build.0 = Release|x64
		{96949645-B59C-40FA-87B1-3573253DABE9}.Debug|Any CPU.ActiveCfg = Debug|x64
		{96949645-B59C-40FA-87B1-3573253DABE9}.Debug|Any CPU.Build.0 = Debug|x64
		{96949645-B59C-40FA-87B1-3573253DABE9}.Debug|x86.ActiveCfg = Debug|x64
		{96949645-B59C-40FA-87B1-3573253DABE9}.Debug|x86.Build.0 = Debug|x64
		{96949645-B59C-40FA-87B1-3573253DABE9}.Release|Any CPU.ActiveCfg = Release|x64
		{96949645-B59C-40FA-87B1-3573253DABE9}.Release|Any CPU.Build.0 = Release|x64
		{96949645-B59C-40FA-87B1-3573253DABE9}.Release|x86.ActiveCfg = Release|x64
		{96949645-B59C-40FA-87B1-3573253DABE9}.Release|x86.Build.0 = Release|x64
		{E13613A3-B719-4BC5-991A-507402D14C25}.Debug|Any CPU.ActiveCfg = Debug|x64
		{E13613A3-B719-4BC5-991A-507402D14C25}.Debug|Any CPU.Build.0 = Debug|x64
		{E13613A3-B719-4BC5-991A-507402D14C25}.Debug|x86.ActiveCfg = Debug|x64
		{E13613A3-B719-4BC5-991A-507402D14C25}.Debug|x86.Build.0 = Debug|x64
		{E13613A3-B719-4BC5-991A-507402D14C25}.Release|Any CPU.ActiveCfg = Release|x64
		{E13613A3-B719-4BC5-991A-507402D14C25}.Release|Any CPU.Build.0 = Release|x64
		{E13613A3-B719-4BC5-991A-507402D14C25}.Release|x86.ActiveCfg = Release|x64
		{E13613A3-B719-4BC5-991A-507402D14C25}.Release|x86.Build.0 = Release|x64
		{3D4E3561-33CD-4642-90B3-066396B7305B}.Debug|Any CPU.ActiveCfg = Debug|x64
		{3D4E3561-33CD-4642-90B3-066396B7305B}.Debug|x86.ActiveCfg = Debug|x64
		{3D4E3561-33CD-4642-90B3-066396B7305B}.Release|Any CPU.ActiveCfg = Release|x64
		{3D4E3561-33CD-4642-90B3-066396B7305B}.Release|x86.ActiveCfg = Release|x64
		{2D0CB381-DC92-45DB-B74B-B772EBED5E46}.Debug|Any CPU.ActiveCfg = Debug|x64
		{2D0CB381-DC92-45DB-B74B-B772EBED5E46}.Debug|x86.ActiveCfg = Debug|x64
		{2D0CB381-DC92-45DB-B74B-B772EBED5E46}.Release|Any CPU.ActiveCfg = Release|x64
		{2D0CB381-DC92-45DB-B74B-B772EBED5E46}.Release|x86.ActiveCfg = Release|x64
		{11F17698-27E6-45A3-97F5-5317ECD2301E}.Debug|Any CPU.ActiveCfg = Debug|x64
		{11F17698-27E6-45A3-97F5-5317ECD2301E}.Debug|x86.ActiveCfg = Debug|x64
		{11F17698-27E6-45A3-97F5-5317ECD2301E}.Release|Any CPU.ActiveCfg = Release|x64
		{11F17698-27E6-45A3-97F5-5317ECD2301E}.Release|x86.ActiveCfg = Release|x64
		{65BB9A32-5BA4-44D6-9CBF-D06A8FDB3E15}.Debug|Any CPU.ActiveCfg = Debug|x64
		{65BB9A32-5BA4-44D6-9CBF-D06A8FDB3E15}.Debug|Any CPU.Build.0 = Debug|x64
		{65BB9A32-5BA4-44D6-9CBF-D06A8FDB3E15}.Debug|x86.ActiveCfg = Debug|x64
		{65BB9A32-5BA4-44D6-9CBF-D06A8FDB3E15}.Debug|x86.Build.0 = Debug|x64
		{65BB9A32-5BA4-44D6-9CBF-D06A8FDB3E15}.Release|Any CPU.ActiveCfg = Release|x64
		{65BB9A32-5BA4-44D6-9CBF-D06A8FDB3E15}.Release|Any CPU.Build.0 = Release|x64
		{65BB9A32-5BA4-44D6-9CBF-D06A8FDB3E15}.Release|x86.ActiveCfg = Release|x64
		{65BB9A32-5BA4-44D6-9CBF-D06A8FDB3E15}.Release|x86.Build.0 = Release|x64
		{5F518671-FC41-45A5-8784-109A5684FCFE}.Debug|Any CPU.ActiveCfg = Debug|x64
		{5F518671-FC41-45A5-8784-109A5684FCFE}.Debug|x86.ActiveCfg = Debug|x64
		{5F518671-FC41-45A5-8784-109A5684FCFE}.Release|Any CPU.ActiveCfg = Release|x64
		{5F518671-FC41-45A5-8784-109A5684FCFE}.Release|x86.ActiveCfg = Release|x64
		{F893AD32-FB9E-4947-8185-752666D3FECB}.Debug|Any CPU.ActiveCfg = Debug|x64
		{F893AD32-FB9E-4947-8185-752666D3FECB}.Debug|Any CPU.Build.0 = Debug|x64
		{F893AD32-FB9E-4947-8185-752666D3FECB}.Debug|x86.ActiveCfg = Debug|x64
		{F893AD32-FB9E-4947-8185-752666D3FECB}.Debug|x86.Build.0 = Debug|x64
		{F893AD32-FB9E-4947-8185-752666D3FECB}.Release|Any CPU.ActiveCfg = Release|x64
		{F893AD32-FB9E-4947-8185-752666D3FECB}.Release|Any CPU.Build.0 = Release|x64
		{F893AD32-FB9E-4947-8185-752666D3FECB}.Release|x86.ActiveCfg = Release|x64
		{F893AD32-FB9E-4947-8185-752666D3FECB}.Release|x86.Build.0 = Release|x64
		{5A4A3E6D-D824-44CD-8464-CA8FCB8F52F1}.Debug|Any CPU.ActiveCfg = Debug|x64
		{5A4A3E6D-D824-44CD-8464-CA8FCB8F52F1}.Debug|Any CPU.Build.0 = Debug|x64
		{5A4A3E6D-D824-44CD-8464-CA8FCB8F52F1}.Debug|x86.ActiveCfg = Debug|x64
		{5A4A3E6D-D824-44CD-8464-CA8FCB8F52F1}.Debug|x86.Build.0 = Debug|x64
		{5A4A3E6D-D824-44CD-8464-CA8FCB8F52F1}.Release|Any CPU.ActiveCfg = Release|x64
		{5A4A3E6D-D824-44CD-8464-CA8FCB8F52F1}.Release|Any CPU.Build.0 = Release|x64
		{5A4A3E6D-D824-44CD-8464-CA8FCB8F52F1}.Release|x86.ActiveCfg = Release|x64
		{5A4A3E6D-D824-44CD-8464-CA8FCB8F52F1}.Release|x86.Build.0 = Release|x64
		{3248DEB0-CA9F-4E30-9396-E6C64DE14AF2}.Debug|Any CPU.ActiveCfg = Debug|x64
		{3248DEB0-CA9F-4E30-9396-E6C64DE14AF2}.Debug|Any CPU.Build.0 = Debug|x64
		{3248DEB0-CA9F-4E30-9396-E6C64DE14AF2}.Debug|x86.ActiveCfg = Debug|x64
		{3248DEB0-CA9F-4E30-9396-E6C64DE14AF2}.Debug|x86.Build.0 = Debug|x64
		{3248DEB0-CA9F-4E30-9396-E6C64DE14AF2}.Release|Any CPU.ActiveCfg = Release|x64
		{3248DEB0-CA9F-4E30-9396-E6C64DE14AF2}.Release|Any CPU.Build.0 = Release|x64
		{3248DEB0-CA9F-4E30-9396-E6C64DE14AF2}.Release|x86.ActiveCfg = Release|x64
		{3248DEB0-CA9F-4E30-9396-E6C64DE14AF2}.Release|x86.Build.0 = Release|x64
		{348BA8EA-703A-493E-ADBF-B56ED44BF5E3}.Debug|Any CPU.ActiveCfg = Debug|x64
		{348BA8EA-703A-493E-ADBF-B56ED44BF5E3}.Debug|Any CPU.Build.0 = Debug|x64
		{348BA8EA-703A-493E-ADBF-B56ED44BF5E3}.Debug|x86.ActiveCfg = Debug|x64
		{348BA8EA-703A-493E-ADBF-B56ED44BF5E3}.Debug|x86.Build.0 = Debug|x64
		{348BA8EA-703A-493E-ADBF-B56ED44BF5E3}.Release|Any CPU.ActiveCfg = Release|x64
		{348BA8EA-703A-493E-ADBF-B56ED44BF5E3}.Release|Any CPU.Build.0 = Release|x64
		{348BA8EA-703A-493E-ADBF-B56ED44BF5E3}.Release|x86.ActiveCfg = Release|x64
		{348BA8EA-703A-493E-ADBF-B56ED44BF5E3}.Release|x86.Build.0 = Release|x64
		{B574B8B8-31A2-4BB6-BC53-499FC722E51F}.Debug|Any CPU.ActiveCfg = Debug|x64
		{B574B8B8-31A2-4BB6-BC53-499FC722E51F}.Debug|x86.ActiveCfg = Debug|x64
		{B574B8B8-31A2-4BB6-BC53-499FC722E51F}.Release|Any CPU.ActiveCfg = Release|x64
		{B574B8B8-31A2-4BB6-BC53-499FC722E51F}.Release|x86.ActiveCfg = Release|x64
		{927E88F9-CD0A-4E86-9313-530F77524F06}.Debug|Any CPU.ActiveCfg = Debug|x64
		{927E88F9-CD0A-4E86-9313-530F77524F06}.Debug|x86.ActiveCfg = Debug|x64
		{927E88F9-CD0A-4E86-9313-530F77524F06}.Release|Any CPU.ActiveCfg = Release|x64
		{927E88F9-CD0A-4E86-9313-530F77524F06}.Release|x86.ActiveCfg = Release|x64
		{DD3E3D9D-EADE-46C8-ABFE-4B1D81509300}.Debug|Any CPU.ActiveCfg = Debug|x64
		{DD3E3D9D-EADE-46C8-ABFE-4B1D81509300}.Debug|x86.ActiveCfg = Debug|x64
		{DD3E3D9D-EADE-46C8-ABFE-4B1D81509300}.Release|Any CPU.ActiveCfg = Release|x64
		{DD3E3D9D-EADE-46C8-ABFE-4B1D81509300}.Release|x86.ActiveCfg = Release|x64
		{5AB62736-5409-4565-8F3B-CFADDFCD1FC1}.Debug|Any CPU.ActiveCfg = Debug|x64
		{5AB62736-5409-4565-8F3B-CFADDFCD1FC1}.Debug|x86.ActiveCfg = Debug|x64
		{5AB62736-5409-4565-8F3B-CFADDFCD1FC1}.Release|Any CPU.ActiveCfg = Release|x64
		{5AB62736-5409-4565-8F3B-CFADDFCD1FC1}.Release|x86.ActiveCfg = Release|x64
		{D2FED5D0-0DA4-48AC-B990-28AB9CB89A04}.Debug|Any CPU.ActiveCfg = Debug|x64
		{D2FED5D0-0DA4-48AC-B990-28AB9CB89A04}.Debug|x86.ActiveCfg = Debug|x64
		{D2FED5D0-0DA4-48AC-B990-28AB9CB89A04}.Release|Any CPU.ActiveCfg = Release|x64
		{D2FED5D0-0DA4-48AC-B990-28AB9CB89A04}.Release|x86.ActiveCfg = Release|x64
		{54354AEC-3D49-44F1-8CF5-B53C13718659}.Debug|Any CPU.ActiveCfg = Debug|x64
		{54354AEC-3D49-44F1-8CF5-B53C13718659}.Debug|Any CPU.Build.0 = Debug|x64
		{54354AEC-3D49-44F1-8CF5-B53C13718659}.Debug|x86.ActiveCfg = Debug|x64
		{54354AEC-3D49-44F1-8CF5-B53C13718659}.Debug|x86.Build.0 = Debug|x64
		{54354AEC-3D49-44F1-8CF5-B53C13718659}.Release|Any CPU.ActiveCfg = Release|x64
		{54354AEC-3D49-44F1-8CF5-B53C13718659}.Release|Any CPU.Build.0 = Release|x64
		{54354AEC-3D49-44F1-8CF5-B53C13718659}.Release|x86.ActiveCfg = Release|x64
		{54354AEC-3D49-44F1-8CF5-B53C13718659}.Release|x86.Build.0 = Release|x64
		{490CAFE0-FA5F-47B8-9A77-6CC2D8FB68F0}.Debug|Any CPU.ActiveCfg = Debug|x64
		{490CAFE0-FA5F-47B8-9A77-6CC2D8FB68F0}.Debug|x86.ActiveCfg = Debug|x64
		{490CAFE0-FA5F-47B8-9A77-6CC2D8FB68F0}.Release|Any CPU.ActiveCfg = Release|x64
		{490CAFE0-FA5F-47B8-9A77-6CC2D8FB68F0}.Release|x86.ActiveCfg = Release|x64
		{39E2D1AD-6C10-4066-8A74-F9DAEA8566B4}.Debug|Any CPU.ActiveCfg = Debug|x64
		{39E2D1AD-6C10-4066-8A74-F9DAEA8566B4}.Debug|x86.ActiveCfg = Debug|x64
		{39E2D1AD-6C10-4066-8A74-F9DAEA8566B4}.Release|Any CPU.ActiveCfg = Release|x64
		{39E2D1AD-6C10-4066-8A74-F9DAEA8566B4}.Release|x86.ActiveCfg = Release|x64
		{345CDBB7-1EC3-4E1C-AD4F-856A774430F5}.Debug|Any CPU.ActiveCfg = Debug|x64
		{345CDBB7-1EC3-4E1C-AD4F-856A774430F5}.Debug|Any CPU.Build.0 = Debug|x64
		{345CDBB7-1EC3-4E1C-AD4F-856A774430F5}.Debug|x86.ActiveCfg = Debug|x64
		{345CDBB7-1EC3-4E1C-AD4F-856A774430F5}.Debug|x86.Build.0 = Debug|x64
		{345CDBB7-1EC3-4E1C-AD4F-856A774430F5}.Release|Any CPU.ActiveCfg = Release|x64
		{345CDBB7-1EC3-4E1C-AD4F-856A774430F5}.Release|Any CPU.Build.0 = Release|x64
		{345CDBB7-1EC3-4E1C-AD4F-856A774430F5}.Release|x86.ActiveCfg = Release|x64
		{345CDBB7-1EC3-4E1C-AD4F-856A774430F5}.Release|x86.Build.0 = Release|x64
		{5AE8F2DA-6B3E-4492-A009-112A62B056BE}.Debug|Any CPU.ActiveCfg = Debug|x64
		{5AE8F2DA-6B3E-4492-A009-112A62B056BE}.Debug|Any CPU.Build.0 = Debug|x64
		{5AE8F2DA-6B3E-4492-A009-112A62B056BE}.Debug|x86.ActiveCfg = Debug|x64
		{5AE8F2DA-6B3E-4492-A009-112A62B056BE}.Debug|x86.Build.0 = Debug|x64
		{5AE8F2DA-6B3E-4492-A009-112A62B056BE}.Release|Any CPU.ActiveCfg = Release|x64
		{5AE8F2DA-6B3E-4492-A009-112A62B056BE}.Release|Any CPU.Build.0 = Release|x64
		{5AE8F2DA-6B3E-4492-A009-112A62B056BE}.Release|x86.ActiveCfg = Release|x64
		{5AE8F2DA-6B3E-4492-A009-112A62B056BE}.Release|x86.Build.0 = Release|x64
		{0A7202F2-BEC1-4B26-9088-9ADD57C9C5D9}.Debug|Any CPU.ActiveCfg = Debug|x64
		{0A7202F2-BEC1-4B26-9088-9ADD57C9C5D9}.Debug|Any CPU.Build.0 = Debug|x64
		{0A7202F2-BEC1-4B26-9088-9ADD57C9C5D9}.Debug|x86.ActiveCfg = Debug|x64
		{0A7202F2-BEC1-4B26-9088-9ADD57C9C5D9}.Debug|x86.Build.0 = Debug|x64
		{0A7202F2-BEC1-4B26-9088-9ADD57C9C5D9}.Release|Any CPU.ActiveCfg = Release|x64
		{0A7202F2-BEC1-4B26-9088-9ADD57C9C5D9}.Release|Any CPU.Build.0 = Release|x64
		{0A7202F2-BEC1-4B26-9088-9ADD57C9C5D9}.Release|x86.ActiveCfg = Release|x64
		{0A7202F2-BEC1-4B26-9088-9ADD57C9C5D9}.Release|x86.Build.0 = Release|x64
		{EB6C6B93-5B69-4056-A2ED-829F0F2FC4DE}.Debug|Any CPU.ActiveCfg = Debug|x64
		{EB6C6B93-5B69-4056-A2ED-829F0F2FC4DE}.Debug|Any CPU.Build.0 = Debug|x64
		{EB6C6B93-5B69-4056-A2ED-829F0F2FC4DE}.Debug|x86.ActiveCfg = Debug|x64
		{EB6C6B93-5B69-4056-A2ED-829F0F2FC4DE}.Debug|x86.Build.0 = Debug|x64
		{EB6C6B93-5B69-4056-A2ED-829F0F2FC4DE}.Release|Any CPU.ActiveCfg = Release|x64
		{EB6C6B93-5B69-4056-A2ED-829F0F2FC4DE}.Release|Any CPU.Build.0 = Release|x64
		{EB6C6B93-5B69-4056-A2ED-829F0F2FC4DE}.Release|x86.ActiveCfg = Release|x64
		{EB6C6B93-5B69-4056-A2ED-829F0F2FC4DE}.Release|x86.Build.0 = Release|x64
		{834D7749-E81F-4BE5-B397-7BF1C7703502}.Debug|Any CPU.ActiveCfg = Debug|x64
		{834D7749-E81F-4BE5-B397-7BF1C7703502}.Debug|Any CPU.Build.0 = Debug|x64
		{834D7749-E81F-4BE5-B397-7BF1C7703502}.Debug|x86.ActiveCfg = Debug|x64
		{834D7749-E81F-4BE5-B397-7BF1C7703502}.Debug|x86.Build.0 = Debug|x64
		{834D7749-E81F-4BE5-B397-7BF1C7703502}.Release|Any CPU.ActiveCfg = Release|x64
		{834D7749-E81F-4BE5-B397-7BF1C7703502}.Release|Any CPU.Build.0 = Release|x64
		{834D7749-E81F-4BE5-B397-7BF1C7703502}.Release|x86.ActiveCfg = Release|x64
		{834D7749-E81F-4BE5-B397-7BF1C7703502}.Release|x86.Build.0 = Release|x64
		{07B96122-1EB3-49FA-B509-BC227D280CF8}.Debug|Any CPU.ActiveCfg = Debug|x64
		{07B96122-1EB3-49FA-B509-BC227D280CF8}.Debug|Any CPU.Build.0 = Debug|x64
		{07B96122-1EB3-49FA-B509-BC227D280CF8}.Debug|x86.ActiveCfg = Debug|x64
		{07B96122-1EB3-49FA-B509-BC227D280CF8}.Debug|x86.Build.0 = Debug|x64
		{07B96122-1EB3-49FA-B509-BC227D280CF8}.Release|Any CPU.ActiveCfg = Release|x64
		{07B96122-1EB3-49FA-B509-BC227D280CF8}.Release|Any CPU.Build.0 = Release|x64
		{07B96122-1EB3-49FA-B509-BC227D280CF8}.Release|x86.ActiveCfg = Release|x64
		{07B96122-1EB3-49FA-B509-BC227D280CF8}.Release|x86.Build.0 = Release|x64
		{08E18B5C-14A4-4D4E-996D-1893279566B5}.Debug|Any CPU.ActiveCfg = Debug|x64
		{08E18B5C-14A4-4D4E-996D-1893279566B5}.Debug|Any CPU.Build.0 = Debug|x64
		{08E18B5C-14A4-4D4E-996D-1893279566B5}.Debug|x86.ActiveCfg = Debug|x64
		{08E18B5C-14A4-4D4E-996D-1893279566B5}.Debug|x86.Build.0 = Debug|x64
		{08E18B5C-14A4-4D4E-996D-1893279566B5}.Release|Any CPU.ActiveCfg = Release|x64
		{08E18B5C-14A4-4D4E-996D-1893279566B5}.Release|Any CPU.Build.0 = Release|x64
		{08E18B5C-14A4-4D4E-996D-1893279566B5}.Release|x86.ActiveCfg = Release|x64
		{08E18B5C-14A4-4D4E-996D-1893279566B5}.Release|x86.Build.0 = Release|x64
		{91A86BC8-9842-421C-B752-9E70F9C8DA62}.Debug|Any CPU.ActiveCfg = Debug|x64
		{91A86BC8-9842-421C-B752-9E70F9C8DA62}.Debug|Any CPU.Build.0 = Debug|x64
		{91A86BC8-9842-421C-B752-9E70F9C8DA62}.Debug|x86.ActiveCfg = Debug|x64
		{91A86BC8-9842-421C-B752-9E70F9C8DA62}.Debug|x86.Build.0 = Debug|x64
		{91A86BC8-9842-421C-B752-9E70F9C8DA62}.Release|Any CPU.ActiveCfg = Release|x64
		{91A86BC8-9842-421C-B752-9E70F9C8DA62}.Release|Any CPU.Build.0 = Release|x64
		{91A86BC8-9842-421C-B752-9E70F9C8DA62}.Release|x86.ActiveCfg = Release|x64
		{91A86BC8-9842-421C-B752-9E70F9C8DA62}.Release|x86.Build.0 = Release|x64
		{632D0B20-BC2A-4186-9285-A2FE3723B83F}.Debug|Any CPU.ActiveCfg = Debug|x64
		{632D0B20-BC2A-4186-9285-A2FE3723B83F}.Debug|Any CPU.Build.0 = Debug|x64
		{632D0B20-BC2A-4186-9285-A2FE3723B83F}.Debug|x86.ActiveCfg = Debug|x64
		{632D0B20-BC2A-4186-9285-A2FE3723B83F}.Debug|x86.Build.0 = Debug|x64
		{632D0B20-BC2A-4186-9285-A2FE3723B83F}.Release|Any CPU.ActiveCfg = Release|x64
		{632D0B20-BC2A-4186-9285-A2FE3723B83F}.Release|Any CPU.Build.0 = Release|x64
		{632D0B20-BC2A-4186-9285-A2FE3723B83F}.Release|x86.ActiveCfg = Release|x64
		{632D0B20-BC2A-4186-9285-A2FE3723B83F}.Release|x86.Build.0 = Release|x64
		{E5B7E645-8062-4B01-AF1C-CF462B608A6B}.Debug|Any CPU.ActiveCfg = Debug|x64
		{E5B7E645-8062-4B01-AF1C-CF462B608A6B}.Debug|Any CPU.Build.0 = Debug|x64
		{E5B7E645-8062-4B01-AF1C-CF462B608A6B}.Debug|x86.ActiveCfg = Debug|x64
		{E5B7E645-8062-4B01-AF1C-CF462B608A6B}.Debug|x86.Build.0 = Debug|x64
		{E5B7E645-8062-4B01-AF1C-CF462B608A6B}.Release|Any CPU.ActiveCfg = Release|x64
		{E5B7E645-8062-4B01-AF1C-CF462B608A6B}.Release|Any CPU.Build.0 = Release|x64
		{E5B7E645-8062-4B01-AF1C-CF462B608A6B}.Release|x86.ActiveCfg = Release|x64
		{E5B7E645-8062-4B01-AF1C-CF462B608A6B}.Release|x86.Build.0 = Release|x64
		{10C7F91A-9061-4691-A5DE-C115BCC5CF50}.Debug|Any CPU.ActiveCfg = Debug|x64
		{10C7F91A-9061-4691-A5DE-C115BCC5CF50}.Debug|x86.ActiveCfg = Debug|x64
		{10C7F91A-9061-4691-A5DE-C115BCC5CF50}.Release|Any CPU.ActiveCfg = Release|x64
		{10C7F91A-9061-4691-A5DE-C115BCC5CF50}.Release|x86.ActiveCfg = Release|x64
		{CCD365B3-AED3-408D-A8CE-F44F8C01889B}.Debug|Any CPU.ActiveCfg = Debug|x64
		{CCD365B3-AED3-408D-A8CE-F44F8C01889B}.Debug|Any CPU.Build.0 = Debug|x64
		{CCD365B3-AED3-408D-A8CE-F44F8C01889B}.Debug|x86.ActiveCfg = Debug|x64
		{CCD365B3-AED3-408D-A8CE-F44F8C01889B}.Debug|x86.Build.0 = Debug|x64
		{CCD365B3-AED3-408D-A8CE-F44F8C01889B}.Release|Any CPU.ActiveCfg = Release|x64
		{CCD365B3-AED3-408D-A8CE-F44F8C01889B}.Release|Any CPU.Build.0 = Release|x64
		{CCD365B3-AED3-408D-A8CE-F44F8C01889B}.Release|x86.ActiveCfg = Release|x64
		{CCD365B3-AED3-408D-A8CE-F44F8C01889B}.Release|x86.Build.0 = Release|x64
		{55DCC671-4E2F-4D26-AB85-A99B8ECC57A1}.Debug|Any CPU.ActiveCfg = Debug|x64
		{55DCC671-4E2F-4D26-AB85-A99B8ECC57A1}.Debug|x86.ActiveCfg = Debug|x64
		{55DCC671-4E2F-4D26-AB85-A99B8ECC57A1}.Release|Any CPU.ActiveCfg = Release|x64
		{55DCC671-4E2F-4D26-AB85-A99B8ECC57A1}.Release|x86.ActiveCfg = Release|x64
		{94D9D3D5-F304-46C7-BFAC-E469126CBE15}.Debug|Any CPU.ActiveCfg = Debug|x64
		{94D9D3D5-F304-46C7-BFAC-E469126CBE15}.Debug|Any CPU.Build.0 = Debug|x64
		{94D9D3D5-F304-46C7-BFAC-E469126CBE15}.Debug|x86.ActiveCfg = Debug|x64
		{94D9D3D5-F304-46C7-BFAC-E469126CBE15}.Debug|x86.Build.0 = Debug|x64
		{94D9D3D5-F304-46C7-BFAC-E469126CBE15}.Release|Any CPU.ActiveCfg = Release|x64
		{94D9D3D5-F304-46C7-BFAC-E469126CBE15}.Release|Any CPU.Build.0 = Release|x64
		{94D9D3D5-F304-46C7-BFAC-E469126CBE15}.Release|x86.ActiveCfg = Release|x64
		{94D9D3D5-F304-46C7-BFAC-E469126CBE15}.Release|x86.Build.0 = Release|x64
		{6F6A195A-927A-4DC2-82CD-80E3B96A8032}.Debug|Any CPU.ActiveCfg = Debug|x64
		{6F6A195A-927A-4DC2-82CD-80E3B96A8032}.Debug|x86.ActiveCfg = Debug|x64
		{6F6A195A-927A-4DC2-82CD-80E3B96A8032}.Release|Any CPU.ActiveCfg = Release|x64
		{6F6A195A-927A-4DC2-82CD-80E3B96A8032}.Release|x86.ActiveCfg = Release|x64
		{2D4BF581-D024-4941-9E18-BEDFB682DCCF}.Debug|Any CPU.ActiveCfg = Debug|x64
		{2D4BF581-D024-4941-9E18-BEDFB682DCCF}.Debug|x86.ActiveCfg = Debug|x64
		{2D4BF581-D024-4941-9E18-BEDFB682DCCF}.Release|Any CPU.ActiveCfg = Release|x64
		{2D4BF581-D024-4941-9E18-BEDFB682DCCF}.Release|x86.ActiveCfg = Release|x64
		{DD541748-D082-4558-B456-C47F9D893211}.Debug|Any CPU.ActiveCfg = Debug|x64
		{DD541748-D082-4558-B456-C47F9D893211}.Debug|Any CPU.Build.0 = Debug|x64
		{DD541748-D082-4558-B456-C47F9D893211}.Debug|x86.ActiveCfg = Debug|x64
		{DD541748-D082-4558-B456-C47F9D893211}.Debug|x86.Build.0 = Debug|x64
		{DD541748-D082-4558-B456-C47F9D893211}.Release|Any CPU.ActiveCfg = Release|x64
		{DD541748-D082-4558-B456-C47F9D893211}.Release|Any CPU.Build.0 = Release|x64
		{DD541748-D082-4558-B456-C47F9D893211}.Release|x86.ActiveCfg = Release|x64
		{DD541748-D082-4558-B456-C47F9D893211}.Release|x86.Build.0 = Release|x64
		{2CBFACB3-F586-4B6A-BEDB-C8C35D0D6E21}.Debug|Any CPU.ActiveCfg = Debug|x64
		{2CBFACB3-F586-4B6A-BEDB-C8C35D0D6E21}.Debug|Any CPU.Build.0 = Debug|x64
		{2CBFACB3-F586-4B6A-BEDB-C8C35D0D6E21}.Debug|x86.ActiveCfg = Debug|x64
		{2CBFACB3-F586-4B6A-BEDB-C8C35D0D6E21}.Debug|x86.Build.0 = Debug|x64
		{2CBFACB3-F586-4B6A-BEDB-C8C35D0D6E21}.Release|Any CPU.ActiveCfg = Release|x64
		{2CBFACB3-F586-4B6A-BEDB-C8C35D0D6E21}.Release|Any CPU.Build.0 = Release|x64
		{2CBFACB3-F586-4B6A-BEDB-C8C35D0D6E21}.Release|x86.ActiveCfg = Release|x64
		{2CBFACB3-F586-4B6A-BEDB-C8C35D0D6E21}.Release|x86.Build.0 = Release|x64
		{0A8F2012-3B44-4A3B-888B-BA7925821A23}.Debug|Any CPU.ActiveCfg = Debug|x64
		{0A8F2012-3B44-4A3B-888B-BA7925821A23}.Debug|Any CPU.Build.0 = Debug|x64
		{0A8F2012-3B44-4A3B-888B-BA7925821A23}.Debug|x86.ActiveCfg = Debug|x64
		{0A8F2012-3B44-4A3B-888B-BA7925821A23}.Debug|x86.Build.0 = Debug|x64
		{0A8F2012-3B44-4A3B-888B-BA7925821A23}.Release|Any CPU.ActiveCfg = Release|x64
		{0A8F2012-3B44-4A3B-888B-BA7925821A23}.Release|Any CPU.Build.0 = Release|x64
		{0A8F2012-3B44-4A3B-888B-BA7925821A23}.Release|x86.ActiveCfg = Release|x64
		{0A8F2012-3B44-4A3B-888B-BA7925821A23}.Release|x86.Build.0 = Release|x64
		{E975BDF3-7AFD-4DA0-8B3E-ADC22C128BFF}.Debug|Any CPU.ActiveCfg = Debug|x64
		{E975BDF3-7AFD-4DA0-8B3E-ADC22C128BFF}.Debug|Any CPU.Build.0 = Debug|x64
		{E975BDF3-7AFD-4DA0-8B3E-ADC22C128BFF}.Debug|x86.ActiveCfg = Debug|x64
		{E975BDF3-7AFD-4DA0-8B3E-ADC22C128BFF}.Debug|x86.Build.0 = Debug|x64
		{E975BDF3-7AFD-4DA0-8B3E-ADC22C128BFF}.Release|Any CPU.ActiveCfg = Release|x64
		{E975BDF3-7AFD-4DA0-8B3E-ADC22C128BFF}.Release|Any CPU.Build.0 = Release|x64
		{E975BDF3-7AFD-4DA0-8B3E-ADC22C128BFF}.Release|x86.ActiveCfg = Release|x64
		{E975BDF3-7AFD-4DA0-8B3E-ADC22C128BFF}.Release|x86.Build.0 = Release|x64
		{5AC75A07-FB79-4059-B9BF-0A159A75151F}.Debug|Any CPU.ActiveCfg = Debug|x64
		{5AC75A07-FB79-4059-B9BF-0A159A75151F}.Debug|Any CPU.Build.0 = Debug|x64
		{5AC75A07-FB79-4059-B9BF-0A159A75151F}.Debug|x86.ActiveCfg = Debug|x64
		{5AC75A07-FB79-4059-B9BF-0A159A75151F}.Debug|x86.Build.0 = Debug|x64
		{5AC75A07-FB79-4059-B9BF-0A159A75151F}.Release|Any CPU.ActiveCfg = Release|x64
		{5AC75A07-FB79-4059-B9BF-0A159A75151F}.Release|Any CPU.Build.0 = Release|x64
		{5AC75A07-FB79-4059-B9BF-0A159A75151F}.Release|x86.ActiveCfg = Release|x64
		{5AC75A07-FB79-4059-B9BF-0A159A75151F}.Release|x86.Build.0 = Release|x64
		{C5F4045C-A539-4859-AA55-114E2F668EEC}.Debug|Any CPU.ActiveCfg = Debug|x64
		{C5F4045C-A539-4859-AA55-114E2F668EEC}.Debug|Any CPU.Build.0 = Debug|x64
		{C5F4045C-A539-4859-AA55-114E2F668EEC}.Debug|x86.ActiveCfg = Debug|x64
		{C5F4045C-A539-4859-AA55-114E2F668EEC}.Debug|x86.Build.0 = Debug|x64
		{C5F4045C-A539-4859-AA55-114E2F668EEC}.Release|Any CPU.ActiveCfg = Release|x64
		{C5F4045C-A539-4859-AA55-114E2F668EEC}.Release|Any CPU.Build.0 = Release|x64
		{C5F4045C-A539-4859-AA55-114E2F668EEC}.Release|x86.ActiveCfg = Release|x64
		{C5F4045C-A539-4859-AA55-114E2F668EEC}.Release|x86.Build.0 = Release|x64
		{B77582CC-EC91-413A-B942-38E38CC90E16}.Debug|Any CPU.ActiveCfg = Debug|x64
		{B77582CC-EC91-413A-B942-38E38CC90E16}.Debug|Any CPU.Build.0 = Debug|x64
		{B77582CC-EC91-413A-B942-38E38CC90E16}.Debug|x86.ActiveCfg = Debug|x64
		{B77582CC-EC91-413A-B942-38E38CC90E16}.Debug|x86.Build.0 = Debug|x64
		{B77582CC-EC91-413A-B942-38E38CC90E16}.Release|Any CPU.ActiveCfg = Release|x64
		{B77582CC-EC91-413A-B942-38E38CC90E16}.Release|Any CPU.Build.0 = Release|x64
		{B77582CC-EC91-413A-B942-38E38CC90E16}.Release|x86.ActiveCfg = Release|x64
		{B77582CC-EC91-413A-B942-38E38CC90E16}.Release|x86.Build.0 = Release|x64
		{E1F721BE-8F56-4911-A279-09F55CDA8226}.Debug|Any CPU.ActiveCfg = Debug|x64
		{E1F721BE-8F56-4911-A279-09F55CDA8226}.Debug|Any CPU.Build.0 = Debug|x64
		{E1F721BE-8F56-4911-A279-09F55CDA8226}.Debug|x86.ActiveCfg = Debug|x64
		{E1F721BE-8F56-4911-A279-09F55CDA8226}.Debug|x86.Build.0 = Debug|x64
		{E1F721BE-8F56-4911-A279-09F55CDA8226}.Release|Any CPU.ActiveCfg = Release|x64
		{E1F721BE-8F56-4911-A279-09F55CDA8226}.Release|Any CPU.Build.0 = Release|x64
		{E1F721BE-8F56-4911-A279-09F55CDA8226}.Release|x86.ActiveCfg = Release|x64
		{E1F721BE-8F56-4911-A279-09F55CDA8226}.Release|x86.Build.0 = Release|x64
		{6DDF3320-CE69-436D-83D4-9848964E1EB5}.Debug|Any CPU.ActiveCfg = Debug|x64
		{6DDF3320-CE69-436D-83D4-9848964E1EB5}.Debug|Any CPU.Build.0 = Debug|x64
		{6DDF3320-CE69-436D-83D4-9848964E1EB5}.Debug|x86.ActiveCfg = Debug|x64
		{6DDF3320-CE69-436D-83D4-9848964E1EB5}.Debug|x86.Build.0 = Debug|x64
		{6DDF3320-CE69-436D-83D4-9848964E1EB5}.Release|Any CPU.ActiveCfg = Release|x64
		{6DDF3320-CE69-436D-83D4-9848964E1EB5}.Release|Any CPU.Build.0 = Release|x64
		{6DDF3320-CE69-436D-83D4-9848964E1EB5}.Release|x86.ActiveCfg = Release|x64
		{6DDF3320-CE69-436D-83D4-9848964E1EB5}.Release|x86.Build.0 = Release|x64
		{59105DFD-62C2-49BC-A56B-EC916DFA2A06}.Debug|Any CPU.ActiveCfg = Debug|x64
		{59105DFD-62C2-49BC-A56B-EC916DFA2A06}.Debug|Any CPU.Build.0 = Debug|x64
		{59105DFD-62C2-49BC-A56B-EC916DFA2A06}.Debug|x86.ActiveCfg = Debug|x64
		{59105DFD-62C2-49BC-A56B-EC916DFA2A06}.Debug|x86.Build.0 = Debug|x64
		{59105DFD-62C2-49BC-A56B-EC916DFA2A06}.Release|Any CPU.ActiveCfg = Release|x64
		{59105DFD-62C2-49BC-A56B-EC916DFA2A06}.Release|Any CPU.Build.0 = Release|x64
		{59105DFD-62C2-49BC-A56B-EC916DFA2A06}.Release|x86.ActiveCfg = Release|x64
		{59105DFD-62C2-49BC-A56B-EC916DFA2A06}.Release|x86.Build.0 = Release|x64
		{1A68CE6A-424D-45CB-B459-4D4783563304}.Debug|Any CPU.ActiveCfg = Debug|x64
		{1A68CE6A-424D-45CB-B459-4D4783563304}.Debug|Any CPU.Build.0 = Debug|x64
		{1A68CE6A-424D-45CB-B459-4D4783563304}.Debug|x86.ActiveCfg = Debug|x64
		{1A68CE6A-424D-45CB-B459-4D4783563304}.Debug|x86.Build.0 = Debug|x64
		{1A68CE6A-424D-45CB-B459-4D4783563304}.Release|Any CPU.ActiveCfg = Release|x64
		{1A68CE6A-424D-45CB-B459-4D4783563304}.Release|Any CPU.Build.0 = Release|x64
		{1A68CE6A-424D-45CB-B459-4D4783563304}.Release|x86.ActiveCfg = Release|x64
		{1A68CE6A-424D-45CB-B459-4D4783563304}.Release|x86.Build.0 = Release|x64
		{48131C88-22A2-471C-B168-A1CD145AC2EC}.Debug|Any CPU.ActiveCfg = Debug|x64
		{48131C88-22A2-471C-B168-A1CD145AC2EC}.Debug|Any CPU.Build.0 = Debug|x64
		{48131C88-22A2-471C-B168-A1CD145AC2EC}.Debug|x86.ActiveCfg = Debug|x64
		{48131C88-22A2-471C-B168-A1CD145AC2EC}.Debug|x86.Build.0 = Debug|x64
		{48131C88-22A2-471C-B168-A1CD145AC2EC}.Release|Any CPU.ActiveCfg = Release|x64
		{48131C88-22A2-471C-B168-A1CD145AC2EC}.Release|Any CPU.Build.0 = Release|x64
		{48131C88-22A2-471C-B168-A1CD145AC2EC}.Release|x86.ActiveCfg = Release|x64
		{48131C88-22A2-471C-B168-A1CD145AC2EC}.Release|x86.Build.0 = Release|x64
		{E989BBFC-A4CD-4F94-B15B-EC7B05F80E3F}.Debug|Any CPU.ActiveCfg = Debug|x64
		{E989BBFC-A4CD-4F94-B15B-EC7B05F80E3F}.Debug|Any CPU.Build.0 = Debug|x64
		{E989BBFC-A4CD-4F94-B15B-EC7B05F80E3F}.Debug|x86.ActiveCfg = Debug|x64
		{E989BBFC-A4CD-4F94-B15B-EC7B05F80E3F}.Debug|x86.Build.0 = Debug|x64
		{E989BBFC-A4CD-4F94-B15B-EC7B05F80E3F}.Release|Any CPU.ActiveCfg = Release|x64
		{E989BBFC-A4CD-4F94-B15B-EC7B05F80E3F}.Release|Any CPU.Build.0 = Release|x64
		{E989BBFC-A4CD-4F94-B15B-EC7B05F80E3F}.Release|x86.ActiveCfg = Release|x64
		{E989BBFC-A4CD-4F94-B15B-EC7B05F80E3F}.Release|x86.Build.0 = Release|x64
		{37CD9B70-E220-4BCC-AEAC-A5BE994A7B6B}.Debug|Any CPU.ActiveCfg = Debug|x64
		{37CD9B70-E220-4BCC-AEAC-A5BE994A7B6B}.Debug|Any CPU.Build.0 = Debug|x64
		{37CD9B70-E220-4BCC-AEAC-A5BE994A7B6B}.Debug|x86.ActiveCfg = Debug|x64
		{37CD9B70-E220-4BCC-AEAC-A5BE994A7B6B}.Debug|x86.Build.0 = Debug|x64
		{37CD9B70-E220-4BCC-AEAC-A5BE994A7B6B}.Release|Any CPU.ActiveCfg = Release|x64
		{37CD9B70-E220-4BCC-AEAC-A5BE994A7B6B}.Release|Any CPU.Build.0 = Release|x64
		{37CD9B70-E220-4BCC-AEAC-A5BE994A7B6B}.Release|x86.ActiveCfg = Release|x64
		{37CD9B70-E220-4BCC-AEAC-A5BE994A7B6B}.Release|x86.Build.0 = Release|x64
		{45CEEA35-4C4D-4A76-9845-95028B39A128}.Debug|Any CPU.ActiveCfg = Debug|x64
		{45CEEA35-4C4D-4A76-9845-95028B39A128}.Debug|Any CPU.Build.0 = Debug|x64
		{45CEEA35-4C4D-4A76-9845-95028B39A128}.Debug|x86.ActiveCfg = Debug|x64
		{45CEEA35-4C4D-4A76-9845-95028B39A128}.Debug|x86.Build.0 = Debug|x64
		{45CEEA35-4C4D-4A76-9845-95028B39A128}.Release|Any CPU.ActiveCfg = Release|x64
		{45CEEA35-4C4D-4A76-9845-95028B39A128}.Release|Any CPU.Build.0 = Release|x64
		{45CEEA35-4C4D-4A76-9845-95028B39A128}.Release|x86.ActiveCfg = Release|x64
		{45CEEA35-4C4D-4A76-9845-95028B39A128}.Release|x86.Build.0 = Release|x64
		{93D5C590-A63B-4C06-B328-AB9A98A229DA}.Debug|Any CPU.ActiveCfg = Debug|x64
		{93D5C590-A63B-4C06-B328-AB9A98A229DA}.Debug|Any CPU.Build.0 = Debug|x64
		{93D5C590-A63B-4C06-B328-AB9A98A229DA}.Debug|x86.ActiveCfg = Debug|x64
		{93D5C590-A63B-4C06-B328-AB9A98A229DA}.Debug|x86.Build.0 = Debug|x64
		{93D5C590-A63B-4C06-B328-AB9A98A229DA}.Release|Any CPU.ActiveCfg = Release|x64
		{93D5C590-A63B-4C06-B328-AB9A98A229DA}.Release|Any CPU.Build.0 = Release|x64
		{93D5C590-A63B-4C06-B328-AB9A98A229DA}.Release|x86.ActiveCfg = Release|x64
		{93D5C590-A63B-4C06-B328-AB9A98A229DA}.Release|x86.Build.0 = Release|x64
		{9CFB17F8-CC29-4E3B-8AB6-45DDFF2D1A81}.Debug|Any CPU.ActiveCfg = Debug|x64
		{9CFB17F8-CC29-4E3B-8AB6-45DDFF2D1A81}.Debug|Any CPU.Build.0 = Debug|x64
		{9CFB17F8-CC29-4E3B-8AB6-45DDFF2D1A81}.Debug|x86.ActiveCfg = Debug|x64
		{9CFB17F8-CC29-4E3B-8AB6-45DDFF2D1A81}.Debug|x86.Build.0 = Debug|x64
		{9CFB17F8-CC29-4E3B-8AB6-45DDFF2D1A81}.Release|Any CPU.ActiveCfg = Release|x64
		{9CFB17F8-CC29-4E3B-8AB6-45DDFF2D1A81}.Release|Any CPU.Build.0 = Release|x64
		{9CFB17F8-CC29-4E3B-8AB6-45DDFF2D1A81}.Release|x86.ActiveCfg = Release|x64
		{9CFB17F8-CC29-4E3B-8AB6-45DDFF2D1A81}.Release|x86.Build.0 = Release|x64
		{720C23E6-A4DB-471C-8F05-D15BDEFB9A81}.Debug|Any CPU.ActiveCfg = Debug|x64
		{720C23E6-A4DB-471C-8F05-D15BDEFB9A81}.Debug|Any CPU.Build.0 = Debug|x64
		{720C23E6-A4DB-471C-8F05-D15BDEFB9A81}.Debug|x86.ActiveCfg = Debug|x64
		{720C23E6-A4DB-471C-8F05-D15BDEFB9A81}.Debug|x86.Build.0 = Debug|x64
		{720C23E6-A4DB-471C-8F05-D15BDEFB9A81}.Release|Any CPU.ActiveCfg = Release|x64
		{720C23E6-A4DB-471C-8F05-D15BDEFB9A81}.Release|Any CPU.Build.0 = Release|x64
		{720C23E6-A4DB-471C-8F05-D15BDEFB9A81}.Release|x86.ActiveCfg = Release|x64
		{720C23E6-A4DB-471C-8F05-D15BDEFB9A81}.Release|x86.Build.0 = Release|x64
		{3A3DA748-E7BF-4EA8-B596-A103062A9EC3}.Debug|Any CPU.ActiveCfg = Debug|x64
		{3A3DA748-E7BF-4EA8-B596-A103062A9EC3}.Debug|Any CPU.Build.0 = Debug|x64
		{3A3DA748-E7BF-4EA8-B596-A103062A9EC3}.Debug|x86.ActiveCfg = Debug|x64
		{3A3DA748-E7BF-4EA8-B596-A103062A9EC3}.Debug|x86.Build.0 = Debug|x64
		{3A3DA748-E7BF-4EA8-B596-A103062A9EC3}.Release|Any CPU.ActiveCfg = Release|x64
		{3A3DA748-E7BF-4EA8-B596-A103062A9EC3}.Release|Any CPU.Build.0 = Release|x64
		{3A3DA748-E7BF-4EA8-B596-A103062A9EC3}.Release|x86.ActiveCfg = Release|x64
		{3A3DA748-E7BF-4EA8-B596-A103062A9EC3}.Release|x86.Build.0 = Release|x64
		{BFA94277-1B93-480A-B67A-1C84AF619497}.Debug|Any CPU.ActiveCfg = Debug|x64
		{BFA94277-1B93-480A-B67A-1C84AF619497}.Debug|Any CPU.Build.0 = Debug|x64
		{BFA94277-1B93-480A-B67A-1C84AF619497}.Debug|x86.ActiveCfg = Debug|x64
		{BFA94277-1B93-480A-B67A-1C84AF619497}.Debug|x86.Build.0 = Debug|x64
		{BFA94277-1B93-480A-B67A-1C84AF619497}.Release|Any CPU.ActiveCfg = Release|x64
		{BFA94277-1B93-480A-B67A-1C84AF619497}.Release|Any CPU.Build.0 = Release|x64
		{BFA94277-1B93-480A-B67A-1C84AF619497}.Release|x86.ActiveCfg = Release|x64
		{BFA94277-1B93-480A-B67A-1C84AF619497}.Release|x86.Build.0 = Release|x64
		{F325946A-F411-4311-A1FC-6A4E1582B873}.Debug|Any CPU.ActiveCfg = Debug|x64
		{F325946A-F411-4311-A1FC-6A4E1582B873}.Debug|Any CPU.Build.0 = Debug|x64
		{F325946A-F411-4311-A1FC-6A4E1582B873}.Debug|x86.ActiveCfg = Debug|x64
		{F325946A-F411-4311-A1FC-6A4E1582B873}.Debug|x86.Build.0 = Debug|x64
		{F325946A-F411-4311-A1FC-6A4E1582B873}.Release|Any CPU.ActiveCfg = Release|x64
		{F325946A-F411-4311-A1FC-6A4E1582B873}.Release|Any CPU.Build.0 = Release|x64
		{F325946A-F411-4311-A1FC-6A4E1582B873}.Release|x86.ActiveCfg = Release|x64
		{F325946A-F411-4311-A1FC-6A4E1582B873}.Release|x86.Build.0 = Release|x64
		{D784C455-E686-4979-A78A-1CD5EB77A1A1}.Debug|Any CPU.ActiveCfg = Debug|x64
		{D784C455-E686-4979-A78A-1CD5EB77A1A1}.Debug|Any CPU.Build.0 = Debug|x64
		{D784C455-E686-4979-A78A-1CD5EB77A1A1}.Debug|x86.ActiveCfg = Debug|x64
		{D784C455-E686-4979-A78A-1CD5EB77A1A1}.Debug|x86.Build.0 = Debug|x64
		{D784C455-E686-4979-A78A-1CD5EB77A1A1}.Release|Any CPU.ActiveCfg = Release|x64
		{D784C455-E686-4979-A78A-1CD5EB77A1A1}.Release|Any CPU.Build.0 = Release|x64
		{D784C455-E686-4979-A78A-1CD5EB77A1A1}.Release|x86.ActiveCfg = Release|x64
		{D784C455-E686-4979-A78A-1CD5EB77A1A1}.Release|x86.Build.0 = Release|x64
		{ADA8F78C-27EA-44A7-9542-94CC73174F8A}.Debug|Any CPU.ActiveCfg = Debug|x64
		{ADA8F78C-27EA-44A7-9542-94CC73174F8A}.Debug|Any CPU.Build.0 = Debug|x64
		{ADA8F78C-27EA-44A7-9542-94CC73174F8A}.Debug|x86.ActiveCfg = Debug|x64
		{ADA8F78C-27EA-44A7-9542-94CC73174F8A}.Debug|x86.Build.0 = Debug|x64
		{ADA8F78C-27EA-44A7-9542-94CC73174F8A}.Release|Any CPU.ActiveCfg = Release|x64
		{ADA8F78C-27EA-44A7-9542-94CC73174F8A}.Release|Any CPU.Build.0 = Release|x64
		{ADA8F78C-27EA-44A7-9542-94CC73174F8A}.Release|x86.ActiveCfg = Release|x64
		{ADA8F78C-27EA-44A7-9542-94CC73174F8A}.Release|x86.Build.0 = Release|x64
		{D1BA161D-FF04-4ADC-B3A6-F8040AFF04A8}.Debug|Any CPU.ActiveCfg = Debug|x64
		{D1BA161D-FF04-4ADC-B3A6-F8040AFF04A8}.Debug|Any CPU.Build.0 = Debug|x64
		{D1BA161D-FF04-4ADC-B3A6-F8040AFF04A8}.Debug|x86.ActiveCfg = Debug|x64
		{D1BA161D-FF04-4ADC-B3A6-F8040AFF04A8}.Debug|x86.Build.0 = Debug|x64
		{D1BA161D-FF04-4ADC-B3A6-F8040AFF04A8}.Release|Any CPU.ActiveCfg = Release|x64
		{D1BA161D-FF04-4ADC-B3A6-F8040AFF04A8}.Release|Any CPU.Build.0 = Release|x64
		{D1BA161D-FF04-4ADC-B3A6-F8040AFF04A8}.Release|x86.ActiveCfg = Release|x64
		{D1BA161D-FF04-4ADC-B3A6-F8040AFF04A8}.Release|x86.Build.0 = Release|x64
		{EAB868BD-19CD-45BE-9F0B-7B73772B1C72}.Debug|Any CPU.ActiveCfg = Debug|x64
		{EAB868BD-19CD-45BE-9F0B-7B73772B1C72}.Debug|Any CPU.Build.0 = Debug|x64
		{EAB868BD-19CD-45BE-9F0B-7B73772B1C72}.Debug|x86.ActiveCfg = Debug|x64
		{EAB868BD-19CD-45BE-9F0B-7B73772B1C72}.Debug|x86.Build.0 = Debug|x64
		{EAB868BD-19CD-45BE-9F0B-7B73772B1C72}.Release|Any CPU.ActiveCfg = Release|x64
		{EAB868BD-19CD-45BE-9F0B-7B73772B1C72}.Release|Any CPU.Build.0 = Release|x64
		{EAB868BD-19CD-45BE-9F0B-7B73772B1C72}.Release|x86.ActiveCfg = Release|x64
		{EAB868BD-19CD-45BE-9F0B-7B73772B1C72}.Release|x86.Build.0 = Release|x64
		{E235B83C-6BF9-42A3-91EE-C0F5E48FC8CB}.Debug|Any CPU.ActiveCfg = Debug|x64
		{E235B83C-6BF9-42A3-91EE-C0F5E48FC8CB}.Debug|Any CPU.Build.0 = Debug|x64
		{E235B83C-6BF9-42A3-91EE-C0F5E48FC8CB}.Debug|x86.ActiveCfg = Debug|x64
		{E235B83C-6BF9-42A3-91EE-C0F5E48FC8CB}.Debug|x86.Build.0 = Debug|x64
		{E235B83C-6BF9-42A3-91EE-C0F5E48FC8CB}.Release|Any CPU.ActiveCfg = Release|x64
		{E235B83C-6BF9-42A3-91EE-C0F5E48FC8CB}.Release|Any CPU.Build.0 = Release|x64
		{E235B83C-6BF9-42A3-91EE-C0F5E48FC8CB}.Release|x86.ActiveCfg = Release|x64
		{E235B83C-6BF9-42A3-91EE-C0F5E48FC8CB}.Release|x86.Build.0 = Release|x64
		{6EE7DDD4-01BF-47F8-8EAB-97A5AF53C65A}.Debug|Any CPU.ActiveCfg = Debug|x64
		{6EE7DDD4-01BF-47F8-8EAB-97A5AF53C65A}.Debug|Any CPU.Build.0 = Debug|x64
		{6EE7DDD4-01BF-47F8-8EAB-97A5AF53C65A}.Debug|x86.ActiveCfg = Debug|x64
		{6EE7DDD4-01BF-47F8-8EAB-97A5AF53C65A}.Debug|x86.Build.0 = Debug|x64
		{6EE7DDD4-01BF-47F8-8EAB-97A5AF53C65A}.Release|Any CPU.ActiveCfg = Release|x64
		{6EE7DDD4-01BF-47F8-8EAB-97A5AF53C65A}.Release|Any CPU.Build.0 = Release|x64
		{6EE7DDD4-01BF-47F8-8EAB-97A5AF53C65A}.Release|x86.ActiveCfg = Release|x64
		{6EE7DDD4-01BF-47F8-8EAB-97A5AF53C65A}.Release|x86.Build.0 = Release|x64
		{5017C566-F20C-4CC9-B4B5-160E951DAE5E}.Debug|Any CPU.ActiveCfg = Debug|x64
		{5017C566-F20C-4CC9-B4B5-160E951DAE5E}.Debug|Any CPU.Build.0 = Debug|x64
		{5017C566-F20C-4CC9-B4B5-160E951DAE5E}.Debug|x86.ActiveCfg = Debug|x64
		{5017C566-F20C-4CC9-B4B5-160E951DAE5E}.Debug|x86.Build.0 = Debug|x64
		{5017C566-F20C-4CC9-B4B5-160E951DAE5E}.Release|Any CPU.ActiveCfg = Release|x64
		{5017C566-F20C-4CC9-B4B5-160E951DAE5E}.Release|Any CPU.Build.0 = Release|x64
		{5017C566-F20C-4CC9-B4B5-160E951DAE5E}.Release|x86.ActiveCfg = Release|x64
		{5017C566-F20C-4CC9-B4B5-160E951DAE5E}.Release|x86.Build.0 = Release|x64
		{7F66387B-3DC4-419B-905B-E7E71F17F289}.Debug|Any CPU.ActiveCfg = Debug|x64
		{7F66387B-3DC4-419B-905B-E7E71F17F289}.Debug|Any CPU.Build.0 = Debug|x64
		{7F66387B-3DC4-419B-905B-E7E71F17F289}.Debug|x86.ActiveCfg = Debug|x64
		{7F66387B-3DC4-419B-905B-E7E71F17F289}.Debug|x86.Build.0 = Debug|x64
		{7F66387B-3DC4-419B-905B-E7E71F17F289}.Release|Any CPU.ActiveCfg = Release|x64
		{7F66387B-3DC4-419B-905B-E7E71F17F289}.Release|Any CPU.Build.0 = Release|x64
		{7F66387B-3DC4-419B-905B-E7E71F17F289}.Release|x86.ActiveCfg = Release|x64
		{7F66387B-3DC4-419B-905B-E7E71F17F289}.Release|x86.Build.0 = Release|x64
		{450332EC-8439-4C23-8571-954CC67990AB}.Debug|Any CPU.ActiveCfg = Debug|x64
		{450332EC-8439-4C23-8571-954CC67990AB}.Debug|Any CPU.Build.0 = Debug|x64
		{450332EC-8439-4C23-8571-954CC67990AB}.Debug|x86.ActiveCfg = Debug|x64
		{450332EC-8439-4C23-8571-954CC67990AB}.Debug|x86.Build.0 = Debug|x64
		{450332EC-8439-4C23-8571-954CC67990AB}.Release|Any CPU.ActiveCfg = Release|x64
		{450332EC-8439-4C23-8571-954CC67990AB}.Release|Any CPU.Build.0 = Release|x64
		{450332EC-8439-4C23-8571-954CC67990AB}.Release|x86.ActiveCfg = Release|x64
		{450332EC-8439-4C23-8571-954CC67990AB}.Release|x86.Build.0 = Release|x64
		{20724B0A-A16E-4859-B090-52E3263A58F6}.Debug|Any CPU.ActiveCfg = Debug|x64
		{20724B0A-A16E-4859-B090-52E3263A58F6}.Debug|Any CPU.Build.0 = Debug|x64
		{20724B0A-A16E-4859-B090-52E3263A58F6}.Debug|x86.ActiveCfg = Debug|x64
		{20724B0A-A16E-4859-B090-52E3263A58F6}.Debug|x86.Build.0 = Debug|x64
		{20724B0A-A16E-4859-B090-52E3263A58F6}.Release|Any CPU.ActiveCfg = Release|x64
		{20724B0A-A16E-4859-B090-52E3263A58F6}.Release|Any CPU.Build.0 = Release|x64
		{20724B0A-A16E-4859-B090-52E3263A58F6}.Release|x86.ActiveCfg = Release|x64
		{20724B0A-A16E-4859-B090-52E3263A58F6}.Release|x86.Build.0 = Release|x64
		{352A83DC-42AC-4F60-B2AA-DDF94B933CFC}.Debug|Any CPU.ActiveCfg = Debug|x64
		{352A83DC-42AC-4F60-B2AA-DDF94B933CFC}.Debug|Any CPU.Build.0 = Debug|x64
		{352A83DC-42AC-4F60-B2AA-DDF94B933CFC}.Debug|x86.ActiveCfg = Debug|x64
		{352A83DC-42AC-4F60-B2AA-DDF94B933CFC}.Debug|x86.Build.0 = Debug|x64
		{352A83DC-42AC-4F60-B2AA-DDF94B933CFC}.Release|Any CPU.ActiveCfg = Release|x64
		{352A83DC-42AC-4F60-B2AA-DDF94B933CFC}.Release|Any CPU.Build.0 = Release|x64
		{352A83DC-42AC-4F60-B2AA-DDF94B933CFC}.Release|x86.ActiveCfg = Release|x64
		{352A83DC-42AC-4F60-B2AA-DDF94B933CFC}.Release|x86.Build.0 = Release|x64
		{CDA3D414-F300-4761-B4EA-606C93278210}.Debug|Any CPU.ActiveCfg = Debug|x64
		{CDA3D414-F300-4761-B4EA-606C93278210}.Debug|Any CPU.Build.0 = Debug|x64
		{CDA3D414-F300-4761-B4EA-606C93278210}.Debug|x86.ActiveCfg = Debug|x64
		{CDA3D414-F300-4761-B4EA-606C93278210}.Debug|x86.Build.0 = Debug|x64
		{CDA3D414-F300-4761-B4EA-606C93278210}.Release|Any CPU.ActiveCfg = Release|x64
		{CDA3D414-F300-4761-B4EA-606C93278210}.Release|Any CPU.Build.0 = Release|x64
		{CDA3D414-F300-4761-B4EA-606C93278210}.Release|x86.ActiveCfg = Release|x64
		{CDA3D414-F300-4761-B4EA-606C93278210}.Release|x86.Build.0 = Release|x64
		{63E2B274-C5D2-4A25-A488-F0571A127D9B}.Debug|Any CPU.ActiveCfg = Debug|x64
		{63E2B274-C5D2-4A25-A488-F0571A127D9B}.Debug|Any CPU.Build.0 = Debug|x64
		{63E2B274-C5D2-4A25-A488-F0571A127D9B}.Debug|x86.ActiveCfg = Debug|x64
		{63E2B274-C5D2-4A25-A488-F0571A127D9B}.Debug|x86.Build.0 = Debug|x64
		{63E2B274-C5D2-4A25-A488-F0571A127D9B}.Release|Any CPU.ActiveCfg = Release|x64
		{63E2B274-C5D2-4A25-A488-F0571A127D9B}.Release|Any CPU.Build.0 = Release|x64
		{63E2B274-C5D2-4A25-A488-F0571A127D9B}.Release|x86.ActiveCfg = Release|x64
		{63E2B274-C5D2-4A25-A488-F0571A127D9B}.Release|x86.Build.0 = Release|x64
		{564E4377-AF8F-40AF-BCEC-3F552993928F}.Debug|Any CPU.ActiveCfg = Debug|x64
		{564E4377-AF8F-40AF-BCEC-3F552993928F}.Debug|Any CPU.Build.0 = Debug|x64
		{564E4377-AF8F-40AF-BCEC-3F552993928F}.Debug|x86.ActiveCfg = Debug|x64
		{564E4377-AF8F-40AF-BCEC-3F552993928F}.Debug|x86.Build.0 = Debug|x64
		{564E4377-AF8F-40AF-BCEC-3F552993928F}.Release|Any CPU.ActiveCfg = Release|x64
		{564E4377-AF8F-40AF-BCEC-3F552993928F}.Release|Any CPU.Build.0 = Release|x64
		{564E4377-AF8F-40AF-BCEC-3F552993928F}.Release|x86.ActiveCfg = Release|x64
		{564E4377-AF8F-40AF-BCEC-3F552993928F}.Release|x86.Build.0 = Release|x64
		{67FAD02A-9CE9-4628-92A1-61D3A4C06528}.Debug|Any CPU.ActiveCfg = Debug|x64
		{67FAD02A-9CE9-4628-92A1-61D3A4C06528}.Debug|Any CPU.Build.0 = Debug|x64
		{67FAD02A-9CE9-4628-92A1-61D3A4C06528}.Debug|x86.ActiveCfg = Debug|x64
		{67FAD02A-9CE9-4628-92A1-61D3A4C06528}.Debug|x86.Build.0 = Debug|x64
		{67FAD02A-9CE9-4628-92A1-61D3A4C06528}.Release|Any CPU.ActiveCfg = Release|x64
		{67FAD02A-9CE9-4628-92A1-61D3A4C06528}.Release|Any CPU.Build.0 = Release|x64
		{67FAD02A-9CE9-4628-92A1-61D3A4C06528}.Release|x86.ActiveCfg = Release|x64
		{67FAD02A-9CE9-4628-92A1-61D3A4C06528}.Release|x86.Build.0 = Release|x64
		{38C64BB5-EC50-48A7-9008-2323702F7786}.Debug|Any CPU.ActiveCfg = Debug|x64
		{38C64BB5-EC50-48A7-9008-2323702F7786}.Debug|Any CPU.Build.0 = Debug|x64
		{38C64BB5-EC50-48A7-9008-2323702F7786}.Debug|x86.ActiveCfg = Debug|x64
		{38C64BB5-EC50-48A7-9008-2323702F7786}.Debug|x86.Build.0 = Debug|x64
		{38C64BB5-EC50-48A7-9008-2323702F7786}.Release|Any CPU.ActiveCfg = Release|x64
		{38C64BB5-EC50-48A7-9008-2323702F7786}.Release|Any CPU.Build.0 = Release|x64
		{38C64BB5-EC50-48A7-9008-2323702F7786}.Release|x86.ActiveCfg = Release|x64
		{38C64BB5-EC50-48A7-9008-2323702F7786}.Release|x86.Build.0 = Release|x64
		{F695C6AE-EBF6-4034-8BFB-99036696C974}.Debug|Any CPU.ActiveCfg = Debug|x64
		{F695C6AE-EBF6-4034-8BFB-99036696C974}.Debug|Any CPU.Build.0 = Debug|x64
		{F695C6AE-EBF6-4034-8BFB-99036696C974}.Debug|x86.ActiveCfg = Debug|x64
		{F695C6AE-EBF6-4034-8BFB-99036696C974}.Debug|x86.Build.0 = Debug|x64
		{F695C6AE-EBF6-4034-8BFB-99036696C974}.Release|Any CPU.ActiveCfg = Release|x64
		{F695C6AE-EBF6-4034-8BFB-99036696C974}.Release|Any CPU.Build.0 = Release|x64
		{F695C6AE-EBF6-4034-8BFB-99036696C974}.Release|x86.ActiveCfg = Release|x64
		{F695C6AE-EBF6-4034-8BFB-99036696C974}.Release|x86.Build.0 = Release|x64
		{A8ED4AC3-0961-48E7-A5D4-A3533FD8519D}.Debug|Any CPU.ActiveCfg = Debug|x64
		{A8ED4AC3-0961-48E7-A5D4-A3533FD8519D}.Debug|Any CPU.Build.0 = Debug|x64
		{A8ED4AC3-0961-48E7-A5D4-A3533FD8519D}.Debug|x86.ActiveCfg = Debug|x64
		{A8ED4AC3-0961-48E7-A5D4-A3533FD8519D}.Debug|x86.Build.0 = Debug|x64
		{A8ED4AC3-0961-48E7-A5D4-A3533FD8519D}.Release|Any CPU.ActiveCfg = Release|x64
		{A8ED4AC3-0961-48E7-A5D4-A3533FD8519D}.Release|Any CPU.Build.0 = Release|x64
		{A8ED4AC3-0961-48E7-A5D4-A3533FD8519D}.Release|x86.ActiveCfg = Release|x64
		{A8ED4AC3-0961-48E7-A5D4-A3533FD8519D}.Release|x86.Build.0 = Release|x64
		{1B91F218-5303-4041-A4AB-5AB20879B165}.Debug|Any CPU.ActiveCfg = Debug|x64
		{1B91F218-5303-4041-A4AB-5AB20879B165}.Debug|Any CPU.Build.0 = Debug|x64
		{1B91F218-5303-4041-A4AB-5AB20879B165}.Debug|x86.ActiveCfg = Debug|x64
		{1B91F218-5303-4041-A4AB-5AB20879B165}.Debug|x86.Build.0 = Debug|x64
		{1B91F218-5303-4041-A4AB-5AB20879B165}.Release|Any CPU.ActiveCfg = Release|x64
		{1B91F218-5303-4041-A4AB-5AB20879B165}.Release|Any CPU.Build.0 = Release|x64
		{1B91F218-5303-4041-A4AB-5AB20879B165}.Release|x86.ActiveCfg = Release|x64
		{1B91F218-5303-4041-A4AB-5AB20879B165}.Release|x86.Build.0 = Release|x64
		{BACA0A06-7D6D-44BB-BDFC-6F044E1A3E4A}.Debug|Any CPU.ActiveCfg = Debug|x64
		{BACA0A06-7D6D-44BB-BDFC-6F044E1A3E4A}.Debug|Any CPU.Build.0 = Debug|x64
		{BACA0A06-7D6D-44BB-BDFC-6F044E1A3E4A}.Debug|x86.ActiveCfg = Debug|x64
		{BACA0A06-7D6D-44BB-BDFC-6F044E1A3E4A}.Debug|x86.Build.0 = Debug|x64
		{BACA0A06-7D6D-44BB-BDFC-6F044E1A3E4A}.Release|Any CPU.ActiveCfg = Release|x64
		{BACA0A06-7D6D-44BB-BDFC-6F044E1A3E4A}.Release|Any CPU.Build.0 = Release|x64
		{BACA0A06-7D6D-44BB-BDFC-6F044E1A3E4A}.Release|x86.ActiveCfg = Release|x64
		{BACA0A06-7D6D-44BB-BDFC-6F044E1A3E4A}.Release|x86.Build.0 = Release|x64
		{0F771C8B-246E-45FB-8678-5D8035D2478A}.Debug|Any CPU.ActiveCfg = Debug|x64
		{0F771C8B-246E-45FB-8678-5D8035D2478A}.Debug|Any CPU.Build.0 = Debug|x64
		{0F771C8B-246E-45FB-8678-5D8035D2478A}.Debug|x86.ActiveCfg = Debug|x64
		{0F771C8B-246E-45FB-8678-5D8035D2478A}.Debug|x86.Build.0 = Debug|x64
		{0F771C8B-246E-45FB-8678-5D8035D2478A}.Release|Any CPU.ActiveCfg = Release|x64
		{0F771C8B-246E-45FB-8678-5D8035D2478A}.Release|Any CPU.Build.0 = Release|x64
		{0F771C8B-246E-45FB-8678-5D8035D2478A}.Release|x86.ActiveCfg = Release|x64
		{0F771C8B-246E-45FB-8678-5D8035D2478A}.Release|x86.Build.0 = Release|x64
		{888ED81E-AE91-4EAC-9D57-AFDD84FEB772}.Debug|Any CPU.ActiveCfg = Debug|x64
		{888ED81E-AE91-4EAC-9D57-AFDD84FEB772}.Debug|Any CPU.Build.0 = Debug|x64
		{888ED81E-AE91-4EAC-9D57-AFDD84FEB772}.Debug|x86.ActiveCfg = Debug|x64
		{888ED81E-AE91-4EAC-9D57-AFDD84FEB772}.Debug|x86.Build.0 = Debug|x64
		{888ED81E-AE91-4EAC-9D57-AFDD84FEB772}.Release|Any CPU.ActiveCfg = Release|x64
		{888ED81E-AE91-4EAC-9D57-AFDD84FEB772}.Release|Any CPU.Build.0 = Release|x64
		{888ED81E-AE91-4EAC-9D57-AFDD84FEB772}.Release|x86.ActiveCfg = Release|x64
		{888ED81E-AE91-4EAC-9D57-AFDD84FEB772}.Release|x86.Build.0 = Release|x64
		{655BFD7E-1CC0-4591-B70B-A713E01BDAA5}.Debug|Any CPU.ActiveCfg = Debug|x64
		{655BFD7E-1CC0-4591-B70B-A713E01BDAA5}.Debug|Any CPU.Build.0 = Debug|x64
		{655BFD7E-1CC0-4591-B70B-A713E01BDAA5}.Debug|x86.ActiveCfg = Debug|x64
		{655BFD7E-1CC0-4591-B70B-A713E01BDAA5}.Debug|x86.Build.0 = Debug|x64
		{655BFD7E-1CC0-4591-B70B-A713E01BDAA5}.Release|Any CPU.ActiveCfg = Release|x64
		{655BFD7E-1CC0-4591-B70B-A713E01BDAA5}.Release|Any CPU.Build.0 = Release|x64
		{655BFD7E-1CC0-4591-B70B-A713E01BDAA5}.Release|x86.ActiveCfg = Release|x64
		{655BFD7E-1CC0-4591-B70B-A713E01BDAA5}.Release|x86.Build.0 = Release|x64
		{540A764D-69FB-47E5-8F35-B0E30A2BC78E}.Debug|Any CPU.ActiveCfg = Debug|x64
		{540A764D-69FB-47E5-8F35-B0E30A2BC78E}.Debug|Any CPU.Build.0 = Debug|x64
		{540A764D-69FB-47E5-8F35-B0E30A2BC78E}.Debug|x86.ActiveCfg = Debug|x64
		{540A764D-69FB-47E5-8F35-B0E30A2BC78E}.Debug|x86.Build.0 = Debug|x64
		{540A764D-69FB-47E5-8F35-B0E30A2BC78E}.Release|Any CPU.ActiveCfg = Release|x64
		{540A764D-69FB-47E5-8F35-B0E30A2BC78E}.Release|Any CPU.Build.0 = Release|x64
		{540A764D-69FB-47E5-8F35-B0E30A2BC78E}.Release|x86.ActiveCfg = Release|x64
		{540A764D-69FB-47E5-8F35-B0E30A2BC78E}.Release|x86.Build.0 = Release|x64
		{5D722EDD-0097-412E-A8F4-05A6FE714DE9}.Debug|Any CPU.ActiveCfg = Debug|x64
		{5D722EDD-0097-412E-A8F4-05A6FE714DE9}.Debug|Any CPU.Build.0 = Debug|x64
		{5D722EDD-0097-412E-A8F4-05A6FE714DE9}.Debug|x86.ActiveCfg = Debug|x64
		{5D722EDD-0097-412E-A8F4-05A6FE714DE9}.Debug|x86.Build.0 = Debug|x64
		{5D722EDD-0097-412E-A8F4-05A6FE714DE9}.Release|Any CPU.ActiveCfg = Release|x64
		{5D722EDD-0097-412E-A8F4-05A6FE714DE9}.Release|Any CPU.Build.0 = Release|x64
		{5D722EDD-0097-412E-A8F4-05A6FE714DE9}.Release|x86.ActiveCfg = Release|x64
		{5D722EDD-0097-412E-A8F4-05A6FE714DE9}.Release|x86.Build.0 = Release|x64
		{B4C6651A-1341-45D2-9A4F-E24A1F6CF207}.Debug|Any CPU.ActiveCfg = Debug|x64
		{B4C6651A-1341-45D2-9A4F-E24A1F6CF207}.Debug|Any CPU.Build.0 = Debug|x64
		{B4C6651A-1341-45D2-9A4F-E24A1F6CF207}.Debug|x86.ActiveCfg = Debug|x64
		{B4C6651A-1341-45D2-9A4F-E24A1F6CF207}.Debug|x86.Build.0 = Debug|x64
		{B4C6651A-1341-45D2-9A4F-E24A1F6CF207}.Release|Any CPU.ActiveCfg = Release|x64
		{B4C6651A-1341-45D2-9A4F-E24A1F6CF207}.Release|Any CPU.Build.0 = Release|x64
		{B4C6651A-1341-45D2-9A4F-E24A1F6CF207}.Release|x86.ActiveCfg = Release|x64
		{B4C6651A-1341-45D2-9A4F-E24A1F6CF207}.Release|x86.Build.0 = Release|x64
		{557782B0-431D-42A4-9EA1-C0C0EBB25C78}.Debug|Any CPU.ActiveCfg = Debug|x64
		{557782B0-431D-42A4-9EA1-C0C0EBB25C78}.Debug|Any CPU.Build.0 = Debug|x64
		{557782B0-431D-42A4-9EA1-C0C0EBB25C78}.Debug|x86.ActiveCfg = Debug|x64
		{557782B0-431D-42A4-9EA1-C0C0EBB25C78}.Debug|x86.Build.0 = Debug|x64
		{557782B0-431D-42A4-9EA1-C0C0EBB25C78}.Release|Any CPU.ActiveCfg = Release|x64
		{557782B0-431D-42A4-9EA1-C0C0EBB25C78}.Release|Any CPU.Build.0 = Release|x64
		{557782B0-431D-42A4-9EA1-C0C0EBB25C78}.Release|x86.ActiveCfg = Release|x64
		{557782B0-431D-42A4-9EA1-C0C0EBB25C78}.Release|x86.Build.0 = Release|x64
		{B667D2A2-37E0-4662-BE20-9876158555CD}.Debug|Any CPU.ActiveCfg = Debug|x64
		{B667D2A2-37E0-4662-BE20-9876158555CD}.Debug|Any CPU.Build.0 = Debug|x64
		{B667D2A2-37E0-4662-BE20-9876158555CD}.Debug|x86.ActiveCfg = Debug|x64
		{B667D2A2-37E0-4662-BE20-9876158555CD}.Debug|x86.Build.0 = Debug|x64
		{B667D2A2-37E0-4662-BE20-9876158555CD}.Release|Any CPU.ActiveCfg = Release|x64
		{B667D2A2-37E0-4662-BE20-9876158555CD}.Release|Any CPU.Build.0 = Release|x64
		{B667D2A2-37E0-4662-BE20-9876158555CD}.Release|x86.ActiveCfg = Release|x64
		{B667D2A2-37E0-4662-BE20-9876158555CD}.Release|x86.Build.0 = Release|x64
		{7EB9E719-4774-4867-92BA-D4B25D1BDE57}.Debug|Any CPU.ActiveCfg = Debug|Any CPU
		{7EB9E719-4774-4867-92BA-D4B25D1BDE57}.Debug|Any CPU.Build.0 = Debug|Any CPU
		{7EB9E719-4774-4867-92BA-D4B25D1BDE57}.Debug|x86.ActiveCfg = Debug|x86
		{7EB9E719-4774-4867-92BA-D4B25D1BDE57}.Debug|x86.Build.0 = Debug|x86
		{7EB9E719-4774-4867-92BA-D4B25D1BDE57}.Release|Any CPU.ActiveCfg = Release|Any CPU
		{7EB9E719-4774-4867-92BA-D4B25D1BDE57}.Release|Any CPU.Build.0 = Release|Any CPU
		{7EB9E719-4774-4867-92BA-D4B25D1BDE57}.Release|x86.ActiveCfg = Release|x86
		{7EB9E719-4774-4867-92BA-D4B25D1BDE57}.Release|x86.Build.0 = Release|x86
	EndGlobalSection
	GlobalSection(SolutionProperties) = preSolution
		HideSolutionNode = FALSE
	EndGlobalSection
	GlobalSection(NestedProjects) = preSolution
		{F9061C06-BCE6-416B-9AEB-31351810B7BA} = {7A81D063-1E2A-4FCB-99ED-0CEA3A560A18}
		{DBE5D443-8D6F-4F18-A8A9-241081973759} = {9559A8F8-B193-446D-AB8C-B58EF35F5471}
		{7A81D063-1E2A-4FCB-99ED-0CEA3A560A18} = {9559A8F8-B193-446D-AB8C-B58EF35F5471}
		{E5156A69-E62C-48B3-BCAF-28C58A8F4D0A} = {AF06B800-9AF4-4394-9AF1-159D9780A1F9}
		{305267B2-9771-491E-9BAF-28199ADC0C0D} = {DBE5D443-8D6F-4F18-A8A9-241081973759}
		{CD325DEF-B361-4CC5-87AC-BF51588DBF2D} = {81396D17-B129-4814-8BF9-1333FF89A651}
		{9EC6E5B0-35C0-4893-8596-B6B51F34D86F} = {DBE5D443-8D6F-4F18-A8A9-241081973759}
		{D4E79012-D153-40C0-B62D-FC9B31495442} = {9EC6E5B0-35C0-4893-8596-B6B51F34D86F}
		{61C2C8D3-D6D1-4BEA-B122-43142579BA35} = {9EC6E5B0-35C0-4893-8596-B6B51F34D86F}
		{89525759-D6EE-4F0D-A057-C3E646B562BD} = {DBE5D443-8D6F-4F18-A8A9-241081973759}
		{BA6B6731-DFA8-4DA0-B121-D3D8D584B001} = {81396D17-B129-4814-8BF9-1333FF89A651}
		{8722E8A6-DDC8-4283-8DFF-45CD15E7DC6F} = {1A003260-AFBF-43CE-931F-97701E3A8388}
		{6B4C9E13-3C5D-41CD-A662-A784AF79F5EE} = {AF06B800-9AF4-4394-9AF1-159D9780A1F9}
		{5B167DC3-FF65-41DF-80EE-A560886D7FE0} = {D34914DD-EA38-420D-8045-DC55A89BD524}
		{3F90F3B3-72A5-49CF-BF0B-07487223F574} = {B72323FA-DADE-40B0-9BE8-37F7469DE8E1}
		{4F03F122-0B6A-4C8A-A912-01EE5641D246} = {035FC5B9-C2D6-4678-A46A-6D60B97E6BE2}
		{F7A80961-EAB1-4455-B6F2-6C280549E8EE} = {D34914DD-EA38-420D-8045-DC55A89BD524}
		{0F6732F7-0DD8-4286-B90C-88F0EE23F5F7} = {DBE5D443-8D6F-4F18-A8A9-241081973759}
		{10D4CDAE-AF65-443B-9B55-B69DF086B883} = {9EC6E5B0-35C0-4893-8596-B6B51F34D86F}
		{C5FCECEA-F915-4F47-A239-43FA19A10A5F} = {0F6732F7-0DD8-4286-B90C-88F0EE23F5F7}
		{12AAD8C0-60D9-4F0B-ADEB-33F22FBF64F6} = {9EC6E5B0-35C0-4893-8596-B6B51F34D86F}
		{5E8BCA7F-B6C0-49C5-BE85-C417CE977DE7} = {B72323FA-DADE-40B0-9BE8-37F7469DE8E1}
		{E51EE650-B088-4940-BEE6-108C8A0ED508} = {35BE9336-3A95-4C42-8DB0-4C174352ED54}
		{BDF27242-7A3C-4DD2-B7C8-62962C96CA08} = {89525759-D6EE-4F0D-A057-C3E646B562BD}
		{2E17D608-0DD9-431F-8BDE-01A282310DB1} = {D34914DD-EA38-420D-8045-DC55A89BD524}
		{C87B711A-0036-4D0E-AA0B-501677F198FD} = {89525759-D6EE-4F0D-A057-C3E646B562BD}
		{96949645-B59C-40FA-87B1-3573253DABE9} = {AF06B800-9AF4-4394-9AF1-159D9780A1F9}
		{E13613A3-B719-4BC5-991A-507402D14C25} = {1A003260-AFBF-43CE-931F-97701E3A8388}
		{3D4E3561-33CD-4642-90B3-066396B7305B} = {9EC6E5B0-35C0-4893-8596-B6B51F34D86F}
		{2D0CB381-DC92-45DB-B74B-B772EBED5E46} = {D34914DD-EA38-420D-8045-DC55A89BD524}
		{11F17698-27E6-45A3-97F5-5317ECD2301E} = {7EA0ABB3-1ACC-4A0F-9B0D-C5A883D35A7A}
		{65BB9A32-5BA4-44D6-9CBF-D06A8FDB3E15} = {B72323FA-DADE-40B0-9BE8-37F7469DE8E1}
		{5F518671-FC41-45A5-8784-109A5684FCFE} = {7EA0ABB3-1ACC-4A0F-9B0D-C5A883D35A7A}
		{F893AD32-FB9E-4947-8185-752666D3FECB} = {7EA0ABB3-1ACC-4A0F-9B0D-C5A883D35A7A}
		{5A4A3E6D-D824-44CD-8464-CA8FCB8F52F1} = {B72323FA-DADE-40B0-9BE8-37F7469DE8E1}
		{3248DEB0-CA9F-4E30-9396-E6C64DE14AF2} = {9EC6E5B0-35C0-4893-8596-B6B51F34D86F}
		{348BA8EA-703A-493E-ADBF-B56ED44BF5E3} = {B72323FA-DADE-40B0-9BE8-37F7469DE8E1}
		{B574B8B8-31A2-4BB6-BC53-499FC722E51F} = {B72323FA-DADE-40B0-9BE8-37F7469DE8E1}
		{927E88F9-CD0A-4E86-9313-530F77524F06} = {7EA0ABB3-1ACC-4A0F-9B0D-C5A883D35A7A}
		{DD3E3D9D-EADE-46C8-ABFE-4B1D81509300} = {D34914DD-EA38-420D-8045-DC55A89BD524}
		{5AB62736-5409-4565-8F3B-CFADDFCD1FC1} = {7EA0ABB3-1ACC-4A0F-9B0D-C5A883D35A7A}
		{6E7F6A13-43FE-4F3A-893C-D4E07BD48C6F} = {DBE5D443-8D6F-4F18-A8A9-241081973759}
		{D2FED5D0-0DA4-48AC-B990-28AB9CB89A04} = {305267B2-9771-491E-9BAF-28199ADC0C0D}
		{54354AEC-3D49-44F1-8CF5-B53C13718659} = {7EA0ABB3-1ACC-4A0F-9B0D-C5A883D35A7A}
		{490CAFE0-FA5F-47B8-9A77-6CC2D8FB68F0} = {7EA0ABB3-1ACC-4A0F-9B0D-C5A883D35A7A}
		{39E2D1AD-6C10-4066-8A74-F9DAEA8566B4} = {7EA0ABB3-1ACC-4A0F-9B0D-C5A883D35A7A}
		{345CDBB7-1EC3-4E1C-AD4F-856A774430F5} = {1A003260-AFBF-43CE-931F-97701E3A8388}
		{5AE8F2DA-6B3E-4492-A009-112A62B056BE} = {89525759-D6EE-4F0D-A057-C3E646B562BD}
		{0A7202F2-BEC1-4B26-9088-9ADD57C9C5D9} = {AF06B800-9AF4-4394-9AF1-159D9780A1F9}
		{EB6C6B93-5B69-4056-A2ED-829F0F2FC4DE} = {9EC6E5B0-35C0-4893-8596-B6B51F34D86F}
		{834D7749-E81F-4BE5-B397-7BF1C7703502} = {35BE9336-3A95-4C42-8DB0-4C174352ED54}
		{07B96122-1EB3-49FA-B509-BC227D280CF8} = {89525759-D6EE-4F0D-A057-C3E646B562BD}
		{08E18B5C-14A4-4D4E-996D-1893279566B5} = {AF06B800-9AF4-4394-9AF1-159D9780A1F9}
		{91A86BC8-9842-421C-B752-9E70F9C8DA62} = {5862D414-5DF1-4915-860C-436FBEADD642}
		{632D0B20-BC2A-4186-9285-A2FE3723B83F} = {AF06B800-9AF4-4394-9AF1-159D9780A1F9}
		{E5B7E645-8062-4B01-AF1C-CF462B608A6B} = {1A003260-AFBF-43CE-931F-97701E3A8388}
		{1A003260-AFBF-43CE-931F-97701E3A8388} = {DBE5D443-8D6F-4F18-A8A9-241081973759}
		{5862D414-5DF1-4915-860C-436FBEADD642} = {DBE5D443-8D6F-4F18-A8A9-241081973759}
		{4EF5DA70-711B-4818-A091-4758B214B891} = {DBE5D443-8D6F-4F18-A8A9-241081973759}
		{10C7F91A-9061-4691-A5DE-C115BCC5CF50} = {4EF5DA70-711B-4818-A091-4758B214B891}
		{CCD365B3-AED3-408D-A8CE-F44F8C01889B} = {AF06B800-9AF4-4394-9AF1-159D9780A1F9}
		{55DCC671-4E2F-4D26-AB85-A99B8ECC57A1} = {4EF5DA70-711B-4818-A091-4758B214B891}
		{94D9D3D5-F304-46C7-BFAC-E469126CBE15} = {AF06B800-9AF4-4394-9AF1-159D9780A1F9}
		{6F6A195A-927A-4DC2-82CD-80E3B96A8032} = {163B0823-FE63-4699-9D36-DAB8B4D644A7}
		{163B0823-FE63-4699-9D36-DAB8B4D644A7} = {DBE5D443-8D6F-4F18-A8A9-241081973759}
		{2D4BF581-D024-4941-9E18-BEDFB682DCCF} = {163B0823-FE63-4699-9D36-DAB8B4D644A7}
		{DD541748-D082-4558-B456-C47F9D893211} = {1A003260-AFBF-43CE-931F-97701E3A8388}
		{2CBFACB3-F586-4B6A-BEDB-C8C35D0D6E21} = {B72323FA-DADE-40B0-9BE8-37F7469DE8E1}
		{0A8F2012-3B44-4A3B-888B-BA7925821A23} = {AF06B800-9AF4-4394-9AF1-159D9780A1F9}
		{7D193869-364C-44AB-AB26-00CB91F84E80} = {DBE5D443-8D6F-4F18-A8A9-241081973759}
		{E975BDF3-7AFD-4DA0-8B3E-ADC22C128BFF} = {7D193869-364C-44AB-AB26-00CB91F84E80}
		{5AC75A07-FB79-4059-B9BF-0A159A75151F} = {7D193869-364C-44AB-AB26-00CB91F84E80}
		{C5F4045C-A539-4859-AA55-114E2F668EEC} = {B72323FA-DADE-40B0-9BE8-37F7469DE8E1}
		{B77582CC-EC91-413A-B942-38E38CC90E16} = {7D193869-364C-44AB-AB26-00CB91F84E80}
		{E1F721BE-8F56-4911-A279-09F55CDA8226} = {B72323FA-DADE-40B0-9BE8-37F7469DE8E1}
		{6DDF3320-CE69-436D-83D4-9848964E1EB5} = {7D193869-364C-44AB-AB26-00CB91F84E80}
		{59105DFD-62C2-49BC-A56B-EC916DFA2A06} = {B72323FA-DADE-40B0-9BE8-37F7469DE8E1}
		{1A68CE6A-424D-45CB-B459-4D4783563304} = {AC9850CF-6153-48B0-A82C-73870CD16ACF}
		{48131C88-22A2-471C-B168-A1CD145AC2EC} = {AC9850CF-6153-48B0-A82C-73870CD16ACF}
		{E989BBFC-A4CD-4F94-B15B-EC7B05F80E3F} = {AC9850CF-6153-48B0-A82C-73870CD16ACF}
		{37CD9B70-E220-4BCC-AEAC-A5BE994A7B6B} = {AC9850CF-6153-48B0-A82C-73870CD16ACF}
		{45CEEA35-4C4D-4A76-9845-95028B39A128} = {35BE9336-3A95-4C42-8DB0-4C174352ED54}
		{DDFE7AB4-93BC-4B92-9024-3AD54AF0E598} = {305267B2-9771-491E-9BAF-28199ADC0C0D}
		{35BE9336-3A95-4C42-8DB0-4C174352ED54} = {DDFE7AB4-93BC-4B92-9024-3AD54AF0E598}
		{848C9162-5E35-4C84-8D3C-A7DEFB982E8D} = {305267B2-9771-491E-9BAF-28199ADC0C0D}
		{81396D17-B129-4814-8BF9-1333FF89A651} = {848C9162-5E35-4C84-8D3C-A7DEFB982E8D}
		{93D5C590-A63B-4C06-B328-AB9A98A229DA} = {AC9850CF-6153-48B0-A82C-73870CD16ACF}
		{9CFB17F8-CC29-4E3B-8AB6-45DDFF2D1A81} = {AC9850CF-6153-48B0-A82C-73870CD16ACF}
		{720C23E6-A4DB-471C-8F05-D15BDEFB9A81} = {7D193869-364C-44AB-AB26-00CB91F84E80}
		{3A3DA748-E7BF-4EA8-B596-A103062A9EC3} = {7D193869-364C-44AB-AB26-00CB91F84E80}
		{EFDB1A7F-8A60-4B64-A046-018832A76522} = {DBE5D443-8D6F-4F18-A8A9-241081973759}
		{BFA94277-1B93-480A-B67A-1C84AF619497} = {EFDB1A7F-8A60-4B64-A046-018832A76522}
		{F325946A-F411-4311-A1FC-6A4E1582B873} = {7D193869-364C-44AB-AB26-00CB91F84E80}
		{D784C455-E686-4979-A78A-1CD5EB77A1A1} = {B72323FA-DADE-40B0-9BE8-37F7469DE8E1}
		{ADA8F78C-27EA-44A7-9542-94CC73174F8A} = {035FC5B9-C2D6-4678-A46A-6D60B97E6BE2}
		{7568C1EA-98BF-498E-9A56-663469DBDB03} = {DBE5D443-8D6F-4F18-A8A9-241081973759}
		{0D30B3EB-77D1-46C8-8CC8-FE31BA87BCA3} = {7568C1EA-98BF-498E-9A56-663469DBDB03}
		{D1BA161D-FF04-4ADC-B3A6-F8040AFF04A8} = {0D30B3EB-77D1-46C8-8CC8-FE31BA87BCA3}
		{EAB868BD-19CD-45BE-9F0B-7B73772B1C72} = {B72323FA-DADE-40B0-9BE8-37F7469DE8E1}
		{DD302774-DE86-454A-A993-E93CDC80C43E} = {7568C1EA-98BF-498E-9A56-663469DBDB03}
		{E235B83C-6BF9-42A3-91EE-C0F5E48FC8CB} = {DD302774-DE86-454A-A993-E93CDC80C43E}
		{6EE7DDD4-01BF-47F8-8EAB-97A5AF53C65A} = {9EC6E5B0-35C0-4893-8596-B6B51F34D86F}
		{5017C566-F20C-4CC9-B4B5-160E951DAE5E} = {B72323FA-DADE-40B0-9BE8-37F7469DE8E1}
		{7F66387B-3DC4-419B-905B-E7E71F17F289} = {9EC6E5B0-35C0-4893-8596-B6B51F34D86F}
		{450332EC-8439-4C23-8571-954CC67990AB} = {B72323FA-DADE-40B0-9BE8-37F7469DE8E1}
		{20724B0A-A16E-4859-B090-52E3263A58F6} = {B72323FA-DADE-40B0-9BE8-37F7469DE8E1}
		{352A83DC-42AC-4F60-B2AA-DDF94B933CFC} = {B72323FA-DADE-40B0-9BE8-37F7469DE8E1}
		{CDA3D414-F300-4761-B4EA-606C93278210} = {1A003260-AFBF-43CE-931F-97701E3A8388}
		{63E2B274-C5D2-4A25-A488-F0571A127D9B} = {DD302774-DE86-454A-A993-E93CDC80C43E}
		{564E4377-AF8F-40AF-BCEC-3F552993928F} = {1A003260-AFBF-43CE-931F-97701E3A8388}
		{DC0A1635-6F1A-4CBE-89D4-797F471ABBD3} = {DBE5D443-8D6F-4F18-A8A9-241081973759}
		{67FAD02A-9CE9-4628-92A1-61D3A4C06528} = {DC0A1635-6F1A-4CBE-89D4-797F471ABBD3}
		{38C64BB5-EC50-48A7-9008-2323702F7786} = {7EA0ABB3-1ACC-4A0F-9B0D-C5A883D35A7A}
		{F695C6AE-EBF6-4034-8BFB-99036696C974} = {0D30B3EB-77D1-46C8-8CC8-FE31BA87BCA3}
		{A8ED4AC3-0961-48E7-A5D4-A3533FD8519D} = {7EA0ABB3-1ACC-4A0F-9B0D-C5A883D35A7A}
		{1B91F218-5303-4041-A4AB-5AB20879B165} = {B72323FA-DADE-40B0-9BE8-37F7469DE8E1}
		{BACA0A06-7D6D-44BB-BDFC-6F044E1A3E4A} = {7EA0ABB3-1ACC-4A0F-9B0D-C5A883D35A7A}
		{0F771C8B-246E-45FB-8678-5D8035D2478A} = {7D193869-364C-44AB-AB26-00CB91F84E80}
		{888ED81E-AE91-4EAC-9D57-AFDD84FEB772} = {B72323FA-DADE-40B0-9BE8-37F7469DE8E1}
		{655BFD7E-1CC0-4591-B70B-A713E01BDAA5} = {0D30B3EB-77D1-46C8-8CC8-FE31BA87BCA3}
		{540A764D-69FB-47E5-8F35-B0E30A2BC78E} = {AF06B800-9AF4-4394-9AF1-159D9780A1F9}
		{5D722EDD-0097-412E-A8F4-05A6FE714DE9} = {7EA0ABB3-1ACC-4A0F-9B0D-C5A883D35A7A}
		{6A7D04F4-C884-4CE6-8224-7388EB1A0B33} = {1A003260-AFBF-43CE-931F-97701E3A8388}
		{B4C6651A-1341-45D2-9A4F-E24A1F6CF207} = {6A7D04F4-C884-4CE6-8224-7388EB1A0B33}
		{634B64AA-79D7-4F5D-8E6C-BD9B69B80DD0} = {3755F0A6-4AD1-4193-8E1C-F2D077FA55B9}
		{5691B541-74B7-4AA2-99FD-A7D1EB4B7AE6} = {634B64AA-79D7-4F5D-8E6C-BD9B69B80DD0}
		{296F5196-985F-4957-B591-8648AB734052} = {7568C1EA-98BF-498E-9A56-663469DBDB03}
		{557782B0-431D-42A4-9EA1-C0C0EBB25C78} = {296F5196-985F-4957-B591-8648AB734052}
		{B667D2A2-37E0-4662-BE20-9876158555CD} = {AF06B800-9AF4-4394-9AF1-159D9780A1F9}
		{7EB9E719-4774-4867-92BA-D4B25D1BDE57} = {02EA681E-C7D8-13C7-8484-4AC65E1B71E8}
	EndGlobalSection
	GlobalSection(ExtensibilityGlobals) = postSolution
		SolutionGuid = {4AFC375E-4B64-489B-95F7-A922B4A380C3}
	EndGlobalSection
	GlobalSection(CppDepend) = preSolution
		Project = ".\UsagiBuild.cdproj"
	EndGlobalSection
EndGlobal
