
Microsoft Visual Studio Solution File, Format Version 12.00
# Visual Studio Version 16
VisualStudioVersion = 16.0.29728.190
MinimumVisualStudioVersion = 10.0.40219.1
Project("{8BC9CEB8-8B4A-11D0-8D11-00A0C91BC942}") = "Usagi", "Library\Usagi\Usagi.vcxproj", "{F9061C06-BCE6-416B-9AEB-31351810B7BA}"
EndProject
Project("{2150E333-8FDC-42A3-9474-1A3956D46DE8}") = "Usagi Components", "Usagi Components", "{9559A8F8-B193-446D-AB8C-B58EF35F5471}"
EndProject
Project("{2150E333-8FDC-42A3-9474-1A3956D46DE8}") = "Usagi Modules", "Usagi Modules", "{DBE5D443-8D6F-4F18-A8A9-241081973759}"
EndProject
Project("{2150E333-8FDC-42A3-9474-1A3956D46DE8}") = "Usagi Core", "Usagi Core", "{7A81D063-1E2A-4FCB-99ED-0CEA3A560A18}"
EndProject
Project("{2150E333-8FDC-42A3-9474-1A3956D46DE8}") = "Input Modules", "Input Modules", "{96BEA811-DB3F-4359-A05B-87ED8BCDF798}"
EndProject
Project("{2150E333-8FDC-42A3-9474-1A3956D46DE8}") = "Output Modules", "Output Modules", "{37E5D2ED-9138-44F9-A0DC-A14B6A5CF10D}"
EndProject
Project("{2150E333-8FDC-42A3-9474-1A3956D46DE8}") = "Gameplay Modules", "Gameplay Modules", "{E7B8E4E1-7815-49E2-84C9-4E896FA7DD04}"
EndProject
Project("{2150E333-8FDC-42A3-9474-1A3956D46DE8}") = "Demo Projects", "Demo Projects", "{AF06B800-9AF4-4394-9AF1-159D9780A1F9}"
EndProject
Project("{2150E333-8FDC-42A3-9474-1A3956D46DE8}") = "Tests", "Tests", "{B72323FA-DADE-40B0-9BE8-37F7469DE8E1}"
EndProject
Project("{2150E333-8FDC-42A3-9474-1A3956D46DE8}") = "Game Projects", "Game Projects", "{035FC5B9-C2D6-4678-A46A-6D60B97E6BE2}"
EndProject
Project("{8BC9CEB8-8B4A-11D0-8D11-00A0C91BC942}") = "DemoEcsFireworks", "Demo\DemoEcsFireworks\DemoEcsFireworks.vcxproj", "{E5156A69-E62C-48B3-BCAF-28C58A8F4D0A}"
EndProject
Project("{2150E333-8FDC-42A3-9474-1A3956D46DE8}") = "Platform Modules", "Platform Modules", "{305267B2-9771-491E-9BAF-28199ADC0C0D}"
EndProject
Project("{8BC9CEB8-8B4A-11D0-8D11-00A0C91BC942}") = "WinCommon", "Module\Usagi\Module\Platform\WinCommon\WinCommon.vcxproj", "{CD325DEF-B361-4CC5-87AC-BF51588DBF2D}"
EndProject
Project("{2150E333-8FDC-42A3-9474-1A3956D46DE8}") = "Common Modules", "Common Modules", "{9EC6E5B0-35C0-4893-8596-B6B51F34D86F}"
EndProject
Project("{8BC9CEB8-8B4A-11D0-8D11-00A0C91BC942}") = "Math", "Module\Usagi\Module\Common\Math\Math.vcxproj", "{D4E79012-D153-40C0-B62D-FC9B31495442}"
EndProject
Project("{8BC9CEB8-8B4A-11D0-8D11-00A0C91BC942}") = "Time", "Module\Usagi\Module\Common\Time\Time.vcxproj", "{61C2C8D3-D6D1-4BEA-B122-43142579BA35}"
EndProject
Project("{2150E333-8FDC-42A3-9474-1A3956D46DE8}") = "Service Modules", "Service Modules", "{89525759-D6EE-4F0D-A057-C3E646B562BD}"
EndProject
Project("{8BC9CEB8-8B4A-11D0-8D11-00A0C91BC942}") = "TestEntityDatabase", "Test\TestEntityDatabase\TestEntityDatabase.vcxproj", "{0D9D8E39-1723-44A3-BA13-2481142FFCE4}"
EndProject
Project("{8BC9CEB8-8B4A-11D0-8D11-00A0C91BC942}") = "Win10", "Module\Usagi\Module\Platform\Win10\Win10.vcxproj", "{BA6B6731-DFA8-4DA0-B121-D3D8D584B001}"
EndProject
Project("{8BC9CEB8-8B4A-11D0-8D11-00A0C91BC942}") = "TestMemoryMappedFile", "Test\TestMemoryMappedFile\TestMemoryMappedFile.vcxproj", "{03B7370B-AC9E-4395-864C-84E5CC70F79B}"
EndProject
Project("{8BC9CEB8-8B4A-11D0-8D11-00A0C91BC942}") = "Asset", "Module\Usagi\Module\Service\Asset\Asset.vcxproj", "{8722E8A6-DDC8-4283-8DFF-45CD15E7DC6F}"
EndProject
Project("{8BC9CEB8-8B4A-11D0-8D11-00A0C91BC942}") = "DemoAssetStreaming", "Demo\DemoAssetStreaming\DemoAssetStreaming.vcxproj", "{6B4C9E13-3C5D-41CD-A662-A784AF79F5EE}"
EndProject
Project("{8BC9CEB8-8B4A-11D0-8D11-00A0C91BC942}") = "DemoDummy", "Demo\DemoDummy\DemoDummy.vcxproj", "{5B167DC3-FF65-41DF-80EE-A560886D7FE0}"
EndProject
Project("{8BC9CEB8-8B4A-11D0-8D11-00A0C91BC942}") = "TestAssetStreaming", "Test\TestAssetStreaming\TestAssetStreaming.vcxproj", "{3F90F3B3-72A5-49CF-BF0B-07487223F574}"
EndProject
Project("{8BC9CEB8-8B4A-11D0-8D11-00A0C91BC942}") = "Mobius", "Project\Irregulars\Mobius\Mobius.vcxproj", "{4F03F122-0B6A-4C8A-A912-01EE5641D246}"
EndProject
Project("{8BC9CEB8-8B4A-11D0-8D11-00A0C91BC942}") = "DemoGtaSaMapStreaming", "Demo\DemoGtaSaMapStreaming\DemoGtaSaMapStreaming.vcxproj", "{F7A80961-EAB1-4455-B6F2-6C280549E8EE}"
EndProject
Project("{2150E333-8FDC-42A3-9474-1A3956D46DE8}") = "Asset Modules", "Asset Modules", "{B6804939-7691-4905-99BF-B245A46C11F8}"
EndProject
Project("{2150E333-8FDC-42A3-9474-1A3956D46DE8}") = "UI Modules", "UI Modules", "{0F6732F7-0DD8-4286-B90C-88F0EE23F5F7}"
EndProject
Project("{8BC9CEB8-8B4A-11D0-8D11-00A0C91BC942}") = "Transform", "Module\Usagi\Module\Common\Transform\Transform.vcxproj", "{10D4CDAE-AF65-443B-9B55-B69DF086B883}"
EndProject
Project("{8BC9CEB8-8B4A-11D0-8D11-00A0C91BC942}") = "FontStash", "Module\Usagi\Module\UI\FontStash\FontStash.vcxproj", "{C5FCECEA-F915-4F47-A239-43FA19A10A5F}"
EndProject
Project("{8BC9CEB8-8B4A-11D0-8D11-00A0C91BC942}") = "Config", "Module\Usagi\Module\Common\Config\Config.vcxproj", "{12AAD8C0-60D9-4F0B-ADEB-33F22FBF64F6}"
EndProject
Project("{8BC9CEB8-8B4A-11D0-8D11-00A0C91BC942}") = "TestModuleConfig", "Test\TestModuleConfig\TestModuleConfig.vcxproj", "{5E8BCA7F-B6C0-49C5-BE85-C417CE977DE7}"
EndProject
Project("{8BC9CEB8-8B4A-11D0-8D11-00A0C91BC942}") = "Graphics", "Module\Usagi\Module\Common\Graphics\Graphics.vcxproj", "{5AE8F2DA-6B3E-4492-A009-112A62B056BE}"
EndProject
Project("{8BC9CEB8-8B4A-11D0-8D11-00A0C91BC942}") = "Vulkan", "Module\Usagi\Module\Platform\Vulkan\Vulkan.vcxproj", "{E51EE650-B088-4940-BEE6-108C8A0ED508}"
EndProject
Project("{8BC9CEB8-8B4A-11D0-8D11-00A0C91BC942}") = "Windowing", "Module\Usagi\Module\Service\Windowing\Windowing.vcxproj", "{BDF27242-7A3C-4DD2-B7C8-62962C96CA08}"
EndProject
Project("{8BC9CEB8-8B4A-11D0-8D11-00A0C91BC942}") = "DemoTextRendering", "Demo\DemoTextRendering\DemoTextRendering.vcxproj", "{2E17D608-0DD9-431F-8BDE-01A282310DB1}"
EndProject
Project("{8BC9CEB8-8B4A-11D0-8D11-00A0C91BC942}") = "GameLoop", "Module\Usagi\Module\Common\GameLoop\GameLoop.vcxproj", "{4E2F0DF9-A199-4B81-BB97-FC8D6DC2B53B}"
EndProject
Project("{8BC9CEB8-8B4A-11D0-8D11-00A0C91BC942}") = "Input", "Module\Usagi\Module\Service\Input\Input.vcxproj", "{C87B711A-0036-4D0E-AA0B-501677F198FD}"
EndProject
Project("{8BC9CEB8-8B4A-11D0-8D11-00A0C91BC942}") = "DemoWindowInput", "Demo\DemoWindowInput\DemoWindowInput.vcxproj", "{96949645-B59C-40FA-87B1-3573253DABE9}"
EndProject
Project("{8BC9CEB8-8B4A-11D0-8D11-00A0C91BC942}") = "Logging", "Module\Usagi\Module\Common\Logging\Logging.vcxproj", "{E13613A3-B719-4BC5-991A-507402D14C25}"
EndProject
Project("{8BC9CEB8-8B4A-11D0-8D11-00A0C91BC942}") = "ExecutorTaskflow", "Module\Usagi\Module\Common\ExecutorTaskflow\ExecutorTaskflow.vcxproj", "{3D4E3561-33CD-4642-90B3-066396B7305B}"
EndProject
Project("{8BC9CEB8-8B4A-11D0-8D11-00A0C91BC942}") = "DemoSudokuSolver", "Demo\DemoSudokuSolver\DemoSudokuSolver.vcxproj", "{2D0CB381-DC92-45DB-B74B-B772EBED5E46}"
EndProject
Project("{2150E333-8FDC-42A3-9474-1A3956D46DE8}") = "Research", "Research", "{7EA0ABB3-1ACC-4A0F-9B0D-C5A883D35A7A}"
EndProject
Project("{8BC9CEB8-8B4A-11D0-8D11-00A0C91BC942}") = "TestCpuPipelineBottleneck", "Project\Research\TestCpuPipelineBottleneck\TestCpuPipelineBottleneck.vcxproj", "{11F17698-27E6-45A3-97F5-5317ECD2301E}"
EndProject
Project("{8BC9CEB8-8B4A-11D0-8D11-00A0C91BC942}") = "ExperimentScheduling", "Project\Research\ExperimentScheduling\ExperimentScheduling.vcxproj", "{038CA99C-A36B-4713-B6D9-77BB8DFA98BE}"
EndProject
Project("{8BC9CEB8-8B4A-11D0-8D11-00A0C91BC942}") = "TestExecutor", "Test\TestExecutor\TestExecutor.vcxproj", "{65BB9A32-5BA4-44D6-9CBF-D06A8FDB3E15}"
EndProject
Global
	GlobalSection(SolutionConfigurationPlatforms) = preSolution
		Debug|x64 = Debug|x64
		Release|x64 = Release|x64
	EndGlobalSection
	GlobalSection(ProjectConfigurationPlatforms) = postSolution
		{F9061C06-BCE6-416B-9AEB-31351810B7BA}.Debug|x64.ActiveCfg = Debug|x64
		{F9061C06-BCE6-416B-9AEB-31351810B7BA}.Debug|x64.Build.0 = Debug|x64
		{F9061C06-BCE6-416B-9AEB-31351810B7BA}.Release|x64.ActiveCfg = Release|x64
		{F9061C06-BCE6-416B-9AEB-31351810B7BA}.Release|x64.Build.0 = Release|x64
		{E5156A69-E62C-48B3-BCAF-28C58A8F4D0A}.Debug|x64.ActiveCfg = Debug|x64
		{E5156A69-E62C-48B3-BCAF-28C58A8F4D0A}.Debug|x64.Build.0 = Debug|x64
		{E5156A69-E62C-48B3-BCAF-28C58A8F4D0A}.Release|x64.ActiveCfg = Release|x64
		{E5156A69-E62C-48B3-BCAF-28C58A8F4D0A}.Release|x64.Build.0 = Release|x64
		{CD325DEF-B361-4CC5-87AC-BF51588DBF2D}.Debug|x64.ActiveCfg = Debug|x64
		{CD325DEF-B361-4CC5-87AC-BF51588DBF2D}.Debug|x64.Build.0 = Debug|x64
		{CD325DEF-B361-4CC5-87AC-BF51588DBF2D}.Release|x64.ActiveCfg = Release|x64
		{CD325DEF-B361-4CC5-87AC-BF51588DBF2D}.Release|x64.Build.0 = Release|x64
		{D4E79012-D153-40C0-B62D-FC9B31495442}.Debug|x64.ActiveCfg = Debug|x64
		{D4E79012-D153-40C0-B62D-FC9B31495442}.Debug|x64.Build.0 = Debug|x64
		{D4E79012-D153-40C0-B62D-FC9B31495442}.Release|x64.ActiveCfg = Release|x64
		{D4E79012-D153-40C0-B62D-FC9B31495442}.Release|x64.Build.0 = Release|x64
		{61C2C8D3-D6D1-4BEA-B122-43142579BA35}.Debug|x64.ActiveCfg = Debug|x64
		{61C2C8D3-D6D1-4BEA-B122-43142579BA35}.Debug|x64.Build.0 = Debug|x64
		{61C2C8D3-D6D1-4BEA-B122-43142579BA35}.Release|x64.ActiveCfg = Release|x64
		{61C2C8D3-D6D1-4BEA-B122-43142579BA35}.Release|x64.Build.0 = Release|x64
		{0D9D8E39-1723-44A3-BA13-2481142FFCE4}.Debug|x64.ActiveCfg = Debug|x64
		{0D9D8E39-1723-44A3-BA13-2481142FFCE4}.Debug|x64.Build.0 = Debug|x64
		{0D9D8E39-1723-44A3-BA13-2481142FFCE4}.Release|x64.ActiveCfg = Release|x64
		{0D9D8E39-1723-44A3-BA13-2481142FFCE4}.Release|x64.Build.0 = Release|x64
		{BA6B6731-DFA8-4DA0-B121-D3D8D584B001}.Debug|x64.ActiveCfg = Debug|x64
		{BA6B6731-DFA8-4DA0-B121-D3D8D584B001}.Debug|x64.Build.0 = Debug|x64
		{BA6B6731-DFA8-4DA0-B121-D3D8D584B001}.Release|x64.ActiveCfg = Release|x64
		{BA6B6731-DFA8-4DA0-B121-D3D8D584B001}.Release|x64.Build.0 = Release|x64
		{03B7370B-AC9E-4395-864C-84E5CC70F79B}.Debug|x64.ActiveCfg = Debug|x64
		{03B7370B-AC9E-4395-864C-84E5CC70F79B}.Debug|x64.Build.0 = Debug|x64
		{03B7370B-AC9E-4395-864C-84E5CC70F79B}.Release|x64.ActiveCfg = Release|x64
		{03B7370B-AC9E-4395-864C-84E5CC70F79B}.Release|x64.Build.0 = Release|x64
		{8722E8A6-DDC8-4283-8DFF-45CD15E7DC6F}.Debug|x64.ActiveCfg = Debug|x64
		{8722E8A6-DDC8-4283-8DFF-45CD15E7DC6F}.Debug|x64.Build.0 = Debug|x64
		{8722E8A6-DDC8-4283-8DFF-45CD15E7DC6F}.Release|x64.ActiveCfg = Release|x64
		{8722E8A6-DDC8-4283-8DFF-45CD15E7DC6F}.Release|x64.Build.0 = Release|x64
		{6B4C9E13-3C5D-41CD-A662-A784AF79F5EE}.Debug|x64.ActiveCfg = Debug|x64
		{6B4C9E13-3C5D-41CD-A662-A784AF79F5EE}.Debug|x64.Build.0 = Debug|x64
		{6B4C9E13-3C5D-41CD-A662-A784AF79F5EE}.Release|x64.ActiveCfg = Release|x64
		{6B4C9E13-3C5D-41CD-A662-A784AF79F5EE}.Release|x64.Build.0 = Release|x64
		{5B167DC3-FF65-41DF-80EE-A560886D7FE0}.Debug|x64.ActiveCfg = Debug|x64
		{5B167DC3-FF65-41DF-80EE-A560886D7FE0}.Debug|x64.Build.0 = Debug|x64
		{5B167DC3-FF65-41DF-80EE-A560886D7FE0}.Release|x64.ActiveCfg = Release|x64
		{5B167DC3-FF65-41DF-80EE-A560886D7FE0}.Release|x64.Build.0 = Release|x64
		{3F90F3B3-72A5-49CF-BF0B-07487223F574}.Debug|x64.ActiveCfg = Debug|x64
		{3F90F3B3-72A5-49CF-BF0B-07487223F574}.Debug|x64.Build.0 = Debug|x64
		{3F90F3B3-72A5-49CF-BF0B-07487223F574}.Release|x64.ActiveCfg = Release|x64
		{3F90F3B3-72A5-49CF-BF0B-07487223F574}.Release|x64.Build.0 = Release|x64
		{4F03F122-0B6A-4C8A-A912-01EE5641D246}.Debug|x64.ActiveCfg = Debug|x64
		{4F03F122-0B6A-4C8A-A912-01EE5641D246}.Debug|x64.Build.0 = Debug|x64
		{4F03F122-0B6A-4C8A-A912-01EE5641D246}.Release|x64.ActiveCfg = Release|x64
		{4F03F122-0B6A-4C8A-A912-01EE5641D246}.Release|x64.Build.0 = Release|x64
		{F7A80961-EAB1-4455-B6F2-6C280549E8EE}.Debug|x64.ActiveCfg = Debug|x64
		{F7A80961-EAB1-4455-B6F2-6C280549E8EE}.Debug|x64.Build.0 = Debug|x64
		{F7A80961-EAB1-4455-B6F2-6C280549E8EE}.Release|x64.ActiveCfg = Release|x64
		{F7A80961-EAB1-4455-B6F2-6C280549E8EE}.Release|x64.Build.0 = Release|x64
		{10D4CDAE-AF65-443B-9B55-B69DF086B883}.Debug|x64.ActiveCfg = Debug|x64
		{10D4CDAE-AF65-443B-9B55-B69DF086B883}.Debug|x64.Build.0 = Debug|x64
		{10D4CDAE-AF65-443B-9B55-B69DF086B883}.Release|x64.ActiveCfg = Release|x64
		{10D4CDAE-AF65-443B-9B55-B69DF086B883}.Release|x64.Build.0 = Release|x64
		{C5FCECEA-F915-4F47-A239-43FA19A10A5F}.Debug|x64.ActiveCfg = Debug|x64
		{C5FCECEA-F915-4F47-A239-43FA19A10A5F}.Debug|x64.Build.0 = Debug|x64
		{C5FCECEA-F915-4F47-A239-43FA19A10A5F}.Release|x64.ActiveCfg = Release|x64
		{C5FCECEA-F915-4F47-A239-43FA19A10A5F}.Release|x64.Build.0 = Release|x64
		{12AAD8C0-60D9-4F0B-ADEB-33F22FBF64F6}.Debug|x64.ActiveCfg = Debug|x64
		{12AAD8C0-60D9-4F0B-ADEB-33F22FBF64F6}.Debug|x64.Build.0 = Debug|x64
		{12AAD8C0-60D9-4F0B-ADEB-33F22FBF64F6}.Release|x64.ActiveCfg = Release|x64
		{12AAD8C0-60D9-4F0B-ADEB-33F22FBF64F6}.Release|x64.Build.0 = Release|x64
		{5E8BCA7F-B6C0-49C5-BE85-C417CE977DE7}.Debug|x64.ActiveCfg = Debug|x64
		{5E8BCA7F-B6C0-49C5-BE85-C417CE977DE7}.Debug|x64.Build.0 = Debug|x64
		{5E8BCA7F-B6C0-49C5-BE85-C417CE977DE7}.Release|x64.ActiveCfg = Release|x64
		{5E8BCA7F-B6C0-49C5-BE85-C417CE977DE7}.Release|x64.Build.0 = Release|x64
		{5AE8F2DA-6B3E-4492-A009-112A62B056BE}.Debug|x64.ActiveCfg = Debug|x64
		{5AE8F2DA-6B3E-4492-A009-112A62B056BE}.Debug|x64.Build.0 = Debug|x64
		{5AE8F2DA-6B3E-4492-A009-112A62B056BE}.Release|x64.ActiveCfg = Release|x64
		{5AE8F2DA-6B3E-4492-A009-112A62B056BE}.Release|x64.Build.0 = Release|x64
		{E51EE650-B088-4940-BEE6-108C8A0ED508}.Debug|x64.ActiveCfg = Debug|x64
		{E51EE650-B088-4940-BEE6-108C8A0ED508}.Debug|x64.Build.0 = Debug|x64
		{E51EE650-B088-4940-BEE6-108C8A0ED508}.Release|x64.ActiveCfg = Release|x64
		{E51EE650-B088-4940-BEE6-108C8A0ED508}.Release|x64.Build.0 = Release|x64
		{BDF27242-7A3C-4DD2-B7C8-62962C96CA08}.Debug|x64.ActiveCfg = Debug|x64
		{BDF27242-7A3C-4DD2-B7C8-62962C96CA08}.Debug|x64.Build.0 = Debug|x64
		{BDF27242-7A3C-4DD2-B7C8-62962C96CA08}.Release|x64.ActiveCfg = Release|x64
		{BDF27242-7A3C-4DD2-B7C8-62962C96CA08}.Release|x64.Build.0 = Release|x64
		{2E17D608-0DD9-431F-8BDE-01A282310DB1}.Debug|x64.ActiveCfg = Debug|x64
		{2E17D608-0DD9-431F-8BDE-01A282310DB1}.Debug|x64.Build.0 = Debug|x64
		{2E17D608-0DD9-431F-8BDE-01A282310DB1}.Release|x64.ActiveCfg = Release|x64
		{2E17D608-0DD9-431F-8BDE-01A282310DB1}.Release|x64.Build.0 = Release|x64
		{4E2F0DF9-A199-4B81-BB97-FC8D6DC2B53B}.Debug|x64.ActiveCfg = Debug|x64
		{4E2F0DF9-A199-4B81-BB97-FC8D6DC2B53B}.Debug|x64.Build.0 = Debug|x64
		{4E2F0DF9-A199-4B81-BB97-FC8D6DC2B53B}.Release|x64.ActiveCfg = Release|x64
		{4E2F0DF9-A199-4B81-BB97-FC8D6DC2B53B}.Release|x64.Build.0 = Release|x64
		{C87B711A-0036-4D0E-AA0B-501677F198FD}.Debug|x64.ActiveCfg = Debug|x64
		{C87B711A-0036-4D0E-AA0B-501677F198FD}.Debug|x64.Build.0 = Debug|x64
		{C87B711A-0036-4D0E-AA0B-501677F198FD}.Release|x64.ActiveCfg = Release|x64
		{C87B711A-0036-4D0E-AA0B-501677F198FD}.Release|x64.Build.0 = Release|x64
		{96949645-B59C-40FA-87B1-3573253DABE9}.Debug|x64.ActiveCfg = Debug|x64
		{96949645-B59C-40FA-87B1-3573253DABE9}.Debug|x64.Build.0 = Debug|x64
		{96949645-B59C-40FA-87B1-3573253DABE9}.Release|x64.ActiveCfg = Release|x64
		{96949645-B59C-40FA-87B1-3573253DABE9}.Release|x64.Build.0 = Release|x64
		{E13613A3-B719-4BC5-991A-507402D14C25}.Debug|x64.ActiveCfg = Debug|x64
		{E13613A3-B719-4BC5-991A-507402D14C25}.Debug|x64.Build.0 = Debug|x64
		{E13613A3-B719-4BC5-991A-507402D14C25}.Release|x64.ActiveCfg = Release|x64
		{E13613A3-B719-4BC5-991A-507402D14C25}.Release|x64.Build.0 = Release|x64
		{3D4E3561-33CD-4642-90B3-066396B7305B}.Debug|x64.ActiveCfg = Debug|x64
		{3D4E3561-33CD-4642-90B3-066396B7305B}.Debug|x64.Build.0 = Debug|x64
		{3D4E3561-33CD-4642-90B3-066396B7305B}.Release|x64.ActiveCfg = Release|x64
		{3D4E3561-33CD-4642-90B3-066396B7305B}.Release|x64.Build.0 = Release|x64
		{2D0CB381-DC92-45DB-B74B-B772EBED5E46}.Debug|x64.ActiveCfg = Debug|x64
		{2D0CB381-DC92-45DB-B74B-B772EBED5E46}.Debug|x64.Build.0 = Debug|x64
		{2D0CB381-DC92-45DB-B74B-B772EBED5E46}.Release|x64.ActiveCfg = Release|x64
		{2D0CB381-DC92-45DB-B74B-B772EBED5E46}.Release|x64.Build.0 = Release|x64
		{11F17698-27E6-45A3-97F5-5317ECD2301E}.Debug|x64.ActiveCfg = Debug|x64
		{11F17698-27E6-45A3-97F5-5317ECD2301E}.Debug|x64.Build.0 = Debug|x64
		{11F17698-27E6-45A3-97F5-5317ECD2301E}.Release|x64.ActiveCfg = Release|x64
		{11F17698-27E6-45A3-97F5-5317ECD2301E}.Release|x64.Build.0 = Release|x64
		{038CA99C-A36B-4713-B6D9-77BB8DFA98BE}.Debug|x64.ActiveCfg = Debug|x64
		{038CA99C-A36B-4713-B6D9-77BB8DFA98BE}.Debug|x64.Build.0 = Debug|x64
		{038CA99C-A36B-4713-B6D9-77BB8DFA98BE}.Release|x64.ActiveCfg = Release|x64
		{038CA99C-A36B-4713-B6D9-77BB8DFA98BE}.Release|x64.Build.0 = Release|x64
		{65BB9A32-5BA4-44D6-9CBF-D06A8FDB3E15}.Debug|x64.ActiveCfg = Debug|x64
		{65BB9A32-5BA4-44D6-9CBF-D06A8FDB3E15}.Debug|x64.Build.0 = Debug|x64
		{65BB9A32-5BA4-44D6-9CBF-D06A8FDB3E15}.Release|x64.ActiveCfg = Release|x64
		{65BB9A32-5BA4-44D6-9CBF-D06A8FDB3E15}.Release|x64.Build.0 = Release|x64
	EndGlobalSection
	GlobalSection(SolutionProperties) = preSolution
		HideSolutionNode = FALSE
	EndGlobalSection
	GlobalSection(NestedProjects) = preSolution
		{F9061C06-BCE6-416B-9AEB-31351810B7BA} = {7A81D063-1E2A-4FCB-99ED-0CEA3A560A18}
		{DBE5D443-8D6F-4F18-A8A9-241081973759} = {9559A8F8-B193-446D-AB8C-B58EF35F5471}
		{7A81D063-1E2A-4FCB-99ED-0CEA3A560A18} = {9559A8F8-B193-446D-AB8C-B58EF35F5471}
		{96BEA811-DB3F-4359-A05B-87ED8BCDF798} = {DBE5D443-8D6F-4F18-A8A9-241081973759}
		{37E5D2ED-9138-44F9-A0DC-A14B6A5CF10D} = {DBE5D443-8D6F-4F18-A8A9-241081973759}
		{E7B8E4E1-7815-49E2-84C9-4E896FA7DD04} = {DBE5D443-8D6F-4F18-A8A9-241081973759}
		{E5156A69-E62C-48B3-BCAF-28C58A8F4D0A} = {AF06B800-9AF4-4394-9AF1-159D9780A1F9}
		{305267B2-9771-491E-9BAF-28199ADC0C0D} = {DBE5D443-8D6F-4F18-A8A9-241081973759}
		{CD325DEF-B361-4CC5-87AC-BF51588DBF2D} = {305267B2-9771-491E-9BAF-28199ADC0C0D}
		{9EC6E5B0-35C0-4893-8596-B6B51F34D86F} = {DBE5D443-8D6F-4F18-A8A9-241081973759}
		{D4E79012-D153-40C0-B62D-FC9B31495442} = {9EC6E5B0-35C0-4893-8596-B6B51F34D86F}
		{61C2C8D3-D6D1-4BEA-B122-43142579BA35} = {9EC6E5B0-35C0-4893-8596-B6B51F34D86F}
		{89525759-D6EE-4F0D-A057-C3E646B562BD} = {DBE5D443-8D6F-4F18-A8A9-241081973759}
		{0D9D8E39-1723-44A3-BA13-2481142FFCE4} = {B72323FA-DADE-40B0-9BE8-37F7469DE8E1}
		{BA6B6731-DFA8-4DA0-B121-D3D8D584B001} = {305267B2-9771-491E-9BAF-28199ADC0C0D}
		{03B7370B-AC9E-4395-864C-84E5CC70F79B} = {B72323FA-DADE-40B0-9BE8-37F7469DE8E1}
		{8722E8A6-DDC8-4283-8DFF-45CD15E7DC6F} = {89525759-D6EE-4F0D-A057-C3E646B562BD}
		{6B4C9E13-3C5D-41CD-A662-A784AF79F5EE} = {AF06B800-9AF4-4394-9AF1-159D9780A1F9}
		{5B167DC3-FF65-41DF-80EE-A560886D7FE0} = {AF06B800-9AF4-4394-9AF1-159D9780A1F9}
		{3F90F3B3-72A5-49CF-BF0B-07487223F574} = {B72323FA-DADE-40B0-9BE8-37F7469DE8E1}
		{4F03F122-0B6A-4C8A-A912-01EE5641D246} = {035FC5B9-C2D6-4678-A46A-6D60B97E6BE2}
		{F7A80961-EAB1-4455-B6F2-6C280549E8EE} = {AF06B800-9AF4-4394-9AF1-159D9780A1F9}
		{B6804939-7691-4905-99BF-B245A46C11F8} = {DBE5D443-8D6F-4F18-A8A9-241081973759}
		{0F6732F7-0DD8-4286-B90C-88F0EE23F5F7} = {DBE5D443-8D6F-4F18-A8A9-241081973759}
		{10D4CDAE-AF65-443B-9B55-B69DF086B883} = {9EC6E5B0-35C0-4893-8596-B6B51F34D86F}
		{C5FCECEA-F915-4F47-A239-43FA19A10A5F} = {0F6732F7-0DD8-4286-B90C-88F0EE23F5F7}
		{12AAD8C0-60D9-4F0B-ADEB-33F22FBF64F6} = {9EC6E5B0-35C0-4893-8596-B6B51F34D86F}
		{5E8BCA7F-B6C0-49C5-BE85-C417CE977DE7} = {B72323FA-DADE-40B0-9BE8-37F7469DE8E1}
		{5AE8F2DA-6B3E-4492-A009-112A62B056BE} = {9EC6E5B0-35C0-4893-8596-B6B51F34D86F}
		{E51EE650-B088-4940-BEE6-108C8A0ED508} = {305267B2-9771-491E-9BAF-28199ADC0C0D}
		{BDF27242-7A3C-4DD2-B7C8-62962C96CA08} = {89525759-D6EE-4F0D-A057-C3E646B562BD}
		{2E17D608-0DD9-431F-8BDE-01A282310DB1} = {AF06B800-9AF4-4394-9AF1-159D9780A1F9}
		{4E2F0DF9-A199-4B81-BB97-FC8D6DC2B53B} = {9EC6E5B0-35C0-4893-8596-B6B51F34D86F}
		{C87B711A-0036-4D0E-AA0B-501677F198FD} = {89525759-D6EE-4F0D-A057-C3E646B562BD}
		{96949645-B59C-40FA-87B1-3573253DABE9} = {AF06B800-9AF4-4394-9AF1-159D9780A1F9}
		{E13613A3-B719-4BC5-991A-507402D14C25} = {9EC6E5B0-35C0-4893-8596-B6B51F34D86F}
		{3D4E3561-33CD-4642-90B3-066396B7305B} = {9EC6E5B0-35C0-4893-8596-B6B51F34D86F}
		{2D0CB381-DC92-45DB-B74B-B772EBED5E46} = {AF06B800-9AF4-4394-9AF1-159D9780A1F9}
		{11F17698-27E6-45A3-97F5-5317ECD2301E} = {7EA0ABB3-1ACC-4A0F-9B0D-C5A883D35A7A}
		{038CA99C-A36B-4713-B6D9-77BB8DFA98BE} = {7EA0ABB3-1ACC-4A0F-9B0D-C5A883D35A7A}
		{65BB9A32-5BA4-44D6-9CBF-D06A8FDB3E15} = {B72323FA-DADE-40B0-9BE8-37F7469DE8E1}
	EndGlobalSection
	GlobalSection(ExtensibilityGlobals) = postSolution
		SolutionGuid = {4AFC375E-4B64-489B-95F7-A922B4A380C3}
	EndGlobalSection
EndGlobal
