
Microsoft Visual Studio Solution File, Format Version 12.00
# Visual Studio Version 16
VisualStudioVersion = 16.0.29728.190
MinimumVisualStudioVersion = 10.0.40219.1
Project("{8BC9CEB8-8B4A-11D0-8D11-00A0C91BC942}") = "Usagi", "Library\Usagi\Usagi.vcxproj", "{F9061C06-BCE6-416B-9AEB-31351810B7BA}"
EndProject
Project("{2150E333-8FDC-42A3-9474-1A3956D46DE8}") = "Usagi Components", "Usagi Components", "{9559A8F8-B193-446D-AB8C-B58EF35F5471}"
EndProject
Project("{2150E333-8FDC-42A3-9474-1A3956D46DE8}") = "Usagi Modules", "Usagi Modules", "{DBE5D443-8D6F-4F18-A8A9-241081973759}"
EndProject
Project("{2150E333-8FDC-42A3-9474-1A3956D46DE8}") = "Usagi Core", "Usagi Core", "{7A81D063-1E2A-4FCB-99ED-0CEA3A560A18}"
EndProject
Project("{2150E333-8FDC-42A3-9474-1A3956D46DE8}") = "Demo Projects", "Demo Projects", "{AF06B800-9AF4-4394-9AF1-159D9780A1F9}"
EndProject
Project("{2150E333-8FDC-42A3-9474-1A3956D46DE8}") = "Tests", "Tests", "{B72323FA-DADE-40B0-9BE8-37F7469DE8E1}"
EndProject
Project("{2150E333-8FDC-42A3-9474-1A3956D46DE8}") = "Game Projects", "Game Projects", "{035FC5B9-C2D6-4678-A46A-6D60B97E6BE2}"
EndProject
Project("{8BC9CEB8-8B4A-11D0-8D11-00A0C91BC942}") = "DemoEcsFireworks", "Demos\DemoEcsFireworks\DemoEcsFireworks.vcxproj", "{E5156A69-E62C-48B3-BCAF-28C58A8F4D0A}"
EndProject
Project("{2150E333-8FDC-42A3-9474-1A3956D46DE8}") = "Platforms", "Platforms", "{305267B2-9771-491E-9BAF-28199ADC0C0D}"
EndProject
Project("{8BC9CEB8-8B4A-11D0-8D11-00A0C91BC942}") = "WinCommon", "Modules\Usagi\Modules\Platforms\WinCommon\WinCommon.vcxproj", "{CD325DEF-B361-4CC5-87AC-BF51588DBF2D}"
EndProject
Project("{2150E333-8FDC-42A3-9474-1A3956D46DE8}") = "Common", "Common", "{9EC6E5B0-35C0-4893-8596-B6B51F34D86F}"
EndProject
Project("{8BC9CEB8-8B4A-11D0-8D11-00A0C91BC942}") = "Math", "Modules\Usagi\Modules\Common\Math\Math.vcxproj", "{D4E79012-D153-40C0-B62D-FC9B31495442}"
EndProject
Project("{8BC9CEB8-8B4A-11D0-8D11-00A0C91BC942}") = "Time", "Modules\Usagi\Modules\Common\Time\Time.vcxproj", "{61C2C8D3-D6D1-4BEA-B122-43142579BA35}"
EndProject
Project("{2150E333-8FDC-42A3-9474-1A3956D46DE8}") = "IO", "IO", "{89525759-D6EE-4F0D-A057-C3E646B562BD}"
EndProject
Project("{8BC9CEB8-8B4A-11D0-8D11-00A0C91BC942}") = "Win10", "Modules\Usagi\Modules\Platforms\Win10\Win10.vcxproj", "{BA6B6731-DFA8-4DA0-B121-D3D8D584B001}"
EndProject
Project("{8BC9CEB8-8B4A-11D0-8D11-00A0C91BC942}") = "Asset", "Modules\Usagi\Modules\Runtime\Asset\Asset.vcxproj", "{8722E8A6-DDC8-4283-8DFF-45CD15E7DC6F}"
EndProject
Project("{8BC9CEB8-8B4A-11D0-8D11-00A0C91BC942}") = "DemoAssetStreaming", "Demos\DemoAssetStreaming\DemoAssetStreaming.vcxproj", "{6B4C9E13-3C5D-41CD-A662-A784AF79F5EE}"
EndProject
Project("{8BC9CEB8-8B4A-11D0-8D11-00A0C91BC942}") = "DemoDummy", "Demos\DemoDummy\DemoDummy.vcxproj", "{5B167DC3-FF65-41DF-80EE-A560886D7FE0}"
EndProject
Project("{8BC9CEB8-8B4A-11D0-8D11-00A0C91BC942}") = "TestAssetStreaming", "Tests\TestAssetStreaming\TestAssetStreaming.vcxproj", "{3F90F3B3-72A5-49CF-BF0B-07487223F574}"
EndProject
Project("{8BC9CEB8-8B4A-11D0-8D11-00A0C91BC942}") = "Mobius", "Projects\Irregulars\Mobius\Mobius.vcxproj", "{4F03F122-0B6A-4C8A-A912-01EE5641D246}"
EndProject
Project("{8BC9CEB8-8B4A-11D0-8D11-00A0C91BC942}") = "DemoGtaSaMapStreaming", "Demos\DemoGtaSaMapStreaming\DemoGtaSaMapStreaming.vcxproj", "{F7A80961-EAB1-4455-B6F2-6C280549E8EE}"
EndProject
Project("{2150E333-8FDC-42A3-9474-1A3956D46DE8}") = "UI Modules", "UI Modules", "{0F6732F7-0DD8-4286-B90C-88F0EE23F5F7}"
EndProject
Project("{8BC9CEB8-8B4A-11D0-8D11-00A0C91BC942}") = "Transform", "Modules\Usagi\Modules\Common\Transform\Transform.vcxproj", "{10D4CDAE-AF65-443B-9B55-B69DF086B883}"
EndProject
Project("{8BC9CEB8-8B4A-11D0-8D11-00A0C91BC942}") = "FontStash", "Modules\Usagi\Modules\UI\FontStash\FontStash.vcxproj", "{C5FCECEA-F915-4F47-A239-43FA19A10A5F}"
EndProject
Project("{8BC9CEB8-8B4A-11D0-8D11-00A0C91BC942}") = "Config", "Modules\Usagi\Modules\Common\Config\Config.vcxproj", "{12AAD8C0-60D9-4F0B-ADEB-33F22FBF64F6}"
EndProject
Project("{8BC9CEB8-8B4A-11D0-8D11-00A0C91BC942}") = "TestModuleConfig", "Tests\TestModuleConfig\TestModuleConfig.vcxproj", "{5E8BCA7F-B6C0-49C5-BE85-C417CE977DE7}"
EndProject
Project("{8BC9CEB8-8B4A-11D0-8D11-00A0C91BC942}") = "Vulkan", "Modules\Usagi\Modules\Platforms\Vulkan\Vulkan.vcxproj", "{E51EE650-B088-4940-BEE6-108C8A0ED508}"
EndProject
Project("{8BC9CEB8-8B4A-11D0-8D11-00A0C91BC942}") = "Windowing", "Modules\Usagi\Modules\IO\Windowing\Windowing.vcxproj", "{BDF27242-7A3C-4DD2-B7C8-62962C96CA08}"
EndProject
Project("{8BC9CEB8-8B4A-11D0-8D11-00A0C91BC942}") = "DemoTextRendering", "Demos\DemoTextRendering\DemoTextRendering.vcxproj", "{2E17D608-0DD9-431F-8BDE-01A282310DB1}"
EndProject
Project("{8BC9CEB8-8B4A-11D0-8D11-00A0C91BC942}") = "Input", "Modules\Usagi\Modules\IO\Input\Input.vcxproj", "{C87B711A-0036-4D0E-AA0B-501677F198FD}"
EndProject
Project("{8BC9CEB8-8B4A-11D0-8D11-00A0C91BC942}") = "DemoWindowInput", "Demos\DemoWindowInput\DemoWindowInput.vcxproj", "{96949645-B59C-40FA-87B1-3573253DABE9}"
EndProject
Project("{8BC9CEB8-8B4A-11D0-8D11-00A0C91BC942}") = "Logging", "Modules\Usagi\Modules\Common\Logging\Logging.vcxproj", "{E13613A3-B719-4BC5-991A-507402D14C25}"
EndProject
Project("{8BC9CEB8-8B4A-11D0-8D11-00A0C91BC942}") = "ExecutorTaskflow", "Modules\Usagi\Modules\Common\ExecutorTaskflow\ExecutorTaskflow.vcxproj", "{3D4E3561-33CD-4642-90B3-066396B7305B}"
EndProject
Project("{8BC9CEB8-8B4A-11D0-8D11-00A0C91BC942}") = "DemoSudokuSolver", "Demos\DemoSudokuSolver\DemoSudokuSolver.vcxproj", "{2D0CB381-DC92-45DB-B74B-B772EBED5E46}"
EndProject
Project("{2150E333-8FDC-42A3-9474-1A3956D46DE8}") = "Research", "Research", "{7EA0ABB3-1ACC-4A0F-9B0D-C5A883D35A7A}"
EndProject
Project("{8BC9CEB8-8B4A-11D0-8D11-00A0C91BC942}") = "TestCpuPipelineBottleneck", "Projects\Research\TestCpuPipelineBottleneck\TestCpuPipelineBottleneck.vcxproj", "{11F17698-27E6-45A3-97F5-5317ECD2301E}"
EndProject
Project("{8BC9CEB8-8B4A-11D0-8D11-00A0C91BC942}") = "TestExecutor", "Tests\TestExecutor\TestExecutor.vcxproj", "{65BB9A32-5BA4-44D6-9CBF-D06A8FDB3E15}"
EndProject
Project("{8BC9CEB8-8B4A-11D0-8D11-00A0C91BC942}") = "VulkanPerfCounter", "Misc\VulkanPerfCounter\VulkanPerfCounter.vcxproj", "{5F518671-FC41-45A5-8784-109A5684FCFE}"
EndProject
Project("{8BC9CEB8-8B4A-11D0-8D11-00A0C91BC942}") = "LabScheduler", "Projects\Research\LabScheduler\LabScheduler.vcxproj", "{F893AD32-FB9E-4947-8185-752666D3FECB}"
EndProject
Project("{8BC9CEB8-8B4A-11D0-8D11-00A0C91BC942}") = "TestUsagiCore", "Tests\TestUsagiCore\TestUsagiCore.vcxproj", "{5A4A3E6D-D824-44CD-8464-CA8FCB8F52F1}"
EndProject
Project("{8BC9CEB8-8B4A-11D0-8D11-00A0C91BC942}") = "Driver", "Modules\Usagi\Modules\Common\Driver\Driver.vcxproj", "{3248DEB0-CA9F-4E30-9396-E6C64DE14AF2}"
EndProject
Project("{8BC9CEB8-8B4A-11D0-8D11-00A0C91BC942}") = "TestDriver", "Tests\TestDriver\TestDriver.vcxproj", "{348BA8EA-703A-493E-ADBF-B56ED44BF5E3}"
EndProject
Project("{8BC9CEB8-8B4A-11D0-8D11-00A0C91BC942}") = "TestScript", "Tests\TestScript\TestScript.vcxproj", "{B574B8B8-31A2-4BB6-BC53-499FC722E51F}"
EndProject
Project("{8BC9CEB8-8B4A-11D0-8D11-00A0C91BC942}") = "TestLabScheduler", "Projects\Research\TestLabScheduler\TestLabScheduler.vcxproj", "{927E88F9-CD0A-4E86-9313-530F77524F06}"
EndProject
Project("{2150E333-8FDC-42A3-9474-1A3956D46DE8}") = "Tools", "Tools", "{D24C674B-5C1F-4685-9D7F-053D83A2212C}"
EndProject
Project("{8BC9CEB8-8B4A-11D0-8D11-00A0C91BC942}") = "Cw", "Misc\Cw\Cw.vcxproj", "{DD3E3D9D-EADE-46C8-ABFE-4B1D81509300}"
EndProject
Project("{8BC9CEB8-8B4A-11D0-8D11-00A0C91BC942}") = "SchedulingLabShell", "Projects\Research\SchedulingLabShell\SchedulingLabShell.vcxproj", "{5AB62736-5409-4565-8F3B-CFADDFCD1FC1}"
EndProject
Project("{2150E333-8FDC-42A3-9474-1A3956D46DE8}") = "Misc", "Misc", "{6E7F6A13-43FE-4F3A-893C-D4E07BD48C6F}"
EndProject
Project("{8BC9CEB8-8B4A-11D0-8D11-00A0C91BC942}") = "GeneticAlgorithm", "Modules\Usagi\Modules\Misc\GeneticAlgorithm\GeneticAlgorithm.vcxproj", "{D2FED5D0-0DA4-48AC-B990-28AB9CB89A04}"
EndProject
Project("{8BC9CEB8-8B4A-11D0-8D11-00A0C91BC942}") = "ExprSchedulingGurobi", "Projects\Research\ExprSchedulingGurobi\ExprSchedulingGurobi.vcxproj", "{54354AEC-3D49-44F1-8CF5-B53C13718659}"
EndProject
Project("{8BC9CEB8-8B4A-11D0-8D11-00A0C91BC942}") = "ExprSchedulingGurobiEnergy", "Projects\Research\ExprSchedulingGurobiEnergy\ExprSchedulingGurobiEnergy.vcxproj", "{490CAFE0-FA5F-47B8-9A77-6CC2D8FB68F0}"
EndProject
Project("{8BC9CEB8-8B4A-11D0-8D11-00A0C91BC942}") = "ExprInstanceSelector", "Projects\Research\ExprInstanceSelector\ExprInstanceSelector.vcxproj", "{39E2D1AD-6C10-4066-8A74-F9DAEA8566B4}"
EndProject
Project("{8BC9CEB8-8B4A-11D0-8D11-00A0C91BC942}") = "Executive", "Modules\Usagi\Modules\Runtime\Executive\Executive.vcxproj", "{345CDBB7-1EC3-4E1C-AD4F-856A774430F5}"
EndProject
Project("{8BC9CEB8-8B4A-11D0-8D11-00A0C91BC942}") = "Graphics", "Modules\Usagi\Modules\IO\Graphics\Graphics.vcxproj", "{5AE8F2DA-6B3E-4492-A009-112A62B056BE}"
EndProject
Project("{8BC9CEB8-8B4A-11D0-8D11-00A0C91BC942}") = "DemoHelloSwapchain", "Demos\DemoHelloSwapchain\DemoHelloSwapchain.vcxproj", "{0A7202F2-BEC1-4B26-9088-9ADD57C9C5D9}"
EndProject
Project("{8BC9CEB8-8B4A-11D0-8D11-00A0C91BC942}") = "Color", "Modules\Usagi\Modules\Common\Color\Color.vcxproj", "{EB6C6B93-5B69-4056-A2ED-829F0F2FC4DE}"
EndProject
Project("{8BC9CEB8-8B4A-11D0-8D11-00A0C91BC942}") = "VulkanWSIWin32", "Modules\Usagi\Modules\Platforms\VulkanWSIWin32\VulkanWSIWin32.vcxproj", "{834D7749-E81F-4BE5-B397-7BF1C7703502}"
EndProject
Project("{8BC9CEB8-8B4A-11D0-8D11-00A0C91BC942}") = "WindowSystemIntegration", "Modules\Usagi\Modules\IO\WindowSystemIntegration\WindowSystemIntegration.vcxproj", "{07B96122-1EB3-49FA-B509-BC227D280CF8}"
EndProject
Project("{8BC9CEB8-8B4A-11D0-8D11-00A0C91BC942}") = "DemoGraphicsInit", "Demos\DemoGraphicsInit\DemoGraphicsInit.vcxproj", "{08E18B5C-14A4-4D4E-996D-1893279566B5}"
EndProject
Project("{8BC9CEB8-8B4A-11D0-8D11-00A0C91BC942}") = "Scripting", "Modules\Usagi\Modules\Gameplay\Scripting\Scripting.vcxproj", "{91A86BC8-9842-421C-B752-9E70F9C8DA62}"
EndProject
Project("{8BC9CEB8-8B4A-11D0-8D11-00A0C91BC942}") = "DemoScripting", "Demos\DemoScripting\DemoScripting.vcxproj", "{632D0B20-BC2A-4186-9285-A2FE3723B83F}"
EndProject
Project("{8BC9CEB8-8B4A-11D0-8D11-00A0C91BC942}") = "ProgramModule", "Modules\Usagi\Modules\Runtime\ProgramModule\ProgramModule.vcxproj", "{E5B7E645-8062-4B01-AF1C-CF462B608A6B}"
EndProject
Project("{2150E333-8FDC-42A3-9474-1A3956D46DE8}") = "Runtime", "Runtime", "{1A003260-AFBF-43CE-931F-97701E3A8388}"
EndProject
Project("{2150E333-8FDC-42A3-9474-1A3956D46DE8}") = "Gameplay", "Gameplay", "{5862D414-5DF1-4915-860C-436FBEADD642}"
EndProject
Project("{2150E333-8FDC-42A3-9474-1A3956D46DE8}") = "Demo (Not Working)", "Demo (Not Working)", "{D34914DD-EA38-420D-8045-DC55A89BD524}"
EndProject
Project("{2150E333-8FDC-42A3-9474-1A3956D46DE8}") = "Asset Handlers", "Asset Handlers", "{4EF5DA70-711B-4818-A091-4758B214B891}"
EndProject
Project("{8BC9CEB8-8B4A-11D0-8D11-00A0C91BC942}") = "SahProgramModule", "Modules\Usagi\Modules\Assets\SahProgramModule\SahProgramModule.vcxproj", "{10C7F91A-9061-4691-A5DE-C115BCC5CF50}"
EndProject
Global
	GlobalSection(SolutionConfigurationPlatforms) = preSolution
		Debug|x64 = Debug|x64
		Release|x64 = Release|x64
	EndGlobalSection
	GlobalSection(ProjectConfigurationPlatforms) = postSolution
		{F9061C06-BCE6-416B-9AEB-31351810B7BA}.Debug|x64.ActiveCfg = Debug|x64
		{F9061C06-BCE6-416B-9AEB-31351810B7BA}.Debug|x64.Build.0 = Debug|x64
		{F9061C06-BCE6-416B-9AEB-31351810B7BA}.Release|x64.ActiveCfg = Release|x64
		{F9061C06-BCE6-416B-9AEB-31351810B7BA}.Release|x64.Build.0 = Release|x64
		{E5156A69-E62C-48B3-BCAF-28C58A8F4D0A}.Debug|x64.ActiveCfg = Debug|x64
		{E5156A69-E62C-48B3-BCAF-28C58A8F4D0A}.Debug|x64.Build.0 = Debug|x64
		{E5156A69-E62C-48B3-BCAF-28C58A8F4D0A}.Release|x64.ActiveCfg = Release|x64
		{E5156A69-E62C-48B3-BCAF-28C58A8F4D0A}.Release|x64.Build.0 = Release|x64
		{CD325DEF-B361-4CC5-87AC-BF51588DBF2D}.Debug|x64.ActiveCfg = Debug|x64
		{CD325DEF-B361-4CC5-87AC-BF51588DBF2D}.Debug|x64.Build.0 = Debug|x64
		{CD325DEF-B361-4CC5-87AC-BF51588DBF2D}.Release|x64.ActiveCfg = Release|x64
		{CD325DEF-B361-4CC5-87AC-BF51588DBF2D}.Release|x64.Build.0 = Release|x64
		{D4E79012-D153-40C0-B62D-FC9B31495442}.Debug|x64.ActiveCfg = Debug|x64
		{D4E79012-D153-40C0-B62D-FC9B31495442}.Debug|x64.Build.0 = Debug|x64
		{D4E79012-D153-40C0-B62D-FC9B31495442}.Release|x64.ActiveCfg = Release|x64
		{D4E79012-D153-40C0-B62D-FC9B31495442}.Release|x64.Build.0 = Release|x64
		{61C2C8D3-D6D1-4BEA-B122-43142579BA35}.Debug|x64.ActiveCfg = Debug|x64
		{61C2C8D3-D6D1-4BEA-B122-43142579BA35}.Debug|x64.Build.0 = Debug|x64
		{61C2C8D3-D6D1-4BEA-B122-43142579BA35}.Release|x64.ActiveCfg = Release|x64
		{61C2C8D3-D6D1-4BEA-B122-43142579BA35}.Release|x64.Build.0 = Release|x64
		{BA6B6731-DFA8-4DA0-B121-D3D8D584B001}.Debug|x64.ActiveCfg = Debug|x64
		{BA6B6731-DFA8-4DA0-B121-D3D8D584B001}.Debug|x64.Build.0 = Debug|x64
		{BA6B6731-DFA8-4DA0-B121-D3D8D584B001}.Release|x64.ActiveCfg = Release|x64
		{BA6B6731-DFA8-4DA0-B121-D3D8D584B001}.Release|x64.Build.0 = Release|x64
		{8722E8A6-DDC8-4283-8DFF-45CD15E7DC6F}.Debug|x64.ActiveCfg = Debug|x64
		{8722E8A6-DDC8-4283-8DFF-45CD15E7DC6F}.Debug|x64.Build.0 = Debug|x64
		{8722E8A6-DDC8-4283-8DFF-45CD15E7DC6F}.Release|x64.ActiveCfg = Release|x64
		{8722E8A6-DDC8-4283-8DFF-45CD15E7DC6F}.Release|x64.Build.0 = Release|x64
		{6B4C9E13-3C5D-41CD-A662-A784AF79F5EE}.Debug|x64.ActiveCfg = Debug|x64
		{6B4C9E13-3C5D-41CD-A662-A784AF79F5EE}.Debug|x64.Build.0 = Debug|x64
		{6B4C9E13-3C5D-41CD-A662-A784AF79F5EE}.Release|x64.ActiveCfg = Release|x64
		{6B4C9E13-3C5D-41CD-A662-A784AF79F5EE}.Release|x64.Build.0 = Release|x64
		{5B167DC3-FF65-41DF-80EE-A560886D7FE0}.Debug|x64.ActiveCfg = Debug|x64
		{5B167DC3-FF65-41DF-80EE-A560886D7FE0}.Debug|x64.Build.0 = Debug|x64
		{5B167DC3-FF65-41DF-80EE-A560886D7FE0}.Release|x64.ActiveCfg = Release|x64
		{5B167DC3-FF65-41DF-80EE-A560886D7FE0}.Release|x64.Build.0 = Release|x64
		{3F90F3B3-72A5-49CF-BF0B-07487223F574}.Debug|x64.ActiveCfg = Debug|x64
		{3F90F3B3-72A5-49CF-BF0B-07487223F574}.Debug|x64.Build.0 = Debug|x64
		{3F90F3B3-72A5-49CF-BF0B-07487223F574}.Release|x64.ActiveCfg = Release|x64
		{3F90F3B3-72A5-49CF-BF0B-07487223F574}.Release|x64.Build.0 = Release|x64
		{4F03F122-0B6A-4C8A-A912-01EE5641D246}.Debug|x64.ActiveCfg = Debug|x64
		{4F03F122-0B6A-4C8A-A912-01EE5641D246}.Debug|x64.Build.0 = Debug|x64
		{4F03F122-0B6A-4C8A-A912-01EE5641D246}.Release|x64.ActiveCfg = Release|x64
		{4F03F122-0B6A-4C8A-A912-01EE5641D246}.Release|x64.Build.0 = Release|x64
		{F7A80961-EAB1-4455-B6F2-6C280549E8EE}.Debug|x64.ActiveCfg = Debug|x64
		{F7A80961-EAB1-4455-B6F2-6C280549E8EE}.Debug|x64.Build.0 = Debug|x64
		{F7A80961-EAB1-4455-B6F2-6C280549E8EE}.Release|x64.ActiveCfg = Release|x64
		{F7A80961-EAB1-4455-B6F2-6C280549E8EE}.Release|x64.Build.0 = Release|x64
		{10D4CDAE-AF65-443B-9B55-B69DF086B883}.Debug|x64.ActiveCfg = Debug|x64
		{10D4CDAE-AF65-443B-9B55-B69DF086B883}.Debug|x64.Build.0 = Debug|x64
		{10D4CDAE-AF65-443B-9B55-B69DF086B883}.Release|x64.ActiveCfg = Release|x64
		{10D4CDAE-AF65-443B-9B55-B69DF086B883}.Release|x64.Build.0 = Release|x64
		{C5FCECEA-F915-4F47-A239-43FA19A10A5F}.Debug|x64.ActiveCfg = Debug|x64
		{C5FCECEA-F915-4F47-A239-43FA19A10A5F}.Debug|x64.Build.0 = Debug|x64
		{C5FCECEA-F915-4F47-A239-43FA19A10A5F}.Release|x64.ActiveCfg = Release|x64
		{C5FCECEA-F915-4F47-A239-43FA19A10A5F}.Release|x64.Build.0 = Release|x64
		{12AAD8C0-60D9-4F0B-ADEB-33F22FBF64F6}.Debug|x64.ActiveCfg = Debug|x64
		{12AAD8C0-60D9-4F0B-ADEB-33F22FBF64F6}.Debug|x64.Build.0 = Debug|x64
		{12AAD8C0-60D9-4F0B-ADEB-33F22FBF64F6}.Release|x64.ActiveCfg = Release|x64
		{12AAD8C0-60D9-4F0B-ADEB-33F22FBF64F6}.Release|x64.Build.0 = Release|x64
		{5E8BCA7F-B6C0-49C5-BE85-C417CE977DE7}.Debug|x64.ActiveCfg = Debug|x64
		{5E8BCA7F-B6C0-49C5-BE85-C417CE977DE7}.Debug|x64.Build.0 = Debug|x64
		{5E8BCA7F-B6C0-49C5-BE85-C417CE977DE7}.Release|x64.ActiveCfg = Release|x64
		{5E8BCA7F-B6C0-49C5-BE85-C417CE977DE7}.Release|x64.Build.0 = Release|x64
		{E51EE650-B088-4940-BEE6-108C8A0ED508}.Debug|x64.ActiveCfg = Debug|x64
		{E51EE650-B088-4940-BEE6-108C8A0ED508}.Debug|x64.Build.0 = Debug|x64
		{E51EE650-B088-4940-BEE6-108C8A0ED508}.Release|x64.ActiveCfg = Release|x64
		{E51EE650-B088-4940-BEE6-108C8A0ED508}.Release|x64.Build.0 = Release|x64
		{BDF27242-7A3C-4DD2-B7C8-62962C96CA08}.Debug|x64.ActiveCfg = Debug|x64
		{BDF27242-7A3C-4DD2-B7C8-62962C96CA08}.Debug|x64.Build.0 = Debug|x64
		{BDF27242-7A3C-4DD2-B7C8-62962C96CA08}.Release|x64.ActiveCfg = Release|x64
		{BDF27242-7A3C-4DD2-B7C8-62962C96CA08}.Release|x64.Build.0 = Release|x64
		{2E17D608-0DD9-431F-8BDE-01A282310DB1}.Debug|x64.ActiveCfg = Debug|x64
		{2E17D608-0DD9-431F-8BDE-01A282310DB1}.Debug|x64.Build.0 = Debug|x64
		{2E17D608-0DD9-431F-8BDE-01A282310DB1}.Release|x64.ActiveCfg = Release|x64
		{2E17D608-0DD9-431F-8BDE-01A282310DB1}.Release|x64.Build.0 = Release|x64
		{C87B711A-0036-4D0E-AA0B-501677F198FD}.Debug|x64.ActiveCfg = Debug|x64
		{C87B711A-0036-4D0E-AA0B-501677F198FD}.Debug|x64.Build.0 = Debug|x64
		{C87B711A-0036-4D0E-AA0B-501677F198FD}.Release|x64.ActiveCfg = Release|x64
		{C87B711A-0036-4D0E-AA0B-501677F198FD}.Release|x64.Build.0 = Release|x64
		{96949645-B59C-40FA-87B1-3573253DABE9}.Debug|x64.ActiveCfg = Debug|x64
		{96949645-B59C-40FA-87B1-3573253DABE9}.Debug|x64.Build.0 = Debug|x64
		{96949645-B59C-40FA-87B1-3573253DABE9}.Release|x64.ActiveCfg = Release|x64
		{96949645-B59C-40FA-87B1-3573253DABE9}.Release|x64.Build.0 = Release|x64
		{E13613A3-B719-4BC5-991A-507402D14C25}.Debug|x64.ActiveCfg = Debug|x64
		{E13613A3-B719-4BC5-991A-507402D14C25}.Debug|x64.Build.0 = Debug|x64
		{E13613A3-B719-4BC5-991A-507402D14C25}.Release|x64.ActiveCfg = Release|x64
		{E13613A3-B719-4BC5-991A-507402D14C25}.Release|x64.Build.0 = Release|x64
		{3D4E3561-33CD-4642-90B3-066396B7305B}.Debug|x64.ActiveCfg = Debug|x64
		{3D4E3561-33CD-4642-90B3-066396B7305B}.Debug|x64.Build.0 = Debug|x64
		{3D4E3561-33CD-4642-90B3-066396B7305B}.Release|x64.ActiveCfg = Release|x64
		{3D4E3561-33CD-4642-90B3-066396B7305B}.Release|x64.Build.0 = Release|x64
		{2D0CB381-DC92-45DB-B74B-B772EBED5E46}.Debug|x64.ActiveCfg = Debug|x64
		{2D0CB381-DC92-45DB-B74B-B772EBED5E46}.Debug|x64.Build.0 = Debug|x64
		{2D0CB381-DC92-45DB-B74B-B772EBED5E46}.Release|x64.ActiveCfg = Release|x64
		{2D0CB381-DC92-45DB-B74B-B772EBED5E46}.Release|x64.Build.0 = Release|x64
		{11F17698-27E6-45A3-97F5-5317ECD2301E}.Debug|x64.ActiveCfg = Debug|x64
		{11F17698-27E6-45A3-97F5-5317ECD2301E}.Debug|x64.Build.0 = Debug|x64
		{11F17698-27E6-45A3-97F5-5317ECD2301E}.Release|x64.ActiveCfg = Release|x64
		{11F17698-27E6-45A3-97F5-5317ECD2301E}.Release|x64.Build.0 = Release|x64
		{65BB9A32-5BA4-44D6-9CBF-D06A8FDB3E15}.Debug|x64.ActiveCfg = Debug|x64
		{65BB9A32-5BA4-44D6-9CBF-D06A8FDB3E15}.Debug|x64.Build.0 = Debug|x64
		{65BB9A32-5BA4-44D6-9CBF-D06A8FDB3E15}.Release|x64.ActiveCfg = Release|x64
		{65BB9A32-5BA4-44D6-9CBF-D06A8FDB3E15}.Release|x64.Build.0 = Release|x64
		{5F518671-FC41-45A5-8784-109A5684FCFE}.Debug|x64.ActiveCfg = Debug|x64
		{5F518671-FC41-45A5-8784-109A5684FCFE}.Debug|x64.Build.0 = Debug|x64
		{5F518671-FC41-45A5-8784-109A5684FCFE}.Release|x64.ActiveCfg = Release|x64
		{5F518671-FC41-45A5-8784-109A5684FCFE}.Release|x64.Build.0 = Release|x64
		{F893AD32-FB9E-4947-8185-752666D3FECB}.Debug|x64.ActiveCfg = Debug|x64
		{F893AD32-FB9E-4947-8185-752666D3FECB}.Debug|x64.Build.0 = Debug|x64
		{F893AD32-FB9E-4947-8185-752666D3FECB}.Release|x64.ActiveCfg = Release|x64
		{F893AD32-FB9E-4947-8185-752666D3FECB}.Release|x64.Build.0 = Release|x64
		{5A4A3E6D-D824-44CD-8464-CA8FCB8F52F1}.Debug|x64.ActiveCfg = Debug|x64
		{5A4A3E6D-D824-44CD-8464-CA8FCB8F52F1}.Debug|x64.Build.0 = Debug|x64
		{5A4A3E6D-D824-44CD-8464-CA8FCB8F52F1}.Release|x64.ActiveCfg = Release|x64
		{5A4A3E6D-D824-44CD-8464-CA8FCB8F52F1}.Release|x64.Build.0 = Release|x64
		{3248DEB0-CA9F-4E30-9396-E6C64DE14AF2}.Debug|x64.ActiveCfg = Debug|x64
		{3248DEB0-CA9F-4E30-9396-E6C64DE14AF2}.Debug|x64.Build.0 = Debug|x64
		{3248DEB0-CA9F-4E30-9396-E6C64DE14AF2}.Release|x64.ActiveCfg = Release|x64
		{3248DEB0-CA9F-4E30-9396-E6C64DE14AF2}.Release|x64.Build.0 = Release|x64
		{348BA8EA-703A-493E-ADBF-B56ED44BF5E3}.Debug|x64.ActiveCfg = Debug|x64
		{348BA8EA-703A-493E-ADBF-B56ED44BF5E3}.Debug|x64.Build.0 = Debug|x64
		{348BA8EA-703A-493E-ADBF-B56ED44BF5E3}.Release|x64.ActiveCfg = Release|x64
		{348BA8EA-703A-493E-ADBF-B56ED44BF5E3}.Release|x64.Build.0 = Release|x64
		{B574B8B8-31A2-4BB6-BC53-499FC722E51F}.Debug|x64.ActiveCfg = Debug|x64
		{B574B8B8-31A2-4BB6-BC53-499FC722E51F}.Debug|x64.Build.0 = Debug|x64
		{B574B8B8-31A2-4BB6-BC53-499FC722E51F}.Release|x64.ActiveCfg = Release|x64
		{B574B8B8-31A2-4BB6-BC53-499FC722E51F}.Release|x64.Build.0 = Release|x64
		{927E88F9-CD0A-4E86-9313-530F77524F06}.Debug|x64.ActiveCfg = Debug|x64
		{927E88F9-CD0A-4E86-9313-530F77524F06}.Debug|x64.Build.0 = Debug|x64
		{927E88F9-CD0A-4E86-9313-530F77524F06}.Release|x64.ActiveCfg = Release|x64
		{927E88F9-CD0A-4E86-9313-530F77524F06}.Release|x64.Build.0 = Release|x64
		{DD3E3D9D-EADE-46C8-ABFE-4B1D81509300}.Debug|x64.ActiveCfg = Debug|x64
		{DD3E3D9D-EADE-46C8-ABFE-4B1D81509300}.Debug|x64.Build.0 = Debug|x64
		{DD3E3D9D-EADE-46C8-ABFE-4B1D81509300}.Release|x64.ActiveCfg = Release|x64
		{DD3E3D9D-EADE-46C8-ABFE-4B1D81509300}.Release|x64.Build.0 = Release|x64
		{5AB62736-5409-4565-8F3B-CFADDFCD1FC1}.Debug|x64.ActiveCfg = Debug|x64
		{5AB62736-5409-4565-8F3B-CFADDFCD1FC1}.Debug|x64.Build.0 = Debug|x64
		{5AB62736-5409-4565-8F3B-CFADDFCD1FC1}.Release|x64.ActiveCfg = Release|x64
		{5AB62736-5409-4565-8F3B-CFADDFCD1FC1}.Release|x64.Build.0 = Release|x64
		{D2FED5D0-0DA4-48AC-B990-28AB9CB89A04}.Debug|x64.ActiveCfg = Debug|x64
		{D2FED5D0-0DA4-48AC-B990-28AB9CB89A04}.Debug|x64.Build.0 = Debug|x64
		{D2FED5D0-0DA4-48AC-B990-28AB9CB89A04}.Release|x64.ActiveCfg = Release|x64
		{D2FED5D0-0DA4-48AC-B990-28AB9CB89A04}.Release|x64.Build.0 = Release|x64
		{54354AEC-3D49-44F1-8CF5-B53C13718659}.Debug|x64.ActiveCfg = Debug|x64
		{54354AEC-3D49-44F1-8CF5-B53C13718659}.Debug|x64.Build.0 = Debug|x64
		{54354AEC-3D49-44F1-8CF5-B53C13718659}.Release|x64.ActiveCfg = Release|x64
		{54354AEC-3D49-44F1-8CF5-B53C13718659}.Release|x64.Build.0 = Release|x64
		{490CAFE0-FA5F-47B8-9A77-6CC2D8FB68F0}.Debug|x64.ActiveCfg = Debug|x64
		{490CAFE0-FA5F-47B8-9A77-6CC2D8FB68F0}.Debug|x64.Build.0 = Debug|x64
		{490CAFE0-FA5F-47B8-9A77-6CC2D8FB68F0}.Release|x64.ActiveCfg = Release|x64
		{490CAFE0-FA5F-47B8-9A77-6CC2D8FB68F0}.Release|x64.Build.0 = Release|x64
		{39E2D1AD-6C10-4066-8A74-F9DAEA8566B4}.Debug|x64.ActiveCfg = Debug|x64
		{39E2D1AD-6C10-4066-8A74-F9DAEA8566B4}.Debug|x64.Build.0 = Debug|x64
		{39E2D1AD-6C10-4066-8A74-F9DAEA8566B4}.Release|x64.ActiveCfg = Release|x64
		{39E2D1AD-6C10-4066-8A74-F9DAEA8566B4}.Release|x64.Build.0 = Release|x64
		{345CDBB7-1EC3-4E1C-AD4F-856A774430F5}.Debug|x64.ActiveCfg = Debug|x64
		{345CDBB7-1EC3-4E1C-AD4F-856A774430F5}.Debug|x64.Build.0 = Debug|x64
		{345CDBB7-1EC3-4E1C-AD4F-856A774430F5}.Release|x64.ActiveCfg = Release|x64
		{345CDBB7-1EC3-4E1C-AD4F-856A774430F5}.Release|x64.Build.0 = Release|x64
		{5AE8F2DA-6B3E-4492-A009-112A62B056BE}.Debug|x64.ActiveCfg = Debug|x64
		{5AE8F2DA-6B3E-4492-A009-112A62B056BE}.Debug|x64.Build.0 = Debug|x64
		{5AE8F2DA-6B3E-4492-A009-112A62B056BE}.Release|x64.ActiveCfg = Release|x64
		{5AE8F2DA-6B3E-4492-A009-112A62B056BE}.Release|x64.Build.0 = Release|x64
		{0A7202F2-BEC1-4B26-9088-9ADD57C9C5D9}.Debug|x64.ActiveCfg = Debug|x64
		{0A7202F2-BEC1-4B26-9088-9ADD57C9C5D9}.Debug|x64.Build.0 = Debug|x64
		{0A7202F2-BEC1-4B26-9088-9ADD57C9C5D9}.Release|x64.ActiveCfg = Release|x64
		{0A7202F2-BEC1-4B26-9088-9ADD57C9C5D9}.Release|x64.Build.0 = Release|x64
		{EB6C6B93-5B69-4056-A2ED-829F0F2FC4DE}.Debug|x64.ActiveCfg = Debug|x64
		{EB6C6B93-5B69-4056-A2ED-829F0F2FC4DE}.Debug|x64.Build.0 = Debug|x64
		{EB6C6B93-5B69-4056-A2ED-829F0F2FC4DE}.Release|x64.ActiveCfg = Release|x64
		{EB6C6B93-5B69-4056-A2ED-829F0F2FC4DE}.Release|x64.Build.0 = Release|x64
		{834D7749-E81F-4BE5-B397-7BF1C7703502}.Debug|x64.ActiveCfg = Debug|x64
		{834D7749-E81F-4BE5-B397-7BF1C7703502}.Debug|x64.Build.0 = Debug|x64
		{834D7749-E81F-4BE5-B397-7BF1C7703502}.Release|x64.ActiveCfg = Release|x64
		{834D7749-E81F-4BE5-B397-7BF1C7703502}.Release|x64.Build.0 = Release|x64
		{07B96122-1EB3-49FA-B509-BC227D280CF8}.Debug|x64.ActiveCfg = Debug|x64
		{07B96122-1EB3-49FA-B509-BC227D280CF8}.Debug|x64.Build.0 = Debug|x64
		{07B96122-1EB3-49FA-B509-BC227D280CF8}.Release|x64.ActiveCfg = Release|x64
		{07B96122-1EB3-49FA-B509-BC227D280CF8}.Release|x64.Build.0 = Release|x64
		{08E18B5C-14A4-4D4E-996D-1893279566B5}.Debug|x64.ActiveCfg = Debug|x64
		{08E18B5C-14A4-4D4E-996D-1893279566B5}.Debug|x64.Build.0 = Debug|x64
		{08E18B5C-14A4-4D4E-996D-1893279566B5}.Release|x64.ActiveCfg = Release|x64
		{08E18B5C-14A4-4D4E-996D-1893279566B5}.Release|x64.Build.0 = Release|x64
		{91A86BC8-9842-421C-B752-9E70F9C8DA62}.Debug|x64.ActiveCfg = Debug|x64
		{91A86BC8-9842-421C-B752-9E70F9C8DA62}.Debug|x64.Build.0 = Debug|x64
		{91A86BC8-9842-421C-B752-9E70F9C8DA62}.Release|x64.ActiveCfg = Release|x64
		{91A86BC8-9842-421C-B752-9E70F9C8DA62}.Release|x64.Build.0 = Release|x64
		{632D0B20-BC2A-4186-9285-A2FE3723B83F}.Debug|x64.ActiveCfg = Debug|x64
		{632D0B20-BC2A-4186-9285-A2FE3723B83F}.Debug|x64.Build.0 = Debug|x64
		{632D0B20-BC2A-4186-9285-A2FE3723B83F}.Release|x64.ActiveCfg = Release|x64
		{632D0B20-BC2A-4186-9285-A2FE3723B83F}.Release|x64.Build.0 = Release|x64
		{E5B7E645-8062-4B01-AF1C-CF462B608A6B}.Debug|x64.ActiveCfg = Debug|x64
		{E5B7E645-8062-4B01-AF1C-CF462B608A6B}.Debug|x64.Build.0 = Debug|x64
		{E5B7E645-8062-4B01-AF1C-CF462B608A6B}.Release|x64.ActiveCfg = Release|x64
		{E5B7E645-8062-4B01-AF1C-CF462B608A6B}.Release|x64.Build.0 = Release|x64
		{10C7F91A-9061-4691-A5DE-C115BCC5CF50}.Debug|x64.ActiveCfg = Debug|x64
		{10C7F91A-9061-4691-A5DE-C115BCC5CF50}.Debug|x64.Build.0 = Debug|x64
		{10C7F91A-9061-4691-A5DE-C115BCC5CF50}.Release|x64.ActiveCfg = Release|x64
		{10C7F91A-9061-4691-A5DE-C115BCC5CF50}.Release|x64.Build.0 = Release|x64
	EndGlobalSection
	GlobalSection(SolutionProperties) = preSolution
		HideSolutionNode = FALSE
	EndGlobalSection
	GlobalSection(NestedProjects) = preSolution
		{F9061C06-BCE6-416B-9AEB-31351810B7BA} = {7A81D063-1E2A-4FCB-99ED-0CEA3A560A18}
		{DBE5D443-8D6F-4F18-A8A9-241081973759} = {9559A8F8-B193-446D-AB8C-B58EF35F5471}
		{7A81D063-1E2A-4FCB-99ED-0CEA3A560A18} = {9559A8F8-B193-446D-AB8C-B58EF35F5471}
		{E5156A69-E62C-48B3-BCAF-28C58A8F4D0A} = {AF06B800-9AF4-4394-9AF1-159D9780A1F9}
		{305267B2-9771-491E-9BAF-28199ADC0C0D} = {DBE5D443-8D6F-4F18-A8A9-241081973759}
		{CD325DEF-B361-4CC5-87AC-BF51588DBF2D} = {305267B2-9771-491E-9BAF-28199ADC0C0D}
		{9EC6E5B0-35C0-4893-8596-B6B51F34D86F} = {DBE5D443-8D6F-4F18-A8A9-241081973759}
		{D4E79012-D153-40C0-B62D-FC9B31495442} = {9EC6E5B0-35C0-4893-8596-B6B51F34D86F}
		{61C2C8D3-D6D1-4BEA-B122-43142579BA35} = {9EC6E5B0-35C0-4893-8596-B6B51F34D86F}
		{89525759-D6EE-4F0D-A057-C3E646B562BD} = {DBE5D443-8D6F-4F18-A8A9-241081973759}
		{BA6B6731-DFA8-4DA0-B121-D3D8D584B001} = {305267B2-9771-491E-9BAF-28199ADC0C0D}
		{8722E8A6-DDC8-4283-8DFF-45CD15E7DC6F} = {1A003260-AFBF-43CE-931F-97701E3A8388}
		{6B4C9E13-3C5D-41CD-A662-A784AF79F5EE} = {AF06B800-9AF4-4394-9AF1-159D9780A1F9}
		{5B167DC3-FF65-41DF-80EE-A560886D7FE0} = {D34914DD-EA38-420D-8045-DC55A89BD524}
		{3F90F3B3-72A5-49CF-BF0B-07487223F574} = {B72323FA-DADE-40B0-9BE8-37F7469DE8E1}
		{4F03F122-0B6A-4C8A-A912-01EE5641D246} = {035FC5B9-C2D6-4678-A46A-6D60B97E6BE2}
		{F7A80961-EAB1-4455-B6F2-6C280549E8EE} = {D34914DD-EA38-420D-8045-DC55A89BD524}
		{0F6732F7-0DD8-4286-B90C-88F0EE23F5F7} = {DBE5D443-8D6F-4F18-A8A9-241081973759}
		{10D4CDAE-AF65-443B-9B55-B69DF086B883} = {9EC6E5B0-35C0-4893-8596-B6B51F34D86F}
		{C5FCECEA-F915-4F47-A239-43FA19A10A5F} = {0F6732F7-0DD8-4286-B90C-88F0EE23F5F7}
		{12AAD8C0-60D9-4F0B-ADEB-33F22FBF64F6} = {9EC6E5B0-35C0-4893-8596-B6B51F34D86F}
		{5E8BCA7F-B6C0-49C5-BE85-C417CE977DE7} = {B72323FA-DADE-40B0-9BE8-37F7469DE8E1}
		{E51EE650-B088-4940-BEE6-108C8A0ED508} = {305267B2-9771-491E-9BAF-28199ADC0C0D}
		{BDF27242-7A3C-4DD2-B7C8-62962C96CA08} = {89525759-D6EE-4F0D-A057-C3E646B562BD}
		{2E17D608-0DD9-431F-8BDE-01A282310DB1} = {D34914DD-EA38-420D-8045-DC55A89BD524}
		{C87B711A-0036-4D0E-AA0B-501677F198FD} = {89525759-D6EE-4F0D-A057-C3E646B562BD}
		{96949645-B59C-40FA-87B1-3573253DABE9} = {AF06B800-9AF4-4394-9AF1-159D9780A1F9}
		{E13613A3-B719-4BC5-991A-507402D14C25} = {1A003260-AFBF-43CE-931F-97701E3A8388}
		{3D4E3561-33CD-4642-90B3-066396B7305B} = {9EC6E5B0-35C0-4893-8596-B6B51F34D86F}
		{2D0CB381-DC92-45DB-B74B-B772EBED5E46} = {D34914DD-EA38-420D-8045-DC55A89BD524}
		{11F17698-27E6-45A3-97F5-5317ECD2301E} = {7EA0ABB3-1ACC-4A0F-9B0D-C5A883D35A7A}
		{65BB9A32-5BA4-44D6-9CBF-D06A8FDB3E15} = {B72323FA-DADE-40B0-9BE8-37F7469DE8E1}
		{5F518671-FC41-45A5-8784-109A5684FCFE} = {7EA0ABB3-1ACC-4A0F-9B0D-C5A883D35A7A}
		{F893AD32-FB9E-4947-8185-752666D3FECB} = {7EA0ABB3-1ACC-4A0F-9B0D-C5A883D35A7A}
		{5A4A3E6D-D824-44CD-8464-CA8FCB8F52F1} = {B72323FA-DADE-40B0-9BE8-37F7469DE8E1}
		{3248DEB0-CA9F-4E30-9396-E6C64DE14AF2} = {9EC6E5B0-35C0-4893-8596-B6B51F34D86F}
		{348BA8EA-703A-493E-ADBF-B56ED44BF5E3} = {B72323FA-DADE-40B0-9BE8-37F7469DE8E1}
		{B574B8B8-31A2-4BB6-BC53-499FC722E51F} = {B72323FA-DADE-40B0-9BE8-37F7469DE8E1}
		{927E88F9-CD0A-4E86-9313-530F77524F06} = {7EA0ABB3-1ACC-4A0F-9B0D-C5A883D35A7A}
		{DD3E3D9D-EADE-46C8-ABFE-4B1D81509300} = {D34914DD-EA38-420D-8045-DC55A89BD524}
		{5AB62736-5409-4565-8F3B-CFADDFCD1FC1} = {7EA0ABB3-1ACC-4A0F-9B0D-C5A883D35A7A}
		{6E7F6A13-43FE-4F3A-893C-D4E07BD48C6F} = {DBE5D443-8D6F-4F18-A8A9-241081973759}
		{D2FED5D0-0DA4-48AC-B990-28AB9CB89A04} = {6E7F6A13-43FE-4F3A-893C-D4E07BD48C6F}
		{54354AEC-3D49-44F1-8CF5-B53C13718659} = {7EA0ABB3-1ACC-4A0F-9B0D-C5A883D35A7A}
		{490CAFE0-FA5F-47B8-9A77-6CC2D8FB68F0} = {7EA0ABB3-1ACC-4A0F-9B0D-C5A883D35A7A}
		{39E2D1AD-6C10-4066-8A74-F9DAEA8566B4} = {7EA0ABB3-1ACC-4A0F-9B0D-C5A883D35A7A}
		{345CDBB7-1EC3-4E1C-AD4F-856A774430F5} = {1A003260-AFBF-43CE-931F-97701E3A8388}
		{5AE8F2DA-6B3E-4492-A009-112A62B056BE} = {89525759-D6EE-4F0D-A057-C3E646B562BD}
		{0A7202F2-BEC1-4B26-9088-9ADD57C9C5D9} = {AF06B800-9AF4-4394-9AF1-159D9780A1F9}
		{EB6C6B93-5B69-4056-A2ED-829F0F2FC4DE} = {9EC6E5B0-35C0-4893-8596-B6B51F34D86F}
		{834D7749-E81F-4BE5-B397-7BF1C7703502} = {305267B2-9771-491E-9BAF-28199ADC0C0D}
		{07B96122-1EB3-49FA-B509-BC227D280CF8} = {89525759-D6EE-4F0D-A057-C3E646B562BD}
		{08E18B5C-14A4-4D4E-996D-1893279566B5} = {AF06B800-9AF4-4394-9AF1-159D9780A1F9}
		{91A86BC8-9842-421C-B752-9E70F9C8DA62} = {5862D414-5DF1-4915-860C-436FBEADD642}
		{632D0B20-BC2A-4186-9285-A2FE3723B83F} = {AF06B800-9AF4-4394-9AF1-159D9780A1F9}
		{E5B7E645-8062-4B01-AF1C-CF462B608A6B} = {1A003260-AFBF-43CE-931F-97701E3A8388}
		{1A003260-AFBF-43CE-931F-97701E3A8388} = {DBE5D443-8D6F-4F18-A8A9-241081973759}
		{5862D414-5DF1-4915-860C-436FBEADD642} = {DBE5D443-8D6F-4F18-A8A9-241081973759}
		{4EF5DA70-711B-4818-A091-4758B214B891} = {DBE5D443-8D6F-4F18-A8A9-241081973759}
		{10C7F91A-9061-4691-A5DE-C115BCC5CF50} = {4EF5DA70-711B-4818-A091-4758B214B891}
	EndGlobalSection
	GlobalSection(ExtensibilityGlobals) = postSolution
		SolutionGuid = {4AFC375E-4B64-489B-95F7-A922B4A380C3}
	EndGlobalSection
EndGlobal
